// !$*UTF8*$!
{
	archiveVersion = 1;
	classes = {
	};
	objectVersion = 52;
	objects = {

/* Begin PBXBuildFile section */
		D50FE2A4264C34FE0083197B /* UserPageModuleBuilder.swift in Sources */ = {isa = PBXBuildFile; fileRef = D50FE2A3264C34FE0083197B /* UserPageModuleBuilder.swift */; };
		D50FE2A6264C35080083197B /* UserPageView.swift in Sources */ = {isa = PBXBuildFile; fileRef = D50FE2A5264C35080083197B /* UserPageView.swift */; };
		D50FE2A8264C35130083197B /* UserPageViewModel.swift in Sources */ = {isa = PBXBuildFile; fileRef = D50FE2A7264C35130083197B /* UserPageViewModel.swift */; };
		D51B49DE25F4E7E4008ABCBB /* GoogleButton.swift in Sources */ = {isa = PBXBuildFile; fileRef = D51B49DD25F4E7E4008ABCBB /* GoogleButton.swift */; };
		D51B4A0A25F4E9FE008ABCBB /* AppCoordinator.swift in Sources */ = {isa = PBXBuildFile; fileRef = D51B4A0925F4E9FE008ABCBB /* AppCoordinator.swift */; };
		D51B4A0F25F4EA31008ABCBB /* RootCoordinator.swift in Sources */ = {isa = PBXBuildFile; fileRef = D51B4A0E25F4EA31008ABCBB /* RootCoordinator.swift */; };
		D51B4A1925F4EB70008ABCBB /* RootModuleBuilder.swift in Sources */ = {isa = PBXBuildFile; fileRef = D51B4A1825F4EB70008ABCBB /* RootModuleBuilder.swift */; };
		D53D0E0B25F2D1D800E5C2D7 /* Coordinator.swift in Sources */ = {isa = PBXBuildFile; fileRef = D53D0E0A25F2D1D800E5C2D7 /* Coordinator.swift */; };
		D53D0E1525F3B64500E5C2D7 /* CompositeAppDelegate.swift in Sources */ = {isa = PBXBuildFile; fileRef = D53D0E1425F3B64500E5C2D7 /* CompositeAppDelegate.swift */; };
		D53D0E1A25F3B74200E5C2D7 /* GoogleAppDelegate.swift in Sources */ = {isa = PBXBuildFile; fileRef = D53D0E1925F3B74200E5C2D7 /* GoogleAppDelegate.swift */; };
		D53D0E2525F3B96500E5C2D7 /* AppDelegateFactory.swift in Sources */ = {isa = PBXBuildFile; fileRef = D53D0E2425F3B96500E5C2D7 /* AppDelegateFactory.swift */; };
		D53D0E2A25F4150B00E5C2D7 /* UserDefaultsStorage.swift in Sources */ = {isa = PBXBuildFile; fileRef = D53D0E2925F4150B00E5C2D7 /* UserDefaultsStorage.swift */; };
		D53D0E2F25F429C900E5C2D7 /* MainTabView.swift in Sources */ = {isa = PBXBuildFile; fileRef = D53D0E2E25F429C900E5C2D7 /* MainTabView.swift */; };
		D5442BA126809C1400BB1F5A /* LinkDataView.swift in Sources */ = {isa = PBXBuildFile; fileRef = D5442BA026809C1400BB1F5A /* LinkDataView.swift */; };
		D552C8EA25E409A9000E2196 /* AppDelegate.swift in Sources */ = {isa = PBXBuildFile; fileRef = D552C8E925E409A9000E2196 /* AppDelegate.swift */; };
		D552C8EC25E409A9000E2196 /* SceneDelegate.swift in Sources */ = {isa = PBXBuildFile; fileRef = D552C8EB25E409A9000E2196 /* SceneDelegate.swift */; };
		D552C8EE25E409A9000E2196 /* LoginView.swift in Sources */ = {isa = PBXBuildFile; fileRef = D552C8ED25E409A9000E2196 /* LoginView.swift */; };
		D552C8F325E409AB000E2196 /* Assets.xcassets in Resources */ = {isa = PBXBuildFile; fileRef = D552C8F225E409AB000E2196 /* Assets.xcassets */; };
		D552C8F625E409AB000E2196 /* Preview Assets.xcassets in Resources */ = {isa = PBXBuildFile; fileRef = D552C8F525E409AB000E2196 /* Preview Assets.xcassets */; };
		D552C8F925E409AB000E2196 /* LaunchScreen.storyboard in Resources */ = {isa = PBXBuildFile; fileRef = D552C8F725E409AB000E2196 /* LaunchScreen.storyboard */; };
		D552C90425E409AB000E2196 /* WishBookTests.swift in Sources */ = {isa = PBXBuildFile; fileRef = D552C90325E409AB000E2196 /* WishBookTests.swift */; };
		D552C90F25E409AB000E2196 /* WishBookUITests.swift in Sources */ = {isa = PBXBuildFile; fileRef = D552C90E25E409AB000E2196 /* WishBookUITests.swift */; };
		D552C95625E40ED1000E2196 /* GoogleService-Info.plist in Resources */ = {isa = PBXBuildFile; fileRef = D552C95525E40ED1000E2196 /* GoogleService-Info.plist */; };
		D55CC74525F5458A00E5C04F /* ProfileRepository.swift in Sources */ = {isa = PBXBuildFile; fileRef = D55CC74425F5458A00E5C04F /* ProfileRepository.swift */; };
		D55CC74A25F546FC00E5C04F /* ProfileModel.swift in Sources */ = {isa = PBXBuildFile; fileRef = D55CC74925F546FC00E5C04F /* ProfileModel.swift */; };
		D55CC74F25F54BE300E5C04F /* EditProfileView.swift in Sources */ = {isa = PBXBuildFile; fileRef = D55CC74E25F54BE300E5C04F /* EditProfileView.swift */; };
		D55CC75825F5527500E5C04F /* ProfileRouter.swift in Sources */ = {isa = PBXBuildFile; fileRef = D55CC75725F5527500E5C04F /* ProfileRouter.swift */; };
		D55CC75D25F5581E00E5C04F /* EditProfileViewModel.swift in Sources */ = {isa = PBXBuildFile; fileRef = D55CC75C25F5581E00E5C04F /* EditProfileViewModel.swift */; };
		D55CC76525F6565200E5C04F /* EditProfileModuleBuilder.swift in Sources */ = {isa = PBXBuildFile; fileRef = D55CC76425F6565200E5C04F /* EditProfileModuleBuilder.swift */; };
		D55CC76A25F6A15500E5C04F /* DI.swift in Sources */ = {isa = PBXBuildFile; fileRef = D55CC76925F6A15400E5C04F /* DI.swift */; };
		D55CC76F25F6A37100E5C04F /* FirestoreCollection.swift in Sources */ = {isa = PBXBuildFile; fileRef = D55CC76E25F6A37100E5C04F /* FirestoreCollection.swift */; };
		D55CC77B25F6BE3500E5C04F /* WishListRepository.swift in Sources */ = {isa = PBXBuildFile; fileRef = D55CC77A25F6BE3500E5C04F /* WishListRepository.swift */; };
		D55CC78025F6BE7300E5C04F /* WishListModel.swift in Sources */ = {isa = PBXBuildFile; fileRef = D55CC77F25F6BE7300E5C04F /* WishListModel.swift */; };
		D55CC78525F6C0C700E5C04F /* WishListRouter.swift in Sources */ = {isa = PBXBuildFile; fileRef = D55CC78425F6C0C700E5C04F /* WishListRouter.swift */; };
		D55CC78D25F6C66300E5C04F /* WishDetailsViewModel.swift in Sources */ = {isa = PBXBuildFile; fileRef = D55CC78C25F6C66300E5C04F /* WishDetailsViewModel.swift */; };
		D55CC79C25F6C6A100E5C04F /* WishDetailsView.swift in Sources */ = {isa = PBXBuildFile; fileRef = D55CC79B25F6C6A100E5C04F /* WishDetailsView.swift */; };
		D55CC7A125F6C77500E5C04F /* WishDetailsModuleBuilder.swift in Sources */ = {isa = PBXBuildFile; fileRef = D55CC7A025F6C77500E5C04F /* WishDetailsModuleBuilder.swift */; };
		D56B19002602700000F7031C /* LoginViewModel.swift in Sources */ = {isa = PBXBuildFile; fileRef = D56B18FF2602700000F7031C /* LoginViewModel.swift */; };
		D56B190D2602785700F7031C /* GoogleAuthService.swift in Sources */ = {isa = PBXBuildFile; fileRef = D56B190C2602785700F7031C /* GoogleAuthService.swift */; };
		D56B191526027E4E00F7031C /* LoginModuleBuilder.swift in Sources */ = {isa = PBXBuildFile; fileRef = D56B191426027E4E00F7031C /* LoginModuleBuilder.swift */; };
		D573367B2611E47300C11EC0 /* GlobalSearchCell.swift in Sources */ = {isa = PBXBuildFile; fileRef = D573367A2611E47300C11EC0 /* GlobalSearchCell.swift */; };
		D57336802611E4A700C11EC0 /* UIExtensions.swift in Sources */ = {isa = PBXBuildFile; fileRef = D573367F2611E4A700C11EC0 /* UIExtensions.swift */; };
		D599142225F526EE005F2F23 /* MainTabCoordinator.swift in Sources */ = {isa = PBXBuildFile; fileRef = D599142125F526EE005F2F23 /* MainTabCoordinator.swift */; };
		D599142725F52879005F2F23 /* FriendsView.swift in Sources */ = {isa = PBXBuildFile; fileRef = D599142625F52879005F2F23 /* FriendsView.swift */; };
		D599142C25F528C9005F2F23 /* WishListView.swift in Sources */ = {isa = PBXBuildFile; fileRef = D599142B25F528C9005F2F23 /* WishListView.swift */; };
		D599143125F528DC005F2F23 /* ProfileView.swift in Sources */ = {isa = PBXBuildFile; fileRef = D599143025F528DC005F2F23 /* ProfileView.swift */; };
		D599143625F52AEF005F2F23 /* FriendsModuleBuilder.swift in Sources */ = {isa = PBXBuildFile; fileRef = D599143525F52AEF005F2F23 /* FriendsModuleBuilder.swift */; };
		D599143B25F52BED005F2F23 /* WishListModuleBuilder.swift in Sources */ = {isa = PBXBuildFile; fileRef = D599143A25F52BED005F2F23 /* WishListModuleBuilder.swift */; };
		D599144025F52BFD005F2F23 /* ProfileModuleBuilder.swift in Sources */ = {isa = PBXBuildFile; fileRef = D599143F25F52BFD005F2F23 /* ProfileModuleBuilder.swift */; };
		D599145125F53785005F2F23 /* FriendsViewModel.swift in Sources */ = {isa = PBXBuildFile; fileRef = D599145025F53785005F2F23 /* FriendsViewModel.swift */; };
		D599145625F5388C005F2F23 /* WishListViewModel.swift in Sources */ = {isa = PBXBuildFile; fileRef = D599145525F5388C005F2F23 /* WishListViewModel.swift */; };
		D599145B25F53913005F2F23 /* ProfileViewModel.swift in Sources */ = {isa = PBXBuildFile; fileRef = D599145A25F53913005F2F23 /* ProfileViewModel.swift */; };
		D599146025F53C12005F2F23 /* Colors.xcassets in Resources */ = {isa = PBXBuildFile; fileRef = D599145F25F53C12005F2F23 /* Colors.xcassets */; };
		D599146525F53DAD005F2F23 /* Colors.swift in Sources */ = {isa = PBXBuildFile; fileRef = D599146425F53DAD005F2F23 /* Colors.swift */; };
		D59914C925F53FD9005F2F23 /* Localizable.strings in Resources */ = {isa = PBXBuildFile; fileRef = D59914C825F53FD9005F2F23 /* Localizable.strings */; };
		D59914CE25F54062005F2F23 /* StringLocalized.swift in Sources */ = {isa = PBXBuildFile; fileRef = D59914CD25F54062005F2F23 /* StringLocalized.swift */; };
		D5B7F01726815B0900D578F1 /* MetaCache.swift in Sources */ = {isa = PBXBuildFile; fileRef = D5B7F01626815B0900D578F1 /* MetaCache.swift */; };
		D5B7F01C26815BC800D578F1 /* LinkContainerView.swift in Sources */ = {isa = PBXBuildFile; fileRef = D5B7F01B26815BC800D578F1 /* LinkContainerView.swift */; };
		D5B7F02126815C1900D578F1 /* Optional.swift in Sources */ = {isa = PBXBuildFile; fileRef = D5B7F02026815C1900D578F1 /* Optional.swift */; };
		D5BA4406260A2F51004D5B36 /* UsersRepository.swift in Sources */ = {isa = PBXBuildFile; fileRef = D5BA4405260A2F51004D5B36 /* UsersRepository.swift */; };
		D5BA440B260A321A004D5B36 /* FriendsRouter.swift in Sources */ = {isa = PBXBuildFile; fileRef = D5BA440A260A321A004D5B36 /* FriendsRouter.swift */; };
		D5C1E76D25EA604A00B96DE7 /* RootView.swift in Sources */ = {isa = PBXBuildFile; fileRef = D5C1E76C25EA604A00B96DE7 /* RootView.swift */; };
		D5C5869A26C93BA400BFF6A5 /* ImagePicker.swift in Sources */ = {isa = PBXBuildFile; fileRef = D5C5869926C93BA400BFF6A5 /* ImagePicker.swift */; };
		D5C5869E26C97FF400BFF6A5 /* FirebaseStorageService.swift in Sources */ = {isa = PBXBuildFile; fileRef = D5C5869D26C97FF400BFF6A5 /* FirebaseStorageService.swift */; };
		D5E62F2C2611E96C0094BAF9 /* SearchView.swift in Sources */ = {isa = PBXBuildFile; fileRef = D5E62F2B2611E96C0094BAF9 /* SearchView.swift */; };
		D5E7511626496F6200C2D20A /* TextView.swift in Sources */ = {isa = PBXBuildFile; fileRef = D5E7511526496F6200C2D20A /* TextView.swift */; };
		D5FB2E0526C645160036B4E9 /* FirebaseFirestore in Frameworks */ = {isa = PBXBuildFile; productRef = D5FB2E0426C645160036B4E9 /* FirebaseFirestore */; };
		D5FB2E0726C645160036B4E9 /* FirebaseFirestoreSwift-Beta in Frameworks */ = {isa = PBXBuildFile; productRef = D5FB2E0626C645160036B4E9 /* FirebaseFirestoreSwift-Beta */; };
		D5FB2E0926C645160036B4E9 /* FirebaseAnalytics in Frameworks */ = {isa = PBXBuildFile; productRef = D5FB2E0826C645160036B4E9 /* FirebaseAnalytics */; };
		D5FB2E0B26C645160036B4E9 /* FirebaseStorage in Frameworks */ = {isa = PBXBuildFile; productRef = D5FB2E0A26C645160036B4E9 /* FirebaseStorage */; };
		D5FB2E0D26C645160036B4E9 /* FirebaseCrashlytics in Frameworks */ = {isa = PBXBuildFile; productRef = D5FB2E0C26C645160036B4E9 /* FirebaseCrashlytics */; };
		D5FB2E0F26C645160036B4E9 /* FirebaseAuth in Frameworks */ = {isa = PBXBuildFile; productRef = D5FB2E0E26C645160036B4E9 /* FirebaseAuth */; };
		D5FB2E1126C645160036B4E9 /* FirebaseDynamicLinks in Frameworks */ = {isa = PBXBuildFile; productRef = D5FB2E1026C645160036B4E9 /* FirebaseDynamicLinks */; };
		D5FB2E1426C645550036B4E9 /* GoogleSignIn in Frameworks */ = {isa = PBXBuildFile; productRef = D5FB2E1326C645550036B4E9 /* GoogleSignIn */; };
/* End PBXBuildFile section */

/* Begin PBXContainerItemProxy section */
		D552C90025E409AB000E2196 /* PBXContainerItemProxy */ = {
			isa = PBXContainerItemProxy;
			containerPortal = D552C8DE25E409A9000E2196 /* Project object */;
			proxyType = 1;
			remoteGlobalIDString = D552C8E525E409A9000E2196;
			remoteInfo = WishBook;
		};
		D552C90B25E409AB000E2196 /* PBXContainerItemProxy */ = {
			isa = PBXContainerItemProxy;
			containerPortal = D552C8DE25E409A9000E2196 /* Project object */;
			proxyType = 1;
			remoteGlobalIDString = D552C8E525E409A9000E2196;
			remoteInfo = WishBook;
		};
/* End PBXContainerItemProxy section */

/* Begin PBXFileReference section */
		D50FE2A3264C34FE0083197B /* UserPageModuleBuilder.swift */ = {isa = PBXFileReference; lastKnownFileType = sourcecode.swift; path = UserPageModuleBuilder.swift; sourceTree = "<group>"; };
		D50FE2A5264C35080083197B /* UserPageView.swift */ = {isa = PBXFileReference; lastKnownFileType = sourcecode.swift; path = UserPageView.swift; sourceTree = "<group>"; };
		D50FE2A7264C35130083197B /* UserPageViewModel.swift */ = {isa = PBXFileReference; lastKnownFileType = sourcecode.swift; path = UserPageViewModel.swift; sourceTree = "<group>"; };
		D51B49DD25F4E7E4008ABCBB /* GoogleButton.swift */ = {isa = PBXFileReference; lastKnownFileType = sourcecode.swift; path = GoogleButton.swift; sourceTree = "<group>"; };
		D51B4A0925F4E9FE008ABCBB /* AppCoordinator.swift */ = {isa = PBXFileReference; lastKnownFileType = sourcecode.swift; path = AppCoordinator.swift; sourceTree = "<group>"; };
		D51B4A0E25F4EA31008ABCBB /* RootCoordinator.swift */ = {isa = PBXFileReference; lastKnownFileType = sourcecode.swift; path = RootCoordinator.swift; sourceTree = "<group>"; };
		D51B4A1825F4EB70008ABCBB /* RootModuleBuilder.swift */ = {isa = PBXFileReference; lastKnownFileType = sourcecode.swift; path = RootModuleBuilder.swift; sourceTree = "<group>"; };
		D53D0E0A25F2D1D800E5C2D7 /* Coordinator.swift */ = {isa = PBXFileReference; lastKnownFileType = sourcecode.swift; path = Coordinator.swift; sourceTree = "<group>"; };
		D53D0E1425F3B64500E5C2D7 /* CompositeAppDelegate.swift */ = {isa = PBXFileReference; lastKnownFileType = sourcecode.swift; path = CompositeAppDelegate.swift; sourceTree = "<group>"; };
		D53D0E1925F3B74200E5C2D7 /* GoogleAppDelegate.swift */ = {isa = PBXFileReference; lastKnownFileType = sourcecode.swift; path = GoogleAppDelegate.swift; sourceTree = "<group>"; };
		D53D0E2425F3B96500E5C2D7 /* AppDelegateFactory.swift */ = {isa = PBXFileReference; lastKnownFileType = sourcecode.swift; path = AppDelegateFactory.swift; sourceTree = "<group>"; };
		D53D0E2925F4150B00E5C2D7 /* UserDefaultsStorage.swift */ = {isa = PBXFileReference; lastKnownFileType = sourcecode.swift; path = UserDefaultsStorage.swift; sourceTree = "<group>"; };
		D53D0E2E25F429C900E5C2D7 /* MainTabView.swift */ = {isa = PBXFileReference; lastKnownFileType = sourcecode.swift; path = MainTabView.swift; sourceTree = "<group>"; };
		D5442BA026809C1400BB1F5A /* LinkDataView.swift */ = {isa = PBXFileReference; lastKnownFileType = sourcecode.swift; path = LinkDataView.swift; sourceTree = "<group>"; };
		D552C8E625E409A9000E2196 /* WishBook.app */ = {isa = PBXFileReference; explicitFileType = wrapper.application; includeInIndex = 0; path = WishBook.app; sourceTree = BUILT_PRODUCTS_DIR; };
		D552C8E925E409A9000E2196 /* AppDelegate.swift */ = {isa = PBXFileReference; lastKnownFileType = sourcecode.swift; path = AppDelegate.swift; sourceTree = "<group>"; };
		D552C8EB25E409A9000E2196 /* SceneDelegate.swift */ = {isa = PBXFileReference; lastKnownFileType = sourcecode.swift; path = SceneDelegate.swift; sourceTree = "<group>"; };
		D552C8ED25E409A9000E2196 /* LoginView.swift */ = {isa = PBXFileReference; lastKnownFileType = sourcecode.swift; path = LoginView.swift; sourceTree = "<group>"; };
		D552C8F225E409AB000E2196 /* Assets.xcassets */ = {isa = PBXFileReference; lastKnownFileType = folder.assetcatalog; path = Assets.xcassets; sourceTree = "<group>"; };
		D552C8F525E409AB000E2196 /* Preview Assets.xcassets */ = {isa = PBXFileReference; lastKnownFileType = folder.assetcatalog; path = "Preview Assets.xcassets"; sourceTree = "<group>"; };
		D552C8F825E409AB000E2196 /* Base */ = {isa = PBXFileReference; lastKnownFileType = file.storyboard; name = Base; path = Base.lproj/LaunchScreen.storyboard; sourceTree = "<group>"; };
		D552C8FA25E409AB000E2196 /* Info.plist */ = {isa = PBXFileReference; lastKnownFileType = text.plist.xml; path = Info.plist; sourceTree = "<group>"; };
		D552C8FF25E409AB000E2196 /* WishBookTests.xctest */ = {isa = PBXFileReference; explicitFileType = wrapper.cfbundle; includeInIndex = 0; path = WishBookTests.xctest; sourceTree = BUILT_PRODUCTS_DIR; };
		D552C90325E409AB000E2196 /* WishBookTests.swift */ = {isa = PBXFileReference; lastKnownFileType = sourcecode.swift; path = WishBookTests.swift; sourceTree = "<group>"; };
		D552C90525E409AB000E2196 /* Info.plist */ = {isa = PBXFileReference; lastKnownFileType = text.plist.xml; path = Info.plist; sourceTree = "<group>"; };
		D552C90A25E409AB000E2196 /* WishBookUITests.xctest */ = {isa = PBXFileReference; explicitFileType = wrapper.cfbundle; includeInIndex = 0; path = WishBookUITests.xctest; sourceTree = BUILT_PRODUCTS_DIR; };
		D552C90E25E409AB000E2196 /* WishBookUITests.swift */ = {isa = PBXFileReference; lastKnownFileType = sourcecode.swift; path = WishBookUITests.swift; sourceTree = "<group>"; };
		D552C91025E409AB000E2196 /* Info.plist */ = {isa = PBXFileReference; lastKnownFileType = text.plist.xml; path = Info.plist; sourceTree = "<group>"; };
		D552C95525E40ED1000E2196 /* GoogleService-Info.plist */ = {isa = PBXFileReference; fileEncoding = 4; lastKnownFileType = text.plist.xml; path = "GoogleService-Info.plist"; sourceTree = "<group>"; };
		D55CC74425F5458A00E5C04F /* ProfileRepository.swift */ = {isa = PBXFileReference; lastKnownFileType = sourcecode.swift; path = ProfileRepository.swift; sourceTree = "<group>"; };
		D55CC74925F546FC00E5C04F /* ProfileModel.swift */ = {isa = PBXFileReference; lastKnownFileType = sourcecode.swift; path = ProfileModel.swift; sourceTree = "<group>"; };
		D55CC74E25F54BE300E5C04F /* EditProfileView.swift */ = {isa = PBXFileReference; lastKnownFileType = sourcecode.swift; path = EditProfileView.swift; sourceTree = "<group>"; };
		D55CC75725F5527500E5C04F /* ProfileRouter.swift */ = {isa = PBXFileReference; lastKnownFileType = sourcecode.swift; path = ProfileRouter.swift; sourceTree = "<group>"; };
		D55CC75C25F5581E00E5C04F /* EditProfileViewModel.swift */ = {isa = PBXFileReference; lastKnownFileType = sourcecode.swift; path = EditProfileViewModel.swift; sourceTree = "<group>"; };
		D55CC76425F6565200E5C04F /* EditProfileModuleBuilder.swift */ = {isa = PBXFileReference; lastKnownFileType = sourcecode.swift; path = EditProfileModuleBuilder.swift; sourceTree = "<group>"; };
		D55CC76925F6A15400E5C04F /* DI.swift */ = {isa = PBXFileReference; lastKnownFileType = sourcecode.swift; path = DI.swift; sourceTree = "<group>"; };
		D55CC76E25F6A37100E5C04F /* FirestoreCollection.swift */ = {isa = PBXFileReference; lastKnownFileType = sourcecode.swift; path = FirestoreCollection.swift; sourceTree = "<group>"; };
		D55CC77A25F6BE3500E5C04F /* WishListRepository.swift */ = {isa = PBXFileReference; lastKnownFileType = sourcecode.swift; path = WishListRepository.swift; sourceTree = "<group>"; };
		D55CC77F25F6BE7300E5C04F /* WishListModel.swift */ = {isa = PBXFileReference; lastKnownFileType = sourcecode.swift; path = WishListModel.swift; sourceTree = "<group>"; };
		D55CC78425F6C0C700E5C04F /* WishListRouter.swift */ = {isa = PBXFileReference; lastKnownFileType = sourcecode.swift; path = WishListRouter.swift; sourceTree = "<group>"; };
		D55CC78C25F6C66300E5C04F /* WishDetailsViewModel.swift */ = {isa = PBXFileReference; lastKnownFileType = sourcecode.swift; path = WishDetailsViewModel.swift; sourceTree = "<group>"; };
		D55CC79B25F6C6A100E5C04F /* WishDetailsView.swift */ = {isa = PBXFileReference; lastKnownFileType = sourcecode.swift; path = WishDetailsView.swift; sourceTree = "<group>"; };
		D55CC7A025F6C77500E5C04F /* WishDetailsModuleBuilder.swift */ = {isa = PBXFileReference; lastKnownFileType = sourcecode.swift; path = WishDetailsModuleBuilder.swift; sourceTree = "<group>"; };
		D56B18FF2602700000F7031C /* LoginViewModel.swift */ = {isa = PBXFileReference; lastKnownFileType = sourcecode.swift; path = LoginViewModel.swift; sourceTree = "<group>"; };
		D56B190C2602785700F7031C /* GoogleAuthService.swift */ = {isa = PBXFileReference; lastKnownFileType = sourcecode.swift; path = GoogleAuthService.swift; sourceTree = "<group>"; };
		D56B191426027E4E00F7031C /* LoginModuleBuilder.swift */ = {isa = PBXFileReference; lastKnownFileType = sourcecode.swift; path = LoginModuleBuilder.swift; sourceTree = "<group>"; };
		D573367A2611E47300C11EC0 /* GlobalSearchCell.swift */ = {isa = PBXFileReference; lastKnownFileType = sourcecode.swift; path = GlobalSearchCell.swift; sourceTree = "<group>"; };
		D573367F2611E4A700C11EC0 /* UIExtensions.swift */ = {isa = PBXFileReference; lastKnownFileType = sourcecode.swift; path = UIExtensions.swift; sourceTree = "<group>"; };
		D599142125F526EE005F2F23 /* MainTabCoordinator.swift */ = {isa = PBXFileReference; lastKnownFileType = sourcecode.swift; path = MainTabCoordinator.swift; sourceTree = "<group>"; };
		D599142625F52879005F2F23 /* FriendsView.swift */ = {isa = PBXFileReference; lastKnownFileType = sourcecode.swift; path = FriendsView.swift; sourceTree = "<group>"; };
		D599142B25F528C9005F2F23 /* WishListView.swift */ = {isa = PBXFileReference; lastKnownFileType = sourcecode.swift; path = WishListView.swift; sourceTree = "<group>"; };
		D599143025F528DC005F2F23 /* ProfileView.swift */ = {isa = PBXFileReference; lastKnownFileType = sourcecode.swift; path = ProfileView.swift; sourceTree = "<group>"; };
		D599143525F52AEF005F2F23 /* FriendsModuleBuilder.swift */ = {isa = PBXFileReference; lastKnownFileType = sourcecode.swift; path = FriendsModuleBuilder.swift; sourceTree = "<group>"; };
		D599143A25F52BED005F2F23 /* WishListModuleBuilder.swift */ = {isa = PBXFileReference; lastKnownFileType = sourcecode.swift; path = WishListModuleBuilder.swift; sourceTree = "<group>"; };
		D599143F25F52BFD005F2F23 /* ProfileModuleBuilder.swift */ = {isa = PBXFileReference; lastKnownFileType = sourcecode.swift; path = ProfileModuleBuilder.swift; sourceTree = "<group>"; };
		D599145025F53785005F2F23 /* FriendsViewModel.swift */ = {isa = PBXFileReference; lastKnownFileType = sourcecode.swift; path = FriendsViewModel.swift; sourceTree = "<group>"; };
		D599145525F5388C005F2F23 /* WishListViewModel.swift */ = {isa = PBXFileReference; lastKnownFileType = sourcecode.swift; path = WishListViewModel.swift; sourceTree = "<group>"; };
		D599145A25F53913005F2F23 /* ProfileViewModel.swift */ = {isa = PBXFileReference; lastKnownFileType = sourcecode.swift; path = ProfileViewModel.swift; sourceTree = "<group>"; };
		D599145F25F53C12005F2F23 /* Colors.xcassets */ = {isa = PBXFileReference; lastKnownFileType = folder.assetcatalog; path = Colors.xcassets; sourceTree = "<group>"; };
		D599146425F53DAD005F2F23 /* Colors.swift */ = {isa = PBXFileReference; lastKnownFileType = sourcecode.swift; path = Colors.swift; sourceTree = "<group>"; };
		D59914C825F53FD9005F2F23 /* Localizable.strings */ = {isa = PBXFileReference; lastKnownFileType = text.plist.strings; path = Localizable.strings; sourceTree = "<group>"; };
		D59914CD25F54062005F2F23 /* StringLocalized.swift */ = {isa = PBXFileReference; lastKnownFileType = sourcecode.swift; path = StringLocalized.swift; sourceTree = "<group>"; };
		D5B7F01626815B0900D578F1 /* MetaCache.swift */ = {isa = PBXFileReference; lastKnownFileType = sourcecode.swift; path = MetaCache.swift; sourceTree = "<group>"; };
		D5B7F01B26815BC800D578F1 /* LinkContainerView.swift */ = {isa = PBXFileReference; lastKnownFileType = sourcecode.swift; path = LinkContainerView.swift; sourceTree = "<group>"; };
		D5B7F02026815C1900D578F1 /* Optional.swift */ = {isa = PBXFileReference; lastKnownFileType = sourcecode.swift; path = Optional.swift; sourceTree = "<group>"; };
		D5BA4405260A2F51004D5B36 /* UsersRepository.swift */ = {isa = PBXFileReference; lastKnownFileType = sourcecode.swift; path = UsersRepository.swift; sourceTree = "<group>"; };
		D5BA440A260A321A004D5B36 /* FriendsRouter.swift */ = {isa = PBXFileReference; lastKnownFileType = sourcecode.swift; path = FriendsRouter.swift; sourceTree = "<group>"; };
		D5C1E76C25EA604A00B96DE7 /* RootView.swift */ = {isa = PBXFileReference; lastKnownFileType = sourcecode.swift; path = RootView.swift; sourceTree = "<group>"; };
		D5C5869926C93BA400BFF6A5 /* ImagePicker.swift */ = {isa = PBXFileReference; lastKnownFileType = sourcecode.swift; path = ImagePicker.swift; sourceTree = "<group>"; };
		D5C5869D26C97FF400BFF6A5 /* FirebaseStorageService.swift */ = {isa = PBXFileReference; lastKnownFileType = sourcecode.swift; path = FirebaseStorageService.swift; sourceTree = "<group>"; };
		D5E62F2B2611E96C0094BAF9 /* SearchView.swift */ = {isa = PBXFileReference; lastKnownFileType = sourcecode.swift; path = SearchView.swift; sourceTree = "<group>"; };
		D5E7511526496F6200C2D20A /* TextView.swift */ = {isa = PBXFileReference; lastKnownFileType = sourcecode.swift; path = TextView.swift; sourceTree = "<group>"; };
/* End PBXFileReference section */

/* Begin PBXFrameworksBuildPhase section */
		D552C8E325E409A9000E2196 /* Frameworks */ = {
			isa = PBXFrameworksBuildPhase;
			buildActionMask = 2147483647;
			files = (
				D5FB2E0526C645160036B4E9 /* FirebaseFirestore in Frameworks */,
				D5FB2E1426C645550036B4E9 /* GoogleSignIn in Frameworks */,
				D5FB2E0F26C645160036B4E9 /* FirebaseAuth in Frameworks */,
				D5FB2E0B26C645160036B4E9 /* FirebaseStorage in Frameworks */,
				D5FB2E0D26C645160036B4E9 /* FirebaseCrashlytics in Frameworks */,
				D5FB2E0726C645160036B4E9 /* FirebaseFirestoreSwift-Beta in Frameworks */,
				D5FB2E1126C645160036B4E9 /* FirebaseDynamicLinks in Frameworks */,
				D5FB2E0926C645160036B4E9 /* FirebaseAnalytics in Frameworks */,
			);
			runOnlyForDeploymentPostprocessing = 0;
		};
		D552C8FC25E409AB000E2196 /* Frameworks */ = {
			isa = PBXFrameworksBuildPhase;
			buildActionMask = 2147483647;
			files = (
			);
			runOnlyForDeploymentPostprocessing = 0;
		};
		D552C90725E409AB000E2196 /* Frameworks */ = {
			isa = PBXFrameworksBuildPhase;
			buildActionMask = 2147483647;
			files = (
			);
			runOnlyForDeploymentPostprocessing = 0;
		};
/* End PBXFrameworksBuildPhase section */

/* Begin PBXGroup section */
		D50FE2A9264C3C120083197B /* UserPage */ = {
			isa = PBXGroup;
			children = (
				D50FE2A5264C35080083197B /* UserPageView.swift */,
				D50FE2A7264C35130083197B /* UserPageViewModel.swift */,
				D50FE2A3264C34FE0083197B /* UserPageModuleBuilder.swift */,
			);
			path = UserPage;
			sourceTree = "<group>";
		};
		D51B4A0125F4E9A5008ABCBB /* App */ = {
			isa = PBXGroup;
			children = (
				D552C8E925E409A9000E2196 /* AppDelegate.swift */,
				D53D0E1425F3B64500E5C2D7 /* CompositeAppDelegate.swift */,
				D53D0E2425F3B96500E5C2D7 /* AppDelegateFactory.swift */,
				D53D0E1925F3B74200E5C2D7 /* GoogleAppDelegate.swift */,
				D552C8EB25E409A9000E2196 /* SceneDelegate.swift */,
				D55CC76E25F6A37100E5C04F /* FirestoreCollection.swift */,
				D55CC76925F6A15400E5C04F /* DI.swift */,
				D552C8F725E409AB000E2196 /* LaunchScreen.storyboard */,
				D552C95525E40ED1000E2196 /* GoogleService-Info.plist */,
				D552C8FA25E409AB000E2196 /* Info.plist */,
			);
			path = App;
			sourceTree = "<group>";
		};
		D51B4A0525F4E9BC008ABCBB /* Coordinators */ = {
			isa = PBXGroup;
			children = (
				D53D0E0A25F2D1D800E5C2D7 /* Coordinator.swift */,
				D51B4A0925F4E9FE008ABCBB /* AppCoordinator.swift */,
				D51B4A0E25F4EA31008ABCBB /* RootCoordinator.swift */,
				D599142125F526EE005F2F23 /* MainTabCoordinator.swift */,
			);
			path = Coordinators;
			sourceTree = "<group>";
		};
		D51B4A1325F4EAE5008ABCBB /* Resources */ = {
			isa = PBXGroup;
			children = (
				D552C8F225E409AB000E2196 /* Assets.xcassets */,
				D599145F25F53C12005F2F23 /* Colors.xcassets */,
				D59914C825F53FD9005F2F23 /* Localizable.strings */,
			);
			path = Resources;
			sourceTree = "<group>";
		};
		D51B4A1425F4EB31008ABCBB /* Root */ = {
			isa = PBXGroup;
			children = (
				D5C1E76C25EA604A00B96DE7 /* RootView.swift */,
				D51B4A1825F4EB70008ABCBB /* RootModuleBuilder.swift */,
			);
			path = Root;
			sourceTree = "<group>";
		};
		D51B4A1D25F4EC03008ABCBB /* Scenes */ = {
			isa = PBXGroup;
			children = (
				D5B7F02526815CD400D578F1 /* CustomView */,
				D51B4A1425F4EB31008ABCBB /* Root */,
				D53D0E0625F2C44A00E5C2D7 /* Login */,
				D51B4A2525F4ED54008ABCBB /* MainTab */,
			);
			path = Scenes;
			sourceTree = "<group>";
		};
		D51B4A2125F4EC18008ABCBB /* Services */ = {
			isa = PBXGroup;
			children = (
				D53D0E2925F4150B00E5C2D7 /* UserDefaultsStorage.swift */,
				D56B190C2602785700F7031C /* GoogleAuthService.swift */,
				D5B7F01626815B0900D578F1 /* MetaCache.swift */,
				D5C5869D26C97FF400BFF6A5 /* FirebaseStorageService.swift */,
			);
			path = Services;
			sourceTree = "<group>";
		};
		D51B4A2525F4ED54008ABCBB /* MainTab */ = {
			isa = PBXGroup;
			children = (
				D53D0E2E25F429C900E5C2D7 /* MainTabView.swift */,
				D599144C25F52C17005F2F23 /* Friends */,
				D599144825F52C0F005F2F23 /* WishList */,
				D599144425F52C08005F2F23 /* Profile */,
			);
			path = MainTab;
			sourceTree = "<group>";
		};
		D53D0E0625F2C44A00E5C2D7 /* Login */ = {
			isa = PBXGroup;
			children = (
				D552C8ED25E409A9000E2196 /* LoginView.swift */,
				D56B18FF2602700000F7031C /* LoginViewModel.swift */,
				D56B191426027E4E00F7031C /* LoginModuleBuilder.swift */,
			);
			path = Login;
			sourceTree = "<group>";
		};
		D552C8DD25E409A9000E2196 = {
			isa = PBXGroup;
			children = (
				D552C8E825E409A9000E2196 /* WishBook */,
				D552C90225E409AB000E2196 /* WishBookTests */,
				D552C90D25E409AB000E2196 /* WishBookUITests */,
				D552C8E725E409A9000E2196 /* Products */,
			);
			sourceTree = "<group>";
		};
		D552C8E725E409A9000E2196 /* Products */ = {
			isa = PBXGroup;
			children = (
				D552C8E625E409A9000E2196 /* WishBook.app */,
				D552C8FF25E409AB000E2196 /* WishBookTests.xctest */,
				D552C90A25E409AB000E2196 /* WishBookUITests.xctest */,
			);
			name = Products;
			sourceTree = "<group>";
		};
		D552C8E825E409A9000E2196 /* WishBook */ = {
			isa = PBXGroup;
			children = (
				D51B4A0125F4E9A5008ABCBB /* App */,
				D51B4A0525F4E9BC008ABCBB /* Coordinators */,
				D55CC77325F6B7E200E5C04F /* Models */,
				D51B4A2125F4EC18008ABCBB /* Services */,
				D59914D225F540B0005F2F23 /* Extensions */,
				D599141125F522C5005F2F23 /* Repositories */,
				D51B4A1D25F4EC03008ABCBB /* Scenes */,
				D51B4A1325F4EAE5008ABCBB /* Resources */,
				D552C8F425E409AB000E2196 /* Preview Content */,
			);
			path = WishBook;
			sourceTree = "<group>";
		};
		D552C8F425E409AB000E2196 /* Preview Content */ = {
			isa = PBXGroup;
			children = (
				D552C8F525E409AB000E2196 /* Preview Assets.xcassets */,
			);
			path = "Preview Content";
			sourceTree = "<group>";
		};
		D552C90225E409AB000E2196 /* WishBookTests */ = {
			isa = PBXGroup;
			children = (
				D552C90325E409AB000E2196 /* WishBookTests.swift */,
				D552C90525E409AB000E2196 /* Info.plist */,
			);
			path = WishBookTests;
			sourceTree = "<group>";
		};
		D552C90D25E409AB000E2196 /* WishBookUITests */ = {
			isa = PBXGroup;
			children = (
				D552C90E25E409AB000E2196 /* WishBookUITests.swift */,
				D552C91025E409AB000E2196 /* Info.plist */,
			);
			path = WishBookUITests;
			sourceTree = "<group>";
		};
		D55CC75325F54DD600E5C04F /* Edit Profile */ = {
			isa = PBXGroup;
			children = (
				D55CC74E25F54BE300E5C04F /* EditProfileView.swift */,
				D55CC75C25F5581E00E5C04F /* EditProfileViewModel.swift */,
				D55CC76425F6565200E5C04F /* EditProfileModuleBuilder.swift */,
			);
			path = "Edit Profile";
			sourceTree = "<group>";
		};
		D55CC77325F6B7E200E5C04F /* Models */ = {
			isa = PBXGroup;
			children = (
				D55CC74925F546FC00E5C04F /* ProfileModel.swift */,
				D55CC77F25F6BE7300E5C04F /* WishListModel.swift */,
			);
			path = Models;
			sourceTree = "<group>";
		};
		D55CC79125F6C66800E5C04F /* WishDetails */ = {
			isa = PBXGroup;
			children = (
				D55CC79B25F6C6A100E5C04F /* WishDetailsView.swift */,
				D55CC78C25F6C66300E5C04F /* WishDetailsViewModel.swift */,
				D55CC7A025F6C77500E5C04F /* WishDetailsModuleBuilder.swift */,
			);
			path = WishDetails;
			sourceTree = "<group>";
		};
		D599141125F522C5005F2F23 /* Repositories */ = {
			isa = PBXGroup;
			children = (
				D55CC74425F5458A00E5C04F /* ProfileRepository.swift */,
				D5BA4405260A2F51004D5B36 /* UsersRepository.swift */,
				D55CC77A25F6BE3500E5C04F /* WishListRepository.swift */,
			);
			path = Repositories;
			sourceTree = "<group>";
		};
		D599144425F52C08005F2F23 /* Profile */ = {
			isa = PBXGroup;
			children = (
				D599143025F528DC005F2F23 /* ProfileView.swift */,
				D599145A25F53913005F2F23 /* ProfileViewModel.swift */,
				D599143F25F52BFD005F2F23 /* ProfileModuleBuilder.swift */,
				D55CC75725F5527500E5C04F /* ProfileRouter.swift */,
				D55CC75325F54DD600E5C04F /* Edit Profile */,
			);
			path = Profile;
			sourceTree = "<group>";
		};
		D599144825F52C0F005F2F23 /* WishList */ = {
			isa = PBXGroup;
			children = (
				D599142B25F528C9005F2F23 /* WishListView.swift */,
				D599145525F5388C005F2F23 /* WishListViewModel.swift */,
				D599143A25F52BED005F2F23 /* WishListModuleBuilder.swift */,
				D55CC78425F6C0C700E5C04F /* WishListRouter.swift */,
				D55CC79125F6C66800E5C04F /* WishDetails */,
			);
			path = WishList;
			sourceTree = "<group>";
		};
		D599144C25F52C17005F2F23 /* Friends */ = {
			isa = PBXGroup;
			children = (
				D50FE2A9264C3C120083197B /* UserPage */,
				D5B7F02926815D0500D578F1 /* Cell */,
				D599142625F52879005F2F23 /* FriendsView.swift */,
				D599145025F53785005F2F23 /* FriendsViewModel.swift */,
				D599143525F52AEF005F2F23 /* FriendsModuleBuilder.swift */,
				D5BA440A260A321A004D5B36 /* FriendsRouter.swift */,
			);
			path = Friends;
			sourceTree = "<group>";
		};
		D59914D225F540B0005F2F23 /* Extensions */ = {
			isa = PBXGroup;
			children = (
				D599146425F53DAD005F2F23 /* Colors.swift */,
				D59914CD25F54062005F2F23 /* StringLocalized.swift */,
				D573367F2611E4A700C11EC0 /* UIExtensions.swift */,
				D5B7F02026815C1900D578F1 /* Optional.swift */,
			);
			path = Extensions;
			sourceTree = "<group>";
		};
		D5B7F02526815CD400D578F1 /* CustomView */ = {
			isa = PBXGroup;
			children = (
				D51B49DD25F4E7E4008ABCBB /* GoogleButton.swift */,
				D5E62F2B2611E96C0094BAF9 /* SearchView.swift */,
				D5E7511526496F6200C2D20A /* TextView.swift */,
				D5442BA026809C1400BB1F5A /* LinkDataView.swift */,
				D5B7F01B26815BC800D578F1 /* LinkContainerView.swift */,
				D5C5869926C93BA400BFF6A5 /* ImagePicker.swift */,
			);
			path = CustomView;
			sourceTree = "<group>";
		};
		D5B7F02926815D0500D578F1 /* Cell */ = {
			isa = PBXGroup;
			children = (
				D573367A2611E47300C11EC0 /* GlobalSearchCell.swift */,
			);
			path = Cell;
			sourceTree = "<group>";
		};
/* End PBXGroup section */

/* Begin PBXNativeTarget section */
		D552C8E525E409A9000E2196 /* WishBook */ = {
			isa = PBXNativeTarget;
			buildConfigurationList = D552C91325E409AB000E2196 /* Build configuration list for PBXNativeTarget "WishBook" */;
			buildPhases = (
				D552C8E225E409A9000E2196 /* Sources */,
				D552C8E325E409A9000E2196 /* Frameworks */,
				D552C8E425E409A9000E2196 /* Resources */,
			);
			buildRules = (
			);
			dependencies = (
			);
			name = WishBook;
			packageProductDependencies = (
				D5FB2E0426C645160036B4E9 /* FirebaseFirestore */,
				D5FB2E0626C645160036B4E9 /* FirebaseFirestoreSwift-Beta */,
				D5FB2E0826C645160036B4E9 /* FirebaseAnalytics */,
				D5FB2E0A26C645160036B4E9 /* FirebaseStorage */,
				D5FB2E0C26C645160036B4E9 /* FirebaseCrashlytics */,
				D5FB2E0E26C645160036B4E9 /* FirebaseAuth */,
				D5FB2E1026C645160036B4E9 /* FirebaseDynamicLinks */,
				D5FB2E1326C645550036B4E9 /* GoogleSignIn */,
			);
			productName = WishBook;
			productReference = D552C8E625E409A9000E2196 /* WishBook.app */;
			productType = "com.apple.product-type.application";
		};
		D552C8FE25E409AB000E2196 /* WishBookTests */ = {
			isa = PBXNativeTarget;
			buildConfigurationList = D552C91625E409AB000E2196 /* Build configuration list for PBXNativeTarget "WishBookTests" */;
			buildPhases = (
				D552C8FB25E409AB000E2196 /* Sources */,
				D552C8FC25E409AB000E2196 /* Frameworks */,
				D552C8FD25E409AB000E2196 /* Resources */,
			);
			buildRules = (
			);
			dependencies = (
				D552C90125E409AB000E2196 /* PBXTargetDependency */,
			);
			name = WishBookTests;
			productName = WishBookTests;
			productReference = D552C8FF25E409AB000E2196 /* WishBookTests.xctest */;
			productType = "com.apple.product-type.bundle.unit-test";
		};
		D552C90925E409AB000E2196 /* WishBookUITests */ = {
			isa = PBXNativeTarget;
			buildConfigurationList = D552C91925E409AB000E2196 /* Build configuration list for PBXNativeTarget "WishBookUITests" */;
			buildPhases = (
				D552C90625E409AB000E2196 /* Sources */,
				D552C90725E409AB000E2196 /* Frameworks */,
				D552C90825E409AB000E2196 /* Resources */,
			);
			buildRules = (
			);
			dependencies = (
				D552C90C25E409AB000E2196 /* PBXTargetDependency */,
			);
			name = WishBookUITests;
			productName = WishBookUITests;
			productReference = D552C90A25E409AB000E2196 /* WishBookUITests.xctest */;
			productType = "com.apple.product-type.bundle.ui-testing";
		};
/* End PBXNativeTarget section */

/* Begin PBXProject section */
		D552C8DE25E409A9000E2196 /* Project object */ = {
			isa = PBXProject;
			attributes = {
				LastSwiftUpdateCheck = 1240;
				LastUpgradeCheck = 1240;
				TargetAttributes = {
					D552C8E525E409A9000E2196 = {
						CreatedOnToolsVersion = 12.4;
					};
					D552C8FE25E409AB000E2196 = {
						CreatedOnToolsVersion = 12.4;
						TestTargetID = D552C8E525E409A9000E2196;
					};
					D552C90925E409AB000E2196 = {
						CreatedOnToolsVersion = 12.4;
						TestTargetID = D552C8E525E409A9000E2196;
					};
				};
			};
			buildConfigurationList = D552C8E125E409A9000E2196 /* Build configuration list for PBXProject "WishBook" */;
			compatibilityVersion = "Xcode 9.3";
			developmentRegion = en;
			hasScannedForEncodings = 0;
			knownRegions = (
				en,
				Base,
			);
			mainGroup = D552C8DD25E409A9000E2196;
			packageReferences = (
				D5FB2E0326C645160036B4E9 /* XCRemoteSwiftPackageReference "firebase-ios-sdk" */,
				D5FB2E1226C645550036B4E9 /* XCRemoteSwiftPackageReference "GoogleSignIn-iOS" */,
			);
			productRefGroup = D552C8E725E409A9000E2196 /* Products */;
			projectDirPath = "";
			projectRoot = "";
			targets = (
				D552C8E525E409A9000E2196 /* WishBook */,
				D552C8FE25E409AB000E2196 /* WishBookTests */,
				D552C90925E409AB000E2196 /* WishBookUITests */,
			);
		};
/* End PBXProject section */

/* Begin PBXResourcesBuildPhase section */
		D552C8E425E409A9000E2196 /* Resources */ = {
			isa = PBXResourcesBuildPhase;
			buildActionMask = 2147483647;
			files = (
				D552C8F925E409AB000E2196 /* LaunchScreen.storyboard in Resources */,
				D59914C925F53FD9005F2F23 /* Localizable.strings in Resources */,
				D552C95625E40ED1000E2196 /* GoogleService-Info.plist in Resources */,
				D599146025F53C12005F2F23 /* Colors.xcassets in Resources */,
				D552C8F625E409AB000E2196 /* Preview Assets.xcassets in Resources */,
				D552C8F325E409AB000E2196 /* Assets.xcassets in Resources */,
			);
			runOnlyForDeploymentPostprocessing = 0;
		};
		D552C8FD25E409AB000E2196 /* Resources */ = {
			isa = PBXResourcesBuildPhase;
			buildActionMask = 2147483647;
			files = (
			);
			runOnlyForDeploymentPostprocessing = 0;
		};
		D552C90825E409AB000E2196 /* Resources */ = {
			isa = PBXResourcesBuildPhase;
			buildActionMask = 2147483647;
			files = (
			);
			runOnlyForDeploymentPostprocessing = 0;
		};
/* End PBXResourcesBuildPhase section */

/* Begin PBXSourcesBuildPhase section */
		D552C8E225E409A9000E2196 /* Sources */ = {
			isa = PBXSourcesBuildPhase;
			buildActionMask = 2147483647;
			files = (
				D53D0E2F25F429C900E5C2D7 /* MainTabView.swift in Sources */,
				D51B4A0A25F4E9FE008ABCBB /* AppCoordinator.swift in Sources */,
				D599145625F5388C005F2F23 /* WishListViewModel.swift in Sources */,
				D599145125F53785005F2F23 /* FriendsViewModel.swift in Sources */,
				D599142725F52879005F2F23 /* FriendsView.swift in Sources */,
				D56B19002602700000F7031C /* LoginViewModel.swift in Sources */,
				D50FE2A8264C35130083197B /* UserPageViewModel.swift in Sources */,
				D53D0E0B25F2D1D800E5C2D7 /* Coordinator.swift in Sources */,
				D55CC78025F6BE7300E5C04F /* WishListModel.swift in Sources */,
				D55CC74525F5458A00E5C04F /* ProfileRepository.swift in Sources */,
				D599146525F53DAD005F2F23 /* Colors.swift in Sources */,
				D5B7F01726815B0900D578F1 /* MetaCache.swift in Sources */,
				D599145B25F53913005F2F23 /* ProfileViewModel.swift in Sources */,
				D5442BA126809C1400BB1F5A /* LinkDataView.swift in Sources */,
				D53D0E2A25F4150B00E5C2D7 /* UserDefaultsStorage.swift in Sources */,
				D573367B2611E47300C11EC0 /* GlobalSearchCell.swift in Sources */,
				D50FE2A6264C35080083197B /* UserPageView.swift in Sources */,
				D55CC78D25F6C66300E5C04F /* WishDetailsViewModel.swift in Sources */,
				D552C8EA25E409A9000E2196 /* AppDelegate.swift in Sources */,
				D50FE2A4264C34FE0083197B /* UserPageModuleBuilder.swift in Sources */,
				D552C8EC25E409A9000E2196 /* SceneDelegate.swift in Sources */,
				D53D0E1A25F3B74200E5C2D7 /* GoogleAppDelegate.swift in Sources */,
				D55CC75D25F5581E00E5C04F /* EditProfileViewModel.swift in Sources */,
				D51B49DE25F4E7E4008ABCBB /* GoogleButton.swift in Sources */,
				D55CC74F25F54BE300E5C04F /* EditProfileView.swift in Sources */,
				D55CC78525F6C0C700E5C04F /* WishListRouter.swift in Sources */,
				D51B4A1925F4EB70008ABCBB /* RootModuleBuilder.swift in Sources */,
				D55CC74A25F546FC00E5C04F /* ProfileModel.swift in Sources */,
				D599143B25F52BED005F2F23 /* WishListModuleBuilder.swift in Sources */,
				D55CC79C25F6C6A100E5C04F /* WishDetailsView.swift in Sources */,
				D599143125F528DC005F2F23 /* ProfileView.swift in Sources */,
				D5B7F02126815C1900D578F1 /* Optional.swift in Sources */,
				D53D0E2525F3B96500E5C2D7 /* AppDelegateFactory.swift in Sources */,
				D53D0E1525F3B64500E5C2D7 /* CompositeAppDelegate.swift in Sources */,
				D5E62F2C2611E96C0094BAF9 /* SearchView.swift in Sources */,
				D552C8EE25E409A9000E2196 /* LoginView.swift in Sources */,
				D599143625F52AEF005F2F23 /* FriendsModuleBuilder.swift in Sources */,
				D599142C25F528C9005F2F23 /* WishListView.swift in Sources */,
				D56B191526027E4E00F7031C /* LoginModuleBuilder.swift in Sources */,
				D55CC75825F5527500E5C04F /* ProfileRouter.swift in Sources */,
				D55CC76A25F6A15500E5C04F /* DI.swift in Sources */,
				D51B4A0F25F4EA31008ABCBB /* RootCoordinator.swift in Sources */,
				D599144025F52BFD005F2F23 /* ProfileModuleBuilder.swift in Sources */,
				D57336802611E4A700C11EC0 /* UIExtensions.swift in Sources */,
				D55CC76F25F6A37100E5C04F /* FirestoreCollection.swift in Sources */,
				D5C5869A26C93BA400BFF6A5 /* ImagePicker.swift in Sources */,
				D56B190D2602785700F7031C /* GoogleAuthService.swift in Sources */,
				D599142225F526EE005F2F23 /* MainTabCoordinator.swift in Sources */,
				D5BA440B260A321A004D5B36 /* FriendsRouter.swift in Sources */,
				D5B7F01C26815BC800D578F1 /* LinkContainerView.swift in Sources */,
				D55CC77B25F6BE3500E5C04F /* WishListRepository.swift in Sources */,
				D55CC76525F6565200E5C04F /* EditProfileModuleBuilder.swift in Sources */,
				D5C5869E26C97FF400BFF6A5 /* FirebaseStorageService.swift in Sources */,
				D59914CE25F54062005F2F23 /* StringLocalized.swift in Sources */,
				D5E7511626496F6200C2D20A /* TextView.swift in Sources */,
				D5C1E76D25EA604A00B96DE7 /* RootView.swift in Sources */,
				D5BA4406260A2F51004D5B36 /* UsersRepository.swift in Sources */,
				D55CC7A125F6C77500E5C04F /* WishDetailsModuleBuilder.swift in Sources */,
			);
			runOnlyForDeploymentPostprocessing = 0;
		};
		D552C8FB25E409AB000E2196 /* Sources */ = {
			isa = PBXSourcesBuildPhase;
			buildActionMask = 2147483647;
			files = (
				D552C90425E409AB000E2196 /* WishBookTests.swift in Sources */,
			);
			runOnlyForDeploymentPostprocessing = 0;
		};
		D552C90625E409AB000E2196 /* Sources */ = {
			isa = PBXSourcesBuildPhase;
			buildActionMask = 2147483647;
			files = (
				D552C90F25E409AB000E2196 /* WishBookUITests.swift in Sources */,
			);
			runOnlyForDeploymentPostprocessing = 0;
		};
/* End PBXSourcesBuildPhase section */

/* Begin PBXTargetDependency section */
		D552C90125E409AB000E2196 /* PBXTargetDependency */ = {
			isa = PBXTargetDependency;
			target = D552C8E525E409A9000E2196 /* WishBook */;
			targetProxy = D552C90025E409AB000E2196 /* PBXContainerItemProxy */;
		};
		D552C90C25E409AB000E2196 /* PBXTargetDependency */ = {
			isa = PBXTargetDependency;
			target = D552C8E525E409A9000E2196 /* WishBook */;
			targetProxy = D552C90B25E409AB000E2196 /* PBXContainerItemProxy */;
		};
/* End PBXTargetDependency section */

/* Begin PBXVariantGroup section */
		D552C8F725E409AB000E2196 /* LaunchScreen.storyboard */ = {
			isa = PBXVariantGroup;
			children = (
				D552C8F825E409AB000E2196 /* Base */,
			);
			name = LaunchScreen.storyboard;
			sourceTree = "<group>";
		};
/* End PBXVariantGroup section */

/* Begin XCBuildConfiguration section */
		D552C91125E409AB000E2196 /* Debug */ = {
			isa = XCBuildConfiguration;
			buildSettings = {
				ALWAYS_SEARCH_USER_PATHS = NO;
				CLANG_ANALYZER_NONNULL = YES;
				CLANG_ANALYZER_NUMBER_OBJECT_CONVERSION = YES_AGGRESSIVE;
				CLANG_CXX_LANGUAGE_STANDARD = "gnu++14";
				CLANG_CXX_LIBRARY = "libc++";
				CLANG_ENABLE_MODULES = YES;
				CLANG_ENABLE_OBJC_ARC = YES;
				CLANG_ENABLE_OBJC_WEAK = YES;
				CLANG_WARN_BLOCK_CAPTURE_AUTORELEASING = YES;
				CLANG_WARN_BOOL_CONVERSION = YES;
				CLANG_WARN_COMMA = YES;
				CLANG_WARN_CONSTANT_CONVERSION = YES;
				CLANG_WARN_DEPRECATED_OBJC_IMPLEMENTATIONS = YES;
				CLANG_WARN_DIRECT_OBJC_ISA_USAGE = YES_ERROR;
				CLANG_WARN_DOCUMENTATION_COMMENTS = YES;
				CLANG_WARN_EMPTY_BODY = YES;
				CLANG_WARN_ENUM_CONVERSION = YES;
				CLANG_WARN_INFINITE_RECURSION = YES;
				CLANG_WARN_INT_CONVERSION = YES;
				CLANG_WARN_NON_LITERAL_NULL_CONVERSION = YES;
				CLANG_WARN_OBJC_IMPLICIT_RETAIN_SELF = YES;
				CLANG_WARN_OBJC_LITERAL_CONVERSION = YES;
				CLANG_WARN_OBJC_ROOT_CLASS = YES_ERROR;
				CLANG_WARN_QUOTED_INCLUDE_IN_FRAMEWORK_HEADER = YES;
				CLANG_WARN_RANGE_LOOP_ANALYSIS = YES;
				CLANG_WARN_STRICT_PROTOTYPES = YES;
				CLANG_WARN_SUSPICIOUS_MOVE = YES;
				CLANG_WARN_UNGUARDED_AVAILABILITY = YES_AGGRESSIVE;
				CLANG_WARN_UNREACHABLE_CODE = YES;
				CLANG_WARN__DUPLICATE_METHOD_MATCH = YES;
				COPY_PHASE_STRIP = NO;
				DEBUG_INFORMATION_FORMAT = dwarf;
				ENABLE_STRICT_OBJC_MSGSEND = YES;
				ENABLE_TESTABILITY = YES;
				GCC_C_LANGUAGE_STANDARD = gnu11;
				GCC_DYNAMIC_NO_PIC = NO;
				GCC_NO_COMMON_BLOCKS = YES;
				GCC_OPTIMIZATION_LEVEL = 0;
				GCC_PREPROCESSOR_DEFINITIONS = (
					"DEBUG=1",
					"$(inherited)",
				);
				GCC_WARN_64_TO_32_BIT_CONVERSION = YES;
				GCC_WARN_ABOUT_RETURN_TYPE = YES_ERROR;
				GCC_WARN_UNDECLARED_SELECTOR = YES;
				GCC_WARN_UNINITIALIZED_AUTOS = YES_AGGRESSIVE;
				GCC_WARN_UNUSED_FUNCTION = YES;
				GCC_WARN_UNUSED_VARIABLE = YES;
				IPHONEOS_DEPLOYMENT_TARGET = 14.4;
				MTL_ENABLE_DEBUG_INFO = INCLUDE_SOURCE;
				MTL_FAST_MATH = YES;
				ONLY_ACTIVE_ARCH = YES;
				SDKROOT = iphoneos;
				SWIFT_ACTIVE_COMPILATION_CONDITIONS = DEBUG;
				SWIFT_OPTIMIZATION_LEVEL = "-Onone";
			};
			name = Debug;
		};
		D552C91225E409AB000E2196 /* Release */ = {
			isa = XCBuildConfiguration;
			buildSettings = {
				ALWAYS_SEARCH_USER_PATHS = NO;
				CLANG_ANALYZER_NONNULL = YES;
				CLANG_ANALYZER_NUMBER_OBJECT_CONVERSION = YES_AGGRESSIVE;
				CLANG_CXX_LANGUAGE_STANDARD = "gnu++14";
				CLANG_CXX_LIBRARY = "libc++";
				CLANG_ENABLE_MODULES = YES;
				CLANG_ENABLE_OBJC_ARC = YES;
				CLANG_ENABLE_OBJC_WEAK = YES;
				CLANG_WARN_BLOCK_CAPTURE_AUTORELEASING = YES;
				CLANG_WARN_BOOL_CONVERSION = YES;
				CLANG_WARN_COMMA = YES;
				CLANG_WARN_CONSTANT_CONVERSION = YES;
				CLANG_WARN_DEPRECATED_OBJC_IMPLEMENTATIONS = YES;
				CLANG_WARN_DIRECT_OBJC_ISA_USAGE = YES_ERROR;
				CLANG_WARN_DOCUMENTATION_COMMENTS = YES;
				CLANG_WARN_EMPTY_BODY = YES;
				CLANG_WARN_ENUM_CONVERSION = YES;
				CLANG_WARN_INFINITE_RECURSION = YES;
				CLANG_WARN_INT_CONVERSION = YES;
				CLANG_WARN_NON_LITERAL_NULL_CONVERSION = YES;
				CLANG_WARN_OBJC_IMPLICIT_RETAIN_SELF = YES;
				CLANG_WARN_OBJC_LITERAL_CONVERSION = YES;
				CLANG_WARN_OBJC_ROOT_CLASS = YES_ERROR;
				CLANG_WARN_QUOTED_INCLUDE_IN_FRAMEWORK_HEADER = YES;
				CLANG_WARN_RANGE_LOOP_ANALYSIS = YES;
				CLANG_WARN_STRICT_PROTOTYPES = YES;
				CLANG_WARN_SUSPICIOUS_MOVE = YES;
				CLANG_WARN_UNGUARDED_AVAILABILITY = YES_AGGRESSIVE;
				CLANG_WARN_UNREACHABLE_CODE = YES;
				CLANG_WARN__DUPLICATE_METHOD_MATCH = YES;
				COPY_PHASE_STRIP = NO;
				DEBUG_INFORMATION_FORMAT = "dwarf-with-dsym";
				ENABLE_NS_ASSERTIONS = NO;
				ENABLE_STRICT_OBJC_MSGSEND = YES;
				GCC_C_LANGUAGE_STANDARD = gnu11;
				GCC_NO_COMMON_BLOCKS = YES;
				GCC_WARN_64_TO_32_BIT_CONVERSION = YES;
				GCC_WARN_ABOUT_RETURN_TYPE = YES_ERROR;
				GCC_WARN_UNDECLARED_SELECTOR = YES;
				GCC_WARN_UNINITIALIZED_AUTOS = YES_AGGRESSIVE;
				GCC_WARN_UNUSED_FUNCTION = YES;
				GCC_WARN_UNUSED_VARIABLE = YES;
				IPHONEOS_DEPLOYMENT_TARGET = 14.4;
				MTL_ENABLE_DEBUG_INFO = NO;
				MTL_FAST_MATH = YES;
				SDKROOT = iphoneos;
				SWIFT_COMPILATION_MODE = wholemodule;
				SWIFT_OPTIMIZATION_LEVEL = "-O";
				VALIDATE_PRODUCT = YES;
			};
			name = Release;
		};
		D552C91425E409AB000E2196 /* Debug */ = {
			isa = XCBuildConfiguration;
			buildSettings = {
				ASSETCATALOG_COMPILER_APPICON_NAME = AppIcon;
				ASSETCATALOG_COMPILER_GLOBAL_ACCENT_COLOR_NAME = AccentColor;
				CODE_SIGN_STYLE = Automatic;
				DEVELOPMENT_ASSET_PATHS = "\"WishBook/Preview Content\"";
				DEVELOPMENT_TEAM = KVLZH7HMMQ;
				ENABLE_PREVIEWS = YES;
				INFOPLIST_FILE = "$(SRCROOT)/WishBook/App/Info.plist";
				IPHONEOS_DEPLOYMENT_TARGET = 13.0;
				LD_RUNPATH_SEARCH_PATHS = (
					"$(inherited)",
					"@executable_path/Frameworks",
				);
				PRODUCT_BUNDLE_IDENTIFIER = va.slobodianiuk.WishBook;
				PRODUCT_NAME = "$(TARGET_NAME)";
				SWIFT_VERSION = 5.0;
				TARGETED_DEVICE_FAMILY = 1;
			};
			name = Debug;
		};
		D552C91525E409AB000E2196 /* Release */ = {
			isa = XCBuildConfiguration;
			buildSettings = {
				ASSETCATALOG_COMPILER_APPICON_NAME = AppIcon;
				ASSETCATALOG_COMPILER_GLOBAL_ACCENT_COLOR_NAME = AccentColor;
				CODE_SIGN_STYLE = Automatic;
				DEVELOPMENT_ASSET_PATHS = "\"WishBook/Preview Content\"";
				DEVELOPMENT_TEAM = KVLZH7HMMQ;
				ENABLE_PREVIEWS = YES;
				INFOPLIST_FILE = "$(SRCROOT)/WishBook/App/Info.plist";
				IPHONEOS_DEPLOYMENT_TARGET = 13.0;
				LD_RUNPATH_SEARCH_PATHS = (
					"$(inherited)",
					"@executable_path/Frameworks",
				);
				PRODUCT_BUNDLE_IDENTIFIER = va.slobodianiuk.WishBook;
				PRODUCT_NAME = "$(TARGET_NAME)";
				SWIFT_VERSION = 5.0;
				TARGETED_DEVICE_FAMILY = 1;
			};
			name = Release;
		};
		D552C91725E409AB000E2196 /* Debug */ = {
			isa = XCBuildConfiguration;
			buildSettings = {
				ALWAYS_EMBED_SWIFT_STANDARD_LIBRARIES = YES;
				BUNDLE_LOADER = "$(TEST_HOST)";
				CODE_SIGN_STYLE = Automatic;
				DEVELOPMENT_TEAM = KVLZH7HMMQ;
				INFOPLIST_FILE = WishBookTests/Info.plist;
				IPHONEOS_DEPLOYMENT_TARGET = 14.4;
				LD_RUNPATH_SEARCH_PATHS = (
					"$(inherited)",
					"@executable_path/Frameworks",
					"@loader_path/Frameworks",
				);
				PRODUCT_BUNDLE_IDENTIFIER = va.slobodianiuk.WishBookTests;
				PRODUCT_NAME = "$(TARGET_NAME)";
				SWIFT_VERSION = 5.0;
				TARGETED_DEVICE_FAMILY = "1,2";
				TEST_HOST = "$(BUILT_PRODUCTS_DIR)/WishBook.app/WishBook";
			};
			name = Debug;
		};
		D552C91825E409AB000E2196 /* Release */ = {
			isa = XCBuildConfiguration;
			buildSettings = {
				ALWAYS_EMBED_SWIFT_STANDARD_LIBRARIES = YES;
				BUNDLE_LOADER = "$(TEST_HOST)";
				CODE_SIGN_STYLE = Automatic;
				DEVELOPMENT_TEAM = KVLZH7HMMQ;
				INFOPLIST_FILE = WishBookTests/Info.plist;
				IPHONEOS_DEPLOYMENT_TARGET = 14.4;
				LD_RUNPATH_SEARCH_PATHS = (
					"$(inherited)",
					"@executable_path/Frameworks",
					"@loader_path/Frameworks",
				);
				PRODUCT_BUNDLE_IDENTIFIER = va.slobodianiuk.WishBookTests;
				PRODUCT_NAME = "$(TARGET_NAME)";
				SWIFT_VERSION = 5.0;
				TARGETED_DEVICE_FAMILY = "1,2";
				TEST_HOST = "$(BUILT_PRODUCTS_DIR)/WishBook.app/WishBook";
			};
			name = Release;
		};
		D552C91A25E409AB000E2196 /* Debug */ = {
			isa = XCBuildConfiguration;
			buildSettings = {
				ALWAYS_EMBED_SWIFT_STANDARD_LIBRARIES = YES;
				CODE_SIGN_STYLE = Automatic;
				DEVELOPMENT_TEAM = KVLZH7HMMQ;
				INFOPLIST_FILE = WishBookUITests/Info.plist;
				LD_RUNPATH_SEARCH_PATHS = (
					"$(inherited)",
					"@executable_path/Frameworks",
					"@loader_path/Frameworks",
				);
				PRODUCT_BUNDLE_IDENTIFIER = va.slobodianiuk.WishBookUITests;
				PRODUCT_NAME = "$(TARGET_NAME)";
				SWIFT_VERSION = 5.0;
				TARGETED_DEVICE_FAMILY = "1,2";
				TEST_TARGET_NAME = WishBook;
			};
			name = Debug;
		};
		D552C91B25E409AB000E2196 /* Release */ = {
			isa = XCBuildConfiguration;
			buildSettings = {
				ALWAYS_EMBED_SWIFT_STANDARD_LIBRARIES = YES;
				CODE_SIGN_STYLE = Automatic;
				DEVELOPMENT_TEAM = KVLZH7HMMQ;
				INFOPLIST_FILE = WishBookUITests/Info.plist;
				LD_RUNPATH_SEARCH_PATHS = (
					"$(inherited)",
					"@executable_path/Frameworks",
					"@loader_path/Frameworks",
				);
				PRODUCT_BUNDLE_IDENTIFIER = va.slobodianiuk.WishBookUITests;
				PRODUCT_NAME = "$(TARGET_NAME)";
				SWIFT_VERSION = 5.0;
				TARGETED_DEVICE_FAMILY = "1,2";
				TEST_TARGET_NAME = WishBook;
			};
			name = Release;
		};
/* End XCBuildConfiguration section */

/* Begin XCConfigurationList section */
		D552C8E125E409A9000E2196 /* Build configuration list for PBXProject "WishBook" */ = {
			isa = XCConfigurationList;
			buildConfigurations = (
				D552C91125E409AB000E2196 /* Debug */,
				D552C91225E409AB000E2196 /* Release */,
			);
			defaultConfigurationIsVisible = 0;
			defaultConfigurationName = Release;
		};
		D552C91325E409AB000E2196 /* Build configuration list for PBXNativeTarget "WishBook" */ = {
			isa = XCConfigurationList;
			buildConfigurations = (
				D552C91425E409AB000E2196 /* Debug */,
				D552C91525E409AB000E2196 /* Release */,
			);
			defaultConfigurationIsVisible = 0;
			defaultConfigurationName = Release;
		};
		D552C91625E409AB000E2196 /* Build configuration list for PBXNativeTarget "WishBookTests" */ = {
			isa = XCConfigurationList;
			buildConfigurations = (
				D552C91725E409AB000E2196 /* Debug */,
				D552C91825E409AB000E2196 /* Release */,
			);
			defaultConfigurationIsVisible = 0;
			defaultConfigurationName = Release;
		};
		D552C91925E409AB000E2196 /* Build configuration list for PBXNativeTarget "WishBookUITests" */ = {
			isa = XCConfigurationList;
			buildConfigurations = (
				D552C91A25E409AB000E2196 /* Debug */,
				D552C91B25E409AB000E2196 /* Release */,
			);
			defaultConfigurationIsVisible = 0;
			defaultConfigurationName = Release;
		};
/* End XCConfigurationList section */

/* Begin XCRemoteSwiftPackageReference section */
		D5FB2E0326C645160036B4E9 /* XCRemoteSwiftPackageReference "firebase-ios-sdk" */ = {
			isa = XCRemoteSwiftPackageReference;
			repositoryURL = "https://github.com/firebase/firebase-ios-sdk.git";
			requirement = {
				kind = upToNextMajorVersion;
				minimumVersion = 8.5.0;
			};
		};
		D5FB2E1226C645550036B4E9 /* XCRemoteSwiftPackageReference "GoogleSignIn-iOS" */ = {
			isa = XCRemoteSwiftPackageReference;
			repositoryURL = "https://github.com/google/GoogleSignIn-iOS";
			requirement = {
				kind = upToNextMajorVersion;
				minimumVersion = 6.0.1;
			};
		};
/* End XCRemoteSwiftPackageReference section */

/* Begin XCSwiftPackageProductDependency section */
		D5FB2E0426C645160036B4E9 /* FirebaseFirestore */ = {
			isa = XCSwiftPackageProductDependency;
			package = D5FB2E0326C645160036B4E9 /* XCRemoteSwiftPackageReference "firebase-ios-sdk" */;
			productName = FirebaseFirestore;
		};
		D5FB2E0626C645160036B4E9 /* FirebaseFirestoreSwift-Beta */ = {
			isa = XCSwiftPackageProductDependency;
			package = D5FB2E0326C645160036B4E9 /* XCRemoteSwiftPackageReference "firebase-ios-sdk" */;
			productName = "FirebaseFirestoreSwift-Beta";
		};
		D5FB2E0826C645160036B4E9 /* FirebaseAnalytics */ = {
			isa = XCSwiftPackageProductDependency;
			package = D5FB2E0326C645160036B4E9 /* XCRemoteSwiftPackageReference "firebase-ios-sdk" */;
			productName = FirebaseAnalytics;
		};
		D5FB2E0A26C645160036B4E9 /* FirebaseStorage */ = {
			isa = XCSwiftPackageProductDependency;
			package = D5FB2E0326C645160036B4E9 /* XCRemoteSwiftPackageReference "firebase-ios-sdk" */;
			productName = FirebaseStorage;
		};
		D5FB2E0C26C645160036B4E9 /* FirebaseCrashlytics */ = {
			isa = XCSwiftPackageProductDependency;
			package = D5FB2E0326C645160036B4E9 /* XCRemoteSwiftPackageReference "firebase-ios-sdk" */;
			productName = FirebaseCrashlytics;
		};
		D5FB2E0E26C645160036B4E9 /* FirebaseAuth */ = {
			isa = XCSwiftPackageProductDependency;
			package = D5FB2E0326C645160036B4E9 /* XCRemoteSwiftPackageReference "firebase-ios-sdk" */;
			productName = FirebaseAuth;
		};
		D5FB2E1026C645160036B4E9 /* FirebaseDynamicLinks */ = {
			isa = XCSwiftPackageProductDependency;
			package = D5FB2E0326C645160036B4E9 /* XCRemoteSwiftPackageReference "firebase-ios-sdk" */;
			productName = FirebaseDynamicLinks;
		};
		D5FB2E1326C645550036B4E9 /* GoogleSignIn */ = {
			isa = XCSwiftPackageProductDependency;
			package = D5FB2E1226C645550036B4E9 /* XCRemoteSwiftPackageReference "GoogleSignIn-iOS" */;
			productName = GoogleSignIn;
		};
/* End XCSwiftPackageProductDependency section */
	};
	rootObject = D552C8DE25E409A9000E2196 /* Project object */;
}
