// !$*UTF8*$!
{
	archiveVersion = 1;
	classes = {
	};
	objectVersion = 52;
	objects = {

/* Begin PBXBuildFile section */
		D50FE2A6264C35080083197B /* UserPageView.swift in Sources */ = {isa = PBXBuildFile; fileRef = D50FE2A5264C35080083197B /* UserPageView.swift */; };
		D5168C63278D817400FFC1CB /* ResetPasswordView.swift in Sources */ = {isa = PBXBuildFile; fileRef = D5168C62278D817400FFC1CB /* ResetPasswordView.swift */; };
		D5168C68278DD3AE00FFC1CB /* CryptoService.swift in Sources */ = {isa = PBXBuildFile; fileRef = D5168C67278DD3AE00FFC1CB /* CryptoService.swift */; };
		D51802192775DD7D00AFD34C /* Di.swift in Sources */ = {isa = PBXBuildFile; fileRef = D51802182775DD7D00AFD34C /* Di.swift */; };
		D519385B2758B895005BF7B5 /* BlurView.swift in Sources */ = {isa = PBXBuildFile; fileRef = D519385A2758B895005BF7B5 /* BlurView.swift */; };
		D5362226276CAF7B003035FF /* WishListService.swift in Sources */ = {isa = PBXBuildFile; fileRef = D5362225276CAF7B003035FF /* WishListService.swift */; };
		D5362228276CB004003035FF /* ProfileService.swift in Sources */ = {isa = PBXBuildFile; fileRef = D5362227276CB004003035FF /* ProfileService.swift */; };
		D536222A276CB90F003035FF /* profileMiddleware.swift in Sources */ = {isa = PBXBuildFile; fileRef = D5362229276CB90F003035FF /* profileMiddleware.swift */; };
		D53D0E1525F3B64500E5C2D7 /* CompositeAppDelegate.swift in Sources */ = {isa = PBXBuildFile; fileRef = D53D0E1425F3B64500E5C2D7 /* CompositeAppDelegate.swift */; };
		D53D0E1A25F3B74200E5C2D7 /* GoogleAppDelegate.swift in Sources */ = {isa = PBXBuildFile; fileRef = D53D0E1925F3B74200E5C2D7 /* GoogleAppDelegate.swift */; };
		D53D0E2525F3B96500E5C2D7 /* AppDelegateFactory.swift in Sources */ = {isa = PBXBuildFile; fileRef = D53D0E2425F3B96500E5C2D7 /* AppDelegateFactory.swift */; };
		D53D0E2A25F4150B00E5C2D7 /* UserDefaultsStorage.swift in Sources */ = {isa = PBXBuildFile; fileRef = D53D0E2925F4150B00E5C2D7 /* UserDefaultsStorage.swift */; };
		D53D0E2F25F429C900E5C2D7 /* MainTabView.swift in Sources */ = {isa = PBXBuildFile; fileRef = D53D0E2E25F429C900E5C2D7 /* MainTabView.swift */; };
		D53F493A276A57C8000A9738 /* ReduxCore in Frameworks */ = {isa = PBXBuildFile; productRef = D53F4939276A57C8000A9738 /* ReduxCore */; };
		D53F493C276A686E000A9738 /* AppState.swift in Sources */ = {isa = PBXBuildFile; fileRef = D53F493B276A686E000A9738 /* AppState.swift */; };
		D53F4940276A688E000A9738 /* AppAction.swift in Sources */ = {isa = PBXBuildFile; fileRef = D53F493F276A688E000A9738 /* AppAction.swift */; };
		D53F4943276A69BE000A9738 /* AuthState.swift in Sources */ = {isa = PBXBuildFile; fileRef = D53F4942276A69BE000A9738 /* AuthState.swift */; };
		D53F4945276A69C6000A9738 /* WishesState.swift in Sources */ = {isa = PBXBuildFile; fileRef = D53F4944276A69C6000A9738 /* WishesState.swift */; };
		D53F4947276A69DF000A9738 /* ProfileState.swift in Sources */ = {isa = PBXBuildFile; fileRef = D53F4946276A69DF000A9738 /* ProfileState.swift */; };
		D53F4949276A6A2C000A9738 /* ProfileAction.swift in Sources */ = {isa = PBXBuildFile; fileRef = D53F4948276A6A2C000A9738 /* ProfileAction.swift */; };
		D53F494B276A6A4A000A9738 /* AuthAction.swift in Sources */ = {isa = PBXBuildFile; fileRef = D53F494A276A6A4A000A9738 /* AuthAction.swift */; };
		D53F494D276A6A59000A9738 /* WishesAction.swift in Sources */ = {isa = PBXBuildFile; fileRef = D53F494C276A6A59000A9738 /* WishesAction.swift */; };
		D53F494F276A6B3B000A9738 /* AppReducer.swift in Sources */ = {isa = PBXBuildFile; fileRef = D53F494E276A6B3B000A9738 /* AppReducer.swift */; };
		D53F4952276A6B8F000A9738 /* AuthReducer.swift in Sources */ = {isa = PBXBuildFile; fileRef = D53F4951276A6B8F000A9738 /* AuthReducer.swift */; };
		D53F4954276A6B96000A9738 /* ProfileReducer.swift in Sources */ = {isa = PBXBuildFile; fileRef = D53F4953276A6B96000A9738 /* ProfileReducer.swift */; };
		D53F4956276A6B9D000A9738 /* WishesReducer.swift in Sources */ = {isa = PBXBuildFile; fileRef = D53F4955276A6B9D000A9738 /* WishesReducer.swift */; };
		D53F4959276A6FF0000A9738 /* ScreenFactory.swift in Sources */ = {isa = PBXBuildFile; fileRef = D53F4958276A6FF0000A9738 /* ScreenFactory.swift */; };
		D53F495B276B44E0000A9738 /* AppStore.swift in Sources */ = {isa = PBXBuildFile; fileRef = D53F495A276B44E0000A9738 /* AppStore.swift */; };
		D53F495D276B4AF8000A9738 /* AuthMiddleware.swift in Sources */ = {isa = PBXBuildFile; fileRef = D53F495C276B4AF8000A9738 /* AuthMiddleware.swift */; };
		D5442BA126809C1400BB1F5A /* LinkDataView.swift in Sources */ = {isa = PBXBuildFile; fileRef = D5442BA026809C1400BB1F5A /* LinkDataView.swift */; };
		D547FE4526C9883D00049B57 /* SDWebImageSwiftUI in Frameworks */ = {isa = PBXBuildFile; productRef = D547FE4426C9883D00049B57 /* SDWebImageSwiftUI */; };
		D552C8EA25E409A9000E2196 /* AppDelegate.swift in Sources */ = {isa = PBXBuildFile; fileRef = D552C8E925E409A9000E2196 /* AppDelegate.swift */; };
		D552C8EC25E409A9000E2196 /* SceneDelegate.swift in Sources */ = {isa = PBXBuildFile; fileRef = D552C8EB25E409A9000E2196 /* SceneDelegate.swift */; };
		D552C8EE25E409A9000E2196 /* LoginView.swift in Sources */ = {isa = PBXBuildFile; fileRef = D552C8ED25E409A9000E2196 /* LoginView.swift */; };
		D552C8F325E409AB000E2196 /* Assets.xcassets in Resources */ = {isa = PBXBuildFile; fileRef = D552C8F225E409AB000E2196 /* Assets.xcassets */; };
		D552C8F625E409AB000E2196 /* Preview Assets.xcassets in Resources */ = {isa = PBXBuildFile; fileRef = D552C8F525E409AB000E2196 /* Preview Assets.xcassets */; };
		D552C8F925E409AB000E2196 /* LaunchScreen.storyboard in Resources */ = {isa = PBXBuildFile; fileRef = D552C8F725E409AB000E2196 /* LaunchScreen.storyboard */; };
		D552C90425E409AB000E2196 /* WishBookTests.swift in Sources */ = {isa = PBXBuildFile; fileRef = D552C90325E409AB000E2196 /* WishBookTests.swift */; };
		D552C90F25E409AB000E2196 /* WishBookUITests.swift in Sources */ = {isa = PBXBuildFile; fileRef = D552C90E25E409AB000E2196 /* WishBookUITests.swift */; };
		D552C95625E40ED1000E2196 /* GoogleService-Info.plist in Resources */ = {isa = PBXBuildFile; fileRef = D552C95525E40ED1000E2196 /* GoogleService-Info.plist */; };
		D55CC74A25F546FC00E5C04F /* ProfileModel.swift in Sources */ = {isa = PBXBuildFile; fileRef = D55CC74925F546FC00E5C04F /* ProfileModel.swift */; };
		D55CC74F25F54BE300E5C04F /* EditProfileView.swift in Sources */ = {isa = PBXBuildFile; fileRef = D55CC74E25F54BE300E5C04F /* EditProfileView.swift */; };
		D55CC76F25F6A37100E5C04F /* FirestoreCollection.swift in Sources */ = {isa = PBXBuildFile; fileRef = D55CC76E25F6A37100E5C04F /* FirestoreCollection.swift */; };
		D55CC78025F6BE7300E5C04F /* WishListModel.swift in Sources */ = {isa = PBXBuildFile; fileRef = D55CC77F25F6BE7300E5C04F /* WishListModel.swift */; };
		D55CC79C25F6C6A100E5C04F /* WishDetailsView.swift in Sources */ = {isa = PBXBuildFile; fileRef = D55CC79B25F6C6A100E5C04F /* WishDetailsView.swift */; };
		D56B190D2602785700F7031C /* GoogleAuthService.swift in Sources */ = {isa = PBXBuildFile; fileRef = D56B190C2602785700F7031C /* GoogleAuthService.swift */; };
		D573367B2611E47300C11EC0 /* GlobalSearchCell.swift in Sources */ = {isa = PBXBuildFile; fileRef = D573367A2611E47300C11EC0 /* GlobalSearchCell.swift */; };
		D57336802611E4A700C11EC0 /* UIExtensions.swift in Sources */ = {isa = PBXBuildFile; fileRef = D573367F2611E4A700C11EC0 /* UIExtensions.swift */; };
		D576CA8C278708940083AB7B /* ChangePasswordView.swift in Sources */ = {isa = PBXBuildFile; fileRef = D576CA8B278708940083AB7B /* ChangePasswordView.swift */; };
		D576CA8E278733EC0083AB7B /* CustomStyles.swift in Sources */ = {isa = PBXBuildFile; fileRef = D576CA8D278733EC0083AB7B /* CustomStyles.swift */; };
		D576CA90278734170083AB7B /* PasswordPromptView.swift in Sources */ = {isa = PBXBuildFile; fileRef = D576CA8F278734170083AB7B /* PasswordPromptView.swift */; };
		D576CA92278739CA0083AB7B /* WarningText.swift in Sources */ = {isa = PBXBuildFile; fileRef = D576CA91278739CA0083AB7B /* WarningText.swift */; };
		D58D27BA2718285B00F9A91B /* PeopleFilter.swift in Sources */ = {isa = PBXBuildFile; fileRef = D58D27B92718285B00F9A91B /* PeopleFilter.swift */; };
		D599142725F52879005F2F23 /* PeopleView.swift in Sources */ = {isa = PBXBuildFile; fileRef = D599142625F52879005F2F23 /* PeopleView.swift */; };
		D599142C25F528C9005F2F23 /* WishListView.swift in Sources */ = {isa = PBXBuildFile; fileRef = D599142B25F528C9005F2F23 /* WishListView.swift */; };
		D599143125F528DC005F2F23 /* ProfileView.swift in Sources */ = {isa = PBXBuildFile; fileRef = D599143025F528DC005F2F23 /* ProfileView.swift */; };
		D599145125F53785005F2F23 /* PeopleViewModel.swift in Sources */ = {isa = PBXBuildFile; fileRef = D599145025F53785005F2F23 /* PeopleViewModel.swift */; };
		D599146025F53C12005F2F23 /* Colors.xcassets in Resources */ = {isa = PBXBuildFile; fileRef = D599145F25F53C12005F2F23 /* Colors.xcassets */; };
		D599146525F53DAD005F2F23 /* Colors.swift in Sources */ = {isa = PBXBuildFile; fileRef = D599146425F53DAD005F2F23 /* Colors.swift */; };
		D59914C925F53FD9005F2F23 /* Localizable.strings in Resources */ = {isa = PBXBuildFile; fileRef = D59914C825F53FD9005F2F23 /* Localizable.strings */; };
		D59914CE25F54062005F2F23 /* StringLocalized.swift in Sources */ = {isa = PBXBuildFile; fileRef = D59914CD25F54062005F2F23 /* StringLocalized.swift */; };
		D5A1825C2773BA410099709C /* PeopleState.swift in Sources */ = {isa = PBXBuildFile; fileRef = D5A1825B2773BA410099709C /* PeopleState.swift */; };
		D5A1825E2773BA600099709C /* PeopleAction.swift in Sources */ = {isa = PBXBuildFile; fileRef = D5A1825D2773BA600099709C /* PeopleAction.swift */; };
		D5A182602773BAA40099709C /* PeopleReducer.swift in Sources */ = {isa = PBXBuildFile; fileRef = D5A1825F2773BAA40099709C /* PeopleReducer.swift */; };
		D5A182622773BBDA0099709C /* peopleMiddleware.swift in Sources */ = {isa = PBXBuildFile; fileRef = D5A182612773BBDA0099709C /* peopleMiddleware.swift */; };
		D5A182642773BCF60099709C /* PeopleService.swift in Sources */ = {isa = PBXBuildFile; fileRef = D5A182632773BCF60099709C /* PeopleService.swift */; };
		D5A4B67B276E0B9F00309E03 /* wishesMiddleware.swift in Sources */ = {isa = PBXBuildFile; fileRef = D5A4B67A276E0B9F00309E03 /* wishesMiddleware.swift */; };
		D5B7F01726815B0900D578F1 /* MetaCache.swift in Sources */ = {isa = PBXBuildFile; fileRef = D5B7F01626815B0900D578F1 /* MetaCache.swift */; };
		D5B7F01C26815BC800D578F1 /* LinkContainerView.swift in Sources */ = {isa = PBXBuildFile; fileRef = D5B7F01B26815BC800D578F1 /* LinkContainerView.swift */; };
		D5BBC79C277DFE9D0048CBF4 /* SearchTextFieldView.swift in Sources */ = {isa = PBXBuildFile; fileRef = D5BBC79B277DFE9D0048CBF4 /* SearchTextFieldView.swift */; };
		D5C1E76D25EA604A00B96DE7 /* RootView.swift in Sources */ = {isa = PBXBuildFile; fileRef = D5C1E76C25EA604A00B96DE7 /* RootView.swift */; };
		D5C5869A26C93BA400BFF6A5 /* ImagePicker.swift in Sources */ = {isa = PBXBuildFile; fileRef = D5C5869926C93BA400BFF6A5 /* ImagePicker.swift */; };
		D5C5869E26C97FF400BFF6A5 /* FirebaseStorageService.swift in Sources */ = {isa = PBXBuildFile; fileRef = D5C5869D26C97FF400BFF6A5 /* FirebaseStorageService.swift */; };
		D5C5BBEF277DB9540034E989 /* Globals.swift in Sources */ = {isa = PBXBuildFile; fileRef = D5C5BBEE277DB9540034E989 /* Globals.swift */; };
		D5C7C5AC2786E62600A3613B /* WishState.swift in Sources */ = {isa = PBXBuildFile; fileRef = D5C7C5AB2786E62600A3613B /* WishState.swift */; };
		D5CE4F882718518D009B4644 /* StatisticBlockView.swift in Sources */ = {isa = PBXBuildFile; fileRef = D5CE4F872718518D009B4644 /* StatisticBlockView.swift */; };
		D5D33E45277F3503008CE277 /* Environment+Extension.swift in Sources */ = {isa = PBXBuildFile; fileRef = D5D33E44277F3503008CE277 /* Environment+Extension.swift */; };
		D5D33E47277F35A4008CE277 /* TabItems.swift in Sources */ = {isa = PBXBuildFile; fileRef = D5D33E46277F35A4008CE277 /* TabItems.swift */; };
		D5DE3AB42785E9BF00E09106 /* WishCellView.swift in Sources */ = {isa = PBXBuildFile; fileRef = D5DE3AB32785E9BF00E09106 /* WishCellView.swift */; };
		D5E62F2C2611E96C0094BAF9 /* SearchView.swift in Sources */ = {isa = PBXBuildFile; fileRef = D5E62F2B2611E96C0094BAF9 /* SearchView.swift */; };
		D5E7511626496F6200C2D20A /* TextView.swift in Sources */ = {isa = PBXBuildFile; fileRef = D5E7511526496F6200C2D20A /* TextView.swift */; };
		D5FB2E0526C645160036B4E9 /* FirebaseFirestore in Frameworks */ = {isa = PBXBuildFile; productRef = D5FB2E0426C645160036B4E9 /* FirebaseFirestore */; };
		D5FB2E0726C645160036B4E9 /* FirebaseFirestoreSwift-Beta in Frameworks */ = {isa = PBXBuildFile; productRef = D5FB2E0626C645160036B4E9 /* FirebaseFirestoreSwift-Beta */; };
		D5FB2E0926C645160036B4E9 /* FirebaseAnalytics in Frameworks */ = {isa = PBXBuildFile; productRef = D5FB2E0826C645160036B4E9 /* FirebaseAnalytics */; };
		D5FB2E0B26C645160036B4E9 /* FirebaseStorage in Frameworks */ = {isa = PBXBuildFile; productRef = D5FB2E0A26C645160036B4E9 /* FirebaseStorage */; };
		D5FB2E0D26C645160036B4E9 /* FirebaseCrashlytics in Frameworks */ = {isa = PBXBuildFile; productRef = D5FB2E0C26C645160036B4E9 /* FirebaseCrashlytics */; };
		D5FB2E0F26C645160036B4E9 /* FirebaseAuth in Frameworks */ = {isa = PBXBuildFile; productRef = D5FB2E0E26C645160036B4E9 /* FirebaseAuth */; };
		D5FB2E1126C645160036B4E9 /* FirebaseDynamicLinks in Frameworks */ = {isa = PBXBuildFile; productRef = D5FB2E1026C645160036B4E9 /* FirebaseDynamicLinks */; };
		D5FB2E1426C645550036B4E9 /* GoogleSignIn in Frameworks */ = {isa = PBXBuildFile; productRef = D5FB2E1326C645550036B4E9 /* GoogleSignIn */; };
/* End PBXBuildFile section */

/* Begin PBXContainerItemProxy section */
		D552C90025E409AB000E2196 /* PBXContainerItemProxy */ = {
			isa = PBXContainerItemProxy;
			containerPortal = D552C8DE25E409A9000E2196 /* Project object */;
			proxyType = 1;
			remoteGlobalIDString = D552C8E525E409A9000E2196;
			remoteInfo = WishBook;
		};
		D552C90B25E409AB000E2196 /* PBXContainerItemProxy */ = {
			isa = PBXContainerItemProxy;
			containerPortal = D552C8DE25E409A9000E2196 /* Project object */;
			proxyType = 1;
			remoteGlobalIDString = D552C8E525E409A9000E2196;
			remoteInfo = WishBook;
		};
/* End PBXContainerItemProxy section */

/* Begin PBXFileReference section */
		D50FE2A5264C35080083197B /* UserPageView.swift */ = {isa = PBXFileReference; lastKnownFileType = sourcecode.swift; path = UserPageView.swift; sourceTree = "<group>"; };
		D5168C62278D817400FFC1CB /* ResetPasswordView.swift */ = {isa = PBXFileReference; lastKnownFileType = sourcecode.swift; path = ResetPasswordView.swift; sourceTree = "<group>"; };
		D5168C64278DC10800FFC1CB /* WishBook.entitlements */ = {isa = PBXFileReference; lastKnownFileType = text.plist.entitlements; path = WishBook.entitlements; sourceTree = "<group>"; };
		D5168C67278DD3AE00FFC1CB /* CryptoService.swift */ = {isa = PBXFileReference; lastKnownFileType = sourcecode.swift; path = CryptoService.swift; sourceTree = "<group>"; };
		D51802182775DD7D00AFD34C /* Di.swift */ = {isa = PBXFileReference; lastKnownFileType = sourcecode.swift; path = Di.swift; sourceTree = "<group>"; };
		D519385A2758B895005BF7B5 /* BlurView.swift */ = {isa = PBXFileReference; lastKnownFileType = sourcecode.swift; path = BlurView.swift; sourceTree = "<group>"; };
		D5362225276CAF7B003035FF /* WishListService.swift */ = {isa = PBXFileReference; lastKnownFileType = sourcecode.swift; path = WishListService.swift; sourceTree = "<group>"; };
		D5362227276CB004003035FF /* ProfileService.swift */ = {isa = PBXFileReference; lastKnownFileType = sourcecode.swift; path = ProfileService.swift; sourceTree = "<group>"; };
		D5362229276CB90F003035FF /* profileMiddleware.swift */ = {isa = PBXFileReference; lastKnownFileType = sourcecode.swift; path = profileMiddleware.swift; sourceTree = "<group>"; };
		D53D0E1425F3B64500E5C2D7 /* CompositeAppDelegate.swift */ = {isa = PBXFileReference; lastKnownFileType = sourcecode.swift; path = CompositeAppDelegate.swift; sourceTree = "<group>"; };
		D53D0E1925F3B74200E5C2D7 /* GoogleAppDelegate.swift */ = {isa = PBXFileReference; lastKnownFileType = sourcecode.swift; path = GoogleAppDelegate.swift; sourceTree = "<group>"; };
		D53D0E2425F3B96500E5C2D7 /* AppDelegateFactory.swift */ = {isa = PBXFileReference; lastKnownFileType = sourcecode.swift; path = AppDelegateFactory.swift; sourceTree = "<group>"; };
		D53D0E2925F4150B00E5C2D7 /* UserDefaultsStorage.swift */ = {isa = PBXFileReference; lastKnownFileType = sourcecode.swift; path = UserDefaultsStorage.swift; sourceTree = "<group>"; };
		D53D0E2E25F429C900E5C2D7 /* MainTabView.swift */ = {isa = PBXFileReference; lastKnownFileType = sourcecode.swift; path = MainTabView.swift; sourceTree = "<group>"; };
		D53F493B276A686E000A9738 /* AppState.swift */ = {isa = PBXFileReference; lastKnownFileType = sourcecode.swift; path = AppState.swift; sourceTree = "<group>"; };
		D53F493F276A688E000A9738 /* AppAction.swift */ = {isa = PBXFileReference; lastKnownFileType = sourcecode.swift; path = AppAction.swift; sourceTree = "<group>"; };
		D53F4942276A69BE000A9738 /* AuthState.swift */ = {isa = PBXFileReference; lastKnownFileType = sourcecode.swift; path = AuthState.swift; sourceTree = "<group>"; };
		D53F4944276A69C6000A9738 /* WishesState.swift */ = {isa = PBXFileReference; lastKnownFileType = sourcecode.swift; path = WishesState.swift; sourceTree = "<group>"; };
		D53F4946276A69DF000A9738 /* ProfileState.swift */ = {isa = PBXFileReference; lastKnownFileType = sourcecode.swift; path = ProfileState.swift; sourceTree = "<group>"; };
		D53F4948276A6A2C000A9738 /* ProfileAction.swift */ = {isa = PBXFileReference; lastKnownFileType = sourcecode.swift; path = ProfileAction.swift; sourceTree = "<group>"; };
		D53F494A276A6A4A000A9738 /* AuthAction.swift */ = {isa = PBXFileReference; lastKnownFileType = sourcecode.swift; path = AuthAction.swift; sourceTree = "<group>"; };
		D53F494C276A6A59000A9738 /* WishesAction.swift */ = {isa = PBXFileReference; lastKnownFileType = sourcecode.swift; path = WishesAction.swift; sourceTree = "<group>"; };
		D53F494E276A6B3B000A9738 /* AppReducer.swift */ = {isa = PBXFileReference; lastKnownFileType = sourcecode.swift; path = AppReducer.swift; sourceTree = "<group>"; };
		D53F4951276A6B8F000A9738 /* AuthReducer.swift */ = {isa = PBXFileReference; lastKnownFileType = sourcecode.swift; path = AuthReducer.swift; sourceTree = "<group>"; };
		D53F4953276A6B96000A9738 /* ProfileReducer.swift */ = {isa = PBXFileReference; lastKnownFileType = sourcecode.swift; path = ProfileReducer.swift; sourceTree = "<group>"; };
		D53F4955276A6B9D000A9738 /* WishesReducer.swift */ = {isa = PBXFileReference; lastKnownFileType = sourcecode.swift; path = WishesReducer.swift; sourceTree = "<group>"; };
		D53F4958276A6FF0000A9738 /* ScreenFactory.swift */ = {isa = PBXFileReference; lastKnownFileType = sourcecode.swift; path = ScreenFactory.swift; sourceTree = "<group>"; };
		D53F495A276B44E0000A9738 /* AppStore.swift */ = {isa = PBXFileReference; lastKnownFileType = sourcecode.swift; path = AppStore.swift; sourceTree = "<group>"; };
		D53F495C276B4AF8000A9738 /* AuthMiddleware.swift */ = {isa = PBXFileReference; lastKnownFileType = sourcecode.swift; path = AuthMiddleware.swift; sourceTree = "<group>"; };
		D5442BA026809C1400BB1F5A /* LinkDataView.swift */ = {isa = PBXFileReference; lastKnownFileType = sourcecode.swift; path = LinkDataView.swift; sourceTree = "<group>"; };
		D552C8E625E409A9000E2196 /* WishBook.app */ = {isa = PBXFileReference; explicitFileType = wrapper.application; includeInIndex = 0; path = WishBook.app; sourceTree = BUILT_PRODUCTS_DIR; };
		D552C8E925E409A9000E2196 /* AppDelegate.swift */ = {isa = PBXFileReference; lastKnownFileType = sourcecode.swift; path = AppDelegate.swift; sourceTree = "<group>"; };
		D552C8EB25E409A9000E2196 /* SceneDelegate.swift */ = {isa = PBXFileReference; lastKnownFileType = sourcecode.swift; path = SceneDelegate.swift; sourceTree = "<group>"; };
		D552C8ED25E409A9000E2196 /* LoginView.swift */ = {isa = PBXFileReference; lastKnownFileType = sourcecode.swift; path = LoginView.swift; sourceTree = "<group>"; };
		D552C8F225E409AB000E2196 /* Assets.xcassets */ = {isa = PBXFileReference; lastKnownFileType = folder.assetcatalog; path = Assets.xcassets; sourceTree = "<group>"; };
		D552C8F525E409AB000E2196 /* Preview Assets.xcassets */ = {isa = PBXFileReference; lastKnownFileType = folder.assetcatalog; path = "Preview Assets.xcassets"; sourceTree = "<group>"; };
		D552C8F825E409AB000E2196 /* Base */ = {isa = PBXFileReference; lastKnownFileType = file.storyboard; name = Base; path = Base.lproj/LaunchScreen.storyboard; sourceTree = "<group>"; };
		D552C8FA25E409AB000E2196 /* Info.plist */ = {isa = PBXFileReference; lastKnownFileType = text.plist.xml; path = Info.plist; sourceTree = "<group>"; };
		D552C8FF25E409AB000E2196 /* WishBookTests.xctest */ = {isa = PBXFileReference; explicitFileType = wrapper.cfbundle; includeInIndex = 0; path = WishBookTests.xctest; sourceTree = BUILT_PRODUCTS_DIR; };
		D552C90325E409AB000E2196 /* WishBookTests.swift */ = {isa = PBXFileReference; lastKnownFileType = sourcecode.swift; path = WishBookTests.swift; sourceTree = "<group>"; };
		D552C90525E409AB000E2196 /* Info.plist */ = {isa = PBXFileReference; lastKnownFileType = text.plist.xml; path = Info.plist; sourceTree = "<group>"; };
		D552C90A25E409AB000E2196 /* WishBookUITests.xctest */ = {isa = PBXFileReference; explicitFileType = wrapper.cfbundle; includeInIndex = 0; path = WishBookUITests.xctest; sourceTree = BUILT_PRODUCTS_DIR; };
		D552C90E25E409AB000E2196 /* WishBookUITests.swift */ = {isa = PBXFileReference; lastKnownFileType = sourcecode.swift; path = WishBookUITests.swift; sourceTree = "<group>"; };
		D552C91025E409AB000E2196 /* Info.plist */ = {isa = PBXFileReference; lastKnownFileType = text.plist.xml; path = Info.plist; sourceTree = "<group>"; };
		D552C95525E40ED1000E2196 /* GoogleService-Info.plist */ = {isa = PBXFileReference; fileEncoding = 4; lastKnownFileType = text.plist.xml; path = "GoogleService-Info.plist"; sourceTree = "<group>"; };
		D55CC74925F546FC00E5C04F /* ProfileModel.swift */ = {isa = PBXFileReference; lastKnownFileType = sourcecode.swift; path = ProfileModel.swift; sourceTree = "<group>"; };
		D55CC74E25F54BE300E5C04F /* EditProfileView.swift */ = {isa = PBXFileReference; lastKnownFileType = sourcecode.swift; path = EditProfileView.swift; sourceTree = "<group>"; };
		D55CC76E25F6A37100E5C04F /* FirestoreCollection.swift */ = {isa = PBXFileReference; lastKnownFileType = sourcecode.swift; path = FirestoreCollection.swift; sourceTree = "<group>"; };
		D55CC77F25F6BE7300E5C04F /* WishListModel.swift */ = {isa = PBXFileReference; lastKnownFileType = sourcecode.swift; path = WishListModel.swift; sourceTree = "<group>"; };
		D55CC79B25F6C6A100E5C04F /* WishDetailsView.swift */ = {isa = PBXFileReference; lastKnownFileType = sourcecode.swift; path = WishDetailsView.swift; sourceTree = "<group>"; };
		D56B190C2602785700F7031C /* GoogleAuthService.swift */ = {isa = PBXFileReference; lastKnownFileType = sourcecode.swift; path = GoogleAuthService.swift; sourceTree = "<group>"; };
		D573367A2611E47300C11EC0 /* GlobalSearchCell.swift */ = {isa = PBXFileReference; lastKnownFileType = sourcecode.swift; path = GlobalSearchCell.swift; sourceTree = "<group>"; };
		D573367F2611E4A700C11EC0 /* UIExtensions.swift */ = {isa = PBXFileReference; lastKnownFileType = sourcecode.swift; path = UIExtensions.swift; sourceTree = "<group>"; };
		D576CA8B278708940083AB7B /* ChangePasswordView.swift */ = {isa = PBXFileReference; lastKnownFileType = sourcecode.swift; path = ChangePasswordView.swift; sourceTree = "<group>"; };
		D576CA8D278733EC0083AB7B /* CustomStyles.swift */ = {isa = PBXFileReference; lastKnownFileType = sourcecode.swift; path = CustomStyles.swift; sourceTree = "<group>"; };
		D576CA8F278734170083AB7B /* PasswordPromptView.swift */ = {isa = PBXFileReference; lastKnownFileType = sourcecode.swift; path = PasswordPromptView.swift; sourceTree = "<group>"; };
		D576CA91278739CA0083AB7B /* WarningText.swift */ = {isa = PBXFileReference; lastKnownFileType = sourcecode.swift; path = WarningText.swift; sourceTree = "<group>"; };
		D58D27B92718285B00F9A91B /* PeopleFilter.swift */ = {isa = PBXFileReference; lastKnownFileType = sourcecode.swift; path = PeopleFilter.swift; sourceTree = "<group>"; };
		D599142625F52879005F2F23 /* PeopleView.swift */ = {isa = PBXFileReference; lastKnownFileType = sourcecode.swift; path = PeopleView.swift; sourceTree = "<group>"; };
		D599142B25F528C9005F2F23 /* WishListView.swift */ = {isa = PBXFileReference; lastKnownFileType = sourcecode.swift; path = WishListView.swift; sourceTree = "<group>"; };
		D599143025F528DC005F2F23 /* ProfileView.swift */ = {isa = PBXFileReference; lastKnownFileType = sourcecode.swift; path = ProfileView.swift; sourceTree = "<group>"; };
		D599145025F53785005F2F23 /* PeopleViewModel.swift */ = {isa = PBXFileReference; lastKnownFileType = sourcecode.swift; path = PeopleViewModel.swift; sourceTree = "<group>"; };
		D599145F25F53C12005F2F23 /* Colors.xcassets */ = {isa = PBXFileReference; lastKnownFileType = folder.assetcatalog; path = Colors.xcassets; sourceTree = "<group>"; };
		D599146425F53DAD005F2F23 /* Colors.swift */ = {isa = PBXFileReference; lastKnownFileType = sourcecode.swift; path = Colors.swift; sourceTree = "<group>"; };
		D59914C825F53FD9005F2F23 /* Localizable.strings */ = {isa = PBXFileReference; lastKnownFileType = text.plist.strings; path = Localizable.strings; sourceTree = "<group>"; };
		D59914CD25F54062005F2F23 /* StringLocalized.swift */ = {isa = PBXFileReference; lastKnownFileType = sourcecode.swift; path = StringLocalized.swift; sourceTree = "<group>"; };
		D5A1825B2773BA410099709C /* PeopleState.swift */ = {isa = PBXFileReference; lastKnownFileType = sourcecode.swift; path = PeopleState.swift; sourceTree = "<group>"; };
		D5A1825D2773BA600099709C /* PeopleAction.swift */ = {isa = PBXFileReference; lastKnownFileType = sourcecode.swift; path = PeopleAction.swift; sourceTree = "<group>"; };
		D5A1825F2773BAA40099709C /* PeopleReducer.swift */ = {isa = PBXFileReference; lastKnownFileType = sourcecode.swift; path = PeopleReducer.swift; sourceTree = "<group>"; };
		D5A182612773BBDA0099709C /* peopleMiddleware.swift */ = {isa = PBXFileReference; lastKnownFileType = sourcecode.swift; path = peopleMiddleware.swift; sourceTree = "<group>"; };
		D5A182632773BCF60099709C /* PeopleService.swift */ = {isa = PBXFileReference; lastKnownFileType = sourcecode.swift; path = PeopleService.swift; sourceTree = "<group>"; };
		D5A4B67A276E0B9F00309E03 /* wishesMiddleware.swift */ = {isa = PBXFileReference; lastKnownFileType = sourcecode.swift; path = wishesMiddleware.swift; sourceTree = "<group>"; };
		D5B7F01626815B0900D578F1 /* MetaCache.swift */ = {isa = PBXFileReference; lastKnownFileType = sourcecode.swift; path = MetaCache.swift; sourceTree = "<group>"; };
		D5B7F01B26815BC800D578F1 /* LinkContainerView.swift */ = {isa = PBXFileReference; lastKnownFileType = sourcecode.swift; path = LinkContainerView.swift; sourceTree = "<group>"; };
		D5BBC79B277DFE9D0048CBF4 /* SearchTextFieldView.swift */ = {isa = PBXFileReference; lastKnownFileType = sourcecode.swift; path = SearchTextFieldView.swift; sourceTree = "<group>"; };
		D5C1E76C25EA604A00B96DE7 /* RootView.swift */ = {isa = PBXFileReference; lastKnownFileType = sourcecode.swift; path = RootView.swift; sourceTree = "<group>"; };
		D5C5869926C93BA400BFF6A5 /* ImagePicker.swift */ = {isa = PBXFileReference; lastKnownFileType = sourcecode.swift; path = ImagePicker.swift; sourceTree = "<group>"; };
		D5C5869D26C97FF400BFF6A5 /* FirebaseStorageService.swift */ = {isa = PBXFileReference; lastKnownFileType = sourcecode.swift; path = FirebaseStorageService.swift; sourceTree = "<group>"; };
		D5C5BBEE277DB9540034E989 /* Globals.swift */ = {isa = PBXFileReference; lastKnownFileType = sourcecode.swift; path = Globals.swift; sourceTree = "<group>"; };
		D5C7C5AB2786E62600A3613B /* WishState.swift */ = {isa = PBXFileReference; lastKnownFileType = sourcecode.swift; path = WishState.swift; sourceTree = "<group>"; };
		D5CE4F872718518D009B4644 /* StatisticBlockView.swift */ = {isa = PBXFileReference; lastKnownFileType = sourcecode.swift; path = StatisticBlockView.swift; sourceTree = "<group>"; };
		D5D33E44277F3503008CE277 /* Environment+Extension.swift */ = {isa = PBXFileReference; lastKnownFileType = sourcecode.swift; path = "Environment+Extension.swift"; sourceTree = "<group>"; };
		D5D33E46277F35A4008CE277 /* TabItems.swift */ = {isa = PBXFileReference; lastKnownFileType = sourcecode.swift; path = TabItems.swift; sourceTree = "<group>"; };
		D5DE3AB32785E9BF00E09106 /* WishCellView.swift */ = {isa = PBXFileReference; lastKnownFileType = sourcecode.swift; path = WishCellView.swift; sourceTree = "<group>"; };
		D5E62F2B2611E96C0094BAF9 /* SearchView.swift */ = {isa = PBXFileReference; lastKnownFileType = sourcecode.swift; path = SearchView.swift; sourceTree = "<group>"; };
		D5E7511526496F6200C2D20A /* TextView.swift */ = {isa = PBXFileReference; lastKnownFileType = sourcecode.swift; path = TextView.swift; sourceTree = "<group>"; };
/* End PBXFileReference section */

/* Begin PBXFrameworksBuildPhase section */
		D552C8E325E409A9000E2196 /* Frameworks */ = {
			isa = PBXFrameworksBuildPhase;
			buildActionMask = 2147483647;
			files = (
				D53F493A276A57C8000A9738 /* ReduxCore in Frameworks */,
				D5FB2E0526C645160036B4E9 /* FirebaseFirestore in Frameworks */,
				D5FB2E1426C645550036B4E9 /* GoogleSignIn in Frameworks */,
				D5FB2E0F26C645160036B4E9 /* FirebaseAuth in Frameworks */,
				D547FE4526C9883D00049B57 /* SDWebImageSwiftUI in Frameworks */,
				D5FB2E0B26C645160036B4E9 /* FirebaseStorage in Frameworks */,
				D5FB2E0D26C645160036B4E9 /* FirebaseCrashlytics in Frameworks */,
				D5FB2E0726C645160036B4E9 /* FirebaseFirestoreSwift-Beta in Frameworks */,
				D5FB2E1126C645160036B4E9 /* FirebaseDynamicLinks in Frameworks */,
				D5FB2E0926C645160036B4E9 /* FirebaseAnalytics in Frameworks */,
			);
			runOnlyForDeploymentPostprocessing = 0;
		};
		D552C8FC25E409AB000E2196 /* Frameworks */ = {
			isa = PBXFrameworksBuildPhase;
			buildActionMask = 2147483647;
			files = (
			);
			runOnlyForDeploymentPostprocessing = 0;
		};
		D552C90725E409AB000E2196 /* Frameworks */ = {
			isa = PBXFrameworksBuildPhase;
			buildActionMask = 2147483647;
			files = (
			);
			runOnlyForDeploymentPostprocessing = 0;
		};
/* End PBXFrameworksBuildPhase section */

/* Begin PBXGroup section */
		D50FE2A9264C3C120083197B /* UserPage */ = {
			isa = PBXGroup;
			children = (
				D50FE2A5264C35080083197B /* UserPageView.swift */,
			);
			path = UserPage;
			sourceTree = "<group>";
		};
		D51B4A0125F4E9A5008ABCBB /* App */ = {
			isa = PBXGroup;
			children = (
				D53F4957276A6D79000A9738 /* AppDelegates */,
				D53F493E276A687D000A9738 /* Redux */,
				D51802182775DD7D00AFD34C /* Di.swift */,
				D5C5BBEE277DB9540034E989 /* Globals.swift */,
				D53F4958276A6FF0000A9738 /* ScreenFactory.swift */,
				D552C8F725E409AB000E2196 /* LaunchScreen.storyboard */,
				D552C95525E40ED1000E2196 /* GoogleService-Info.plist */,
				D552C8FA25E409AB000E2196 /* Info.plist */,
			);
			path = App;
			sourceTree = "<group>";
		};
		D51B4A1325F4EAE5008ABCBB /* Resources */ = {
			isa = PBXGroup;
			children = (
				D552C8F225E409AB000E2196 /* Assets.xcassets */,
				D599145F25F53C12005F2F23 /* Colors.xcassets */,
				D59914C825F53FD9005F2F23 /* Localizable.strings */,
			);
			path = Resources;
			sourceTree = "<group>";
		};
		D51B4A1425F4EB31008ABCBB /* Root */ = {
			isa = PBXGroup;
			children = (
				D5C1E76C25EA604A00B96DE7 /* RootView.swift */,
			);
			path = Root;
			sourceTree = "<group>";
		};
		D51B4A1D25F4EC03008ABCBB /* Scenes */ = {
			isa = PBXGroup;
			children = (
				D5B7F02526815CD400D578F1 /* CustomView */,
				D51B4A1425F4EB31008ABCBB /* Root */,
				D53D0E0625F2C44A00E5C2D7 /* Login */,
				D51B4A2525F4ED54008ABCBB /* MainTab */,
			);
			path = Scenes;
			sourceTree = "<group>";
		};
		D51B4A2125F4EC18008ABCBB /* Services */ = {
			isa = PBXGroup;
			children = (
				D5B7F01626815B0900D578F1 /* MetaCache.swift */,
				D53D0E2925F4150B00E5C2D7 /* UserDefaultsStorage.swift */,
				D56B190C2602785700F7031C /* GoogleAuthService.swift */,
				D5168C67278DD3AE00FFC1CB /* CryptoService.swift */,
				D5362225276CAF7B003035FF /* WishListService.swift */,
				D5A182632773BCF60099709C /* PeopleService.swift */,
				D5362227276CB004003035FF /* ProfileService.swift */,
				D5C5869D26C97FF400BFF6A5 /* FirebaseStorageService.swift */,
			);
			path = Services;
			sourceTree = "<group>";
		};
		D51B4A2525F4ED54008ABCBB /* MainTab */ = {
			isa = PBXGroup;
			children = (
				D53D0E2E25F429C900E5C2D7 /* MainTabView.swift */,
				D599144C25F52C17005F2F23 /* People */,
				D599144825F52C0F005F2F23 /* WishList */,
				D599144425F52C08005F2F23 /* Profile */,
			);
			path = MainTab;
			sourceTree = "<group>";
		};
		D53D0E0625F2C44A00E5C2D7 /* Login */ = {
			isa = PBXGroup;
			children = (
				D552C8ED25E409A9000E2196 /* LoginView.swift */,
				D5168C62278D817400FFC1CB /* ResetPasswordView.swift */,
			);
			path = Login;
			sourceTree = "<group>";
		};
		D53F493D276A6874000A9738 /* States */ = {
			isa = PBXGroup;
			children = (
				D53F493B276A686E000A9738 /* AppState.swift */,
				D53F4942276A69BE000A9738 /* AuthState.swift */,
				D53F4946276A69DF000A9738 /* ProfileState.swift */,
				D53F4944276A69C6000A9738 /* WishesState.swift */,
				D5A1825B2773BA410099709C /* PeopleState.swift */,
			);
			path = States;
			sourceTree = "<group>";
		};
		D53F493E276A687D000A9738 /* Redux */ = {
			isa = PBXGroup;
			children = (
				D53F495A276B44E0000A9738 /* AppStore.swift */,
				D53F493D276A6874000A9738 /* States */,
				D53F4941276A6896000A9738 /* Actions */,
				D53F4950276A6B3F000A9738 /* Reducers */,
				D5DDDC05276CA0D800FE0B94 /* Middlewares */,
			);
			path = Redux;
			sourceTree = "<group>";
		};
		D53F4941276A6896000A9738 /* Actions */ = {
			isa = PBXGroup;
			children = (
				D53F493F276A688E000A9738 /* AppAction.swift */,
				D53F494A276A6A4A000A9738 /* AuthAction.swift */,
				D53F4948276A6A2C000A9738 /* ProfileAction.swift */,
				D53F494C276A6A59000A9738 /* WishesAction.swift */,
				D5A1825D2773BA600099709C /* PeopleAction.swift */,
			);
			path = Actions;
			sourceTree = "<group>";
		};
		D53F4950276A6B3F000A9738 /* Reducers */ = {
			isa = PBXGroup;
			children = (
				D53F494E276A6B3B000A9738 /* AppReducer.swift */,
				D53F4951276A6B8F000A9738 /* AuthReducer.swift */,
				D53F4953276A6B96000A9738 /* ProfileReducer.swift */,
				D53F4955276A6B9D000A9738 /* WishesReducer.swift */,
				D5A1825F2773BAA40099709C /* PeopleReducer.swift */,
			);
			path = Reducers;
			sourceTree = "<group>";
		};
		D53F4957276A6D79000A9738 /* AppDelegates */ = {
			isa = PBXGroup;
			children = (
				D552C8E925E409A9000E2196 /* AppDelegate.swift */,
				D53D0E1425F3B64500E5C2D7 /* CompositeAppDelegate.swift */,
				D53D0E2425F3B96500E5C2D7 /* AppDelegateFactory.swift */,
				D53D0E1925F3B74200E5C2D7 /* GoogleAppDelegate.swift */,
				D552C8EB25E409A9000E2196 /* SceneDelegate.swift */,
			);
			path = AppDelegates;
			sourceTree = "<group>";
		};
		D552C8DD25E409A9000E2196 = {
			isa = PBXGroup;
			children = (
				D552C8E825E409A9000E2196 /* WishBook */,
				D552C90225E409AB000E2196 /* WishBookTests */,
				D552C90D25E409AB000E2196 /* WishBookUITests */,
				D552C8E725E409A9000E2196 /* Products */,
			);
			sourceTree = "<group>";
		};
		D552C8E725E409A9000E2196 /* Products */ = {
			isa = PBXGroup;
			children = (
				D552C8E625E409A9000E2196 /* WishBook.app */,
				D552C8FF25E409AB000E2196 /* WishBookTests.xctest */,
				D552C90A25E409AB000E2196 /* WishBookUITests.xctest */,
			);
			name = Products;
			sourceTree = "<group>";
		};
		D552C8E825E409A9000E2196 /* WishBook */ = {
			isa = PBXGroup;
			children = (
				D5168C64278DC10800FFC1CB /* WishBook.entitlements */,
				D51B4A0125F4E9A5008ABCBB /* App */,
				D55CC77325F6B7E200E5C04F /* Models */,
				D51B4A2125F4EC18008ABCBB /* Services */,
				D59914D225F540B0005F2F23 /* Extensions */,
				D51B4A1D25F4EC03008ABCBB /* Scenes */,
				D51B4A1325F4EAE5008ABCBB /* Resources */,
				D552C8F425E409AB000E2196 /* Preview Content */,
			);
			path = WishBook;
			sourceTree = "<group>";
		};
		D552C8F425E409AB000E2196 /* Preview Content */ = {
			isa = PBXGroup;
			children = (
				D552C8F525E409AB000E2196 /* Preview Assets.xcassets */,
			);
			path = "Preview Content";
			sourceTree = "<group>";
		};
		D552C90225E409AB000E2196 /* WishBookTests */ = {
			isa = PBXGroup;
			children = (
				D552C90325E409AB000E2196 /* WishBookTests.swift */,
				D552C90525E409AB000E2196 /* Info.plist */,
			);
			path = WishBookTests;
			sourceTree = "<group>";
		};
		D552C90D25E409AB000E2196 /* WishBookUITests */ = {
			isa = PBXGroup;
			children = (
				D552C90E25E409AB000E2196 /* WishBookUITests.swift */,
				D552C91025E409AB000E2196 /* Info.plist */,
			);
			path = WishBookUITests;
			sourceTree = "<group>";
		};
		D55CC75325F54DD600E5C04F /* Edit Profile */ = {
			isa = PBXGroup;
			children = (
				D55CC74E25F54BE300E5C04F /* EditProfileView.swift */,
				D576CA8B278708940083AB7B /* ChangePasswordView.swift */,
			);
			path = "Edit Profile";
			sourceTree = "<group>";
		};
		D55CC77325F6B7E200E5C04F /* Models */ = {
			isa = PBXGroup;
			children = (
				D55CC76E25F6A37100E5C04F /* FirestoreCollection.swift */,
				D55CC74925F546FC00E5C04F /* ProfileModel.swift */,
				D55CC77F25F6BE7300E5C04F /* WishListModel.swift */,
				D58D27B92718285B00F9A91B /* PeopleFilter.swift */,
				D5D33E46277F35A4008CE277 /* TabItems.swift */,
				D5C7C5AB2786E62600A3613B /* WishState.swift */,
			);
			path = Models;
			sourceTree = "<group>";
		};
		D55CC79125F6C66800E5C04F /* WishDetails */ = {
			isa = PBXGroup;
			children = (
				D55CC79B25F6C6A100E5C04F /* WishDetailsView.swift */,
			);
			path = WishDetails;
			sourceTree = "<group>";
		};
		D599144425F52C08005F2F23 /* Profile */ = {
			isa = PBXGroup;
			children = (
				D599143025F528DC005F2F23 /* ProfileView.swift */,
				D55CC75325F54DD600E5C04F /* Edit Profile */,
			);
			path = Profile;
			sourceTree = "<group>";
		};
		D599144825F52C0F005F2F23 /* WishList */ = {
			isa = PBXGroup;
			children = (
				D5DE3AB52785E9E500E09106 /* Cell */,
				D599142B25F528C9005F2F23 /* WishListView.swift */,
				D55CC79125F6C66800E5C04F /* WishDetails */,
			);
			path = WishList;
			sourceTree = "<group>";
		};
		D599144C25F52C17005F2F23 /* People */ = {
			isa = PBXGroup;
			children = (
				D50FE2A9264C3C120083197B /* UserPage */,
				D5B7F02926815D0500D578F1 /* Cell */,
				D599142625F52879005F2F23 /* PeopleView.swift */,
				D599145025F53785005F2F23 /* PeopleViewModel.swift */,
			);
			path = People;
			sourceTree = "<group>";
		};
		D59914D225F540B0005F2F23 /* Extensions */ = {
			isa = PBXGroup;
			children = (
				D599146425F53DAD005F2F23 /* Colors.swift */,
				D5D33E44277F3503008CE277 /* Environment+Extension.swift */,
				D59914CD25F54062005F2F23 /* StringLocalized.swift */,
				D573367F2611E4A700C11EC0 /* UIExtensions.swift */,
			);
			path = Extensions;
			sourceTree = "<group>";
		};
		D5B7F02526815CD400D578F1 /* CustomView */ = {
			isa = PBXGroup;
			children = (
				D576CA8D278733EC0083AB7B /* CustomStyles.swift */,
				D576CA91278739CA0083AB7B /* WarningText.swift */,
				D576CA8F278734170083AB7B /* PasswordPromptView.swift */,
				D5CE4F872718518D009B4644 /* StatisticBlockView.swift */,
				D5BBC79B277DFE9D0048CBF4 /* SearchTextFieldView.swift */,
				D5E62F2B2611E96C0094BAF9 /* SearchView.swift */,
				D5E7511526496F6200C2D20A /* TextView.swift */,
				D5442BA026809C1400BB1F5A /* LinkDataView.swift */,
				D5B7F01B26815BC800D578F1 /* LinkContainerView.swift */,
				D5C5869926C93BA400BFF6A5 /* ImagePicker.swift */,
				D519385A2758B895005BF7B5 /* BlurView.swift */,
			);
			path = CustomView;
			sourceTree = "<group>";
		};
		D5B7F02926815D0500D578F1 /* Cell */ = {
			isa = PBXGroup;
			children = (
				D573367A2611E47300C11EC0 /* GlobalSearchCell.swift */,
			);
			path = Cell;
			sourceTree = "<group>";
		};
		D5DDDC05276CA0D800FE0B94 /* Middlewares */ = {
			isa = PBXGroup;
			children = (
				D53F495C276B4AF8000A9738 /* AuthMiddleware.swift */,
				D5362229276CB90F003035FF /* profileMiddleware.swift */,
				D5A4B67A276E0B9F00309E03 /* wishesMiddleware.swift */,
				D5A182612773BBDA0099709C /* peopleMiddleware.swift */,
			);
			path = Middlewares;
			sourceTree = "<group>";
		};
		D5DE3AB52785E9E500E09106 /* Cell */ = {
			isa = PBXGroup;
			children = (
				D5DE3AB32785E9BF00E09106 /* WishCellView.swift */,
			);
			path = Cell;
			sourceTree = "<group>";
		};
/* End PBXGroup section */

/* Begin PBXNativeTarget section */
		D552C8E525E409A9000E2196 /* WishBook */ = {
			isa = PBXNativeTarget;
			buildConfigurationList = D552C91325E409AB000E2196 /* Build configuration list for PBXNativeTarget "WishBook" */;
			buildPhases = (
				D552C8E225E409A9000E2196 /* Sources */,
				D552C8E325E409A9000E2196 /* Frameworks */,
				D552C8E425E409A9000E2196 /* Resources */,
			);
			buildRules = (
			);
			dependencies = (
			);
			name = WishBook;
			packageProductDependencies = (
				D5FB2E0426C645160036B4E9 /* FirebaseFirestore */,
				D5FB2E0626C645160036B4E9 /* FirebaseFirestoreSwift-Beta */,
				D5FB2E0826C645160036B4E9 /* FirebaseAnalytics */,
				D5FB2E0A26C645160036B4E9 /* FirebaseStorage */,
				D5FB2E0C26C645160036B4E9 /* FirebaseCrashlytics */,
				D5FB2E0E26C645160036B4E9 /* FirebaseAuth */,
				D5FB2E1026C645160036B4E9 /* FirebaseDynamicLinks */,
				D5FB2E1326C645550036B4E9 /* GoogleSignIn */,
				D547FE4426C9883D00049B57 /* SDWebImageSwiftUI */,
				D53F4939276A57C8000A9738 /* ReduxCore */,
			);
			productName = WishBook;
			productReference = D552C8E625E409A9000E2196 /* WishBook.app */;
			productType = "com.apple.product-type.application";
		};
		D552C8FE25E409AB000E2196 /* WishBookTests */ = {
			isa = PBXNativeTarget;
			buildConfigurationList = D552C91625E409AB000E2196 /* Build configuration list for PBXNativeTarget "WishBookTests" */;
			buildPhases = (
				D552C8FB25E409AB000E2196 /* Sources */,
				D552C8FC25E409AB000E2196 /* Frameworks */,
				D552C8FD25E409AB000E2196 /* Resources */,
			);
			buildRules = (
			);
			dependencies = (
				D552C90125E409AB000E2196 /* PBXTargetDependency */,
			);
			name = WishBookTests;
			productName = WishBookTests;
			productReference = D552C8FF25E409AB000E2196 /* WishBookTests.xctest */;
			productType = "com.apple.product-type.bundle.unit-test";
		};
		D552C90925E409AB000E2196 /* WishBookUITests */ = {
			isa = PBXNativeTarget;
			buildConfigurationList = D552C91925E409AB000E2196 /* Build configuration list for PBXNativeTarget "WishBookUITests" */;
			buildPhases = (
				D552C90625E409AB000E2196 /* Sources */,
				D552C90725E409AB000E2196 /* Frameworks */,
				D552C90825E409AB000E2196 /* Resources */,
			);
			buildRules = (
			);
			dependencies = (
				D552C90C25E409AB000E2196 /* PBXTargetDependency */,
			);
			name = WishBookUITests;
			productName = WishBookUITests;
			productReference = D552C90A25E409AB000E2196 /* WishBookUITests.xctest */;
			productType = "com.apple.product-type.bundle.ui-testing";
		};
/* End PBXNativeTarget section */

/* Begin PBXProject section */
		D552C8DE25E409A9000E2196 /* Project object */ = {
			isa = PBXProject;
			attributes = {
				LastSwiftUpdateCheck = 1240;
				LastUpgradeCheck = 1240;
				TargetAttributes = {
					D552C8E525E409A9000E2196 = {
						CreatedOnToolsVersion = 12.4;
					};
					D552C8FE25E409AB000E2196 = {
						CreatedOnToolsVersion = 12.4;
						TestTargetID = D552C8E525E409A9000E2196;
					};
					D552C90925E409AB000E2196 = {
						CreatedOnToolsVersion = 12.4;
						TestTargetID = D552C8E525E409A9000E2196;
					};
				};
			};
			buildConfigurationList = D552C8E125E409A9000E2196 /* Build configuration list for PBXProject "WishBook" */;
			compatibilityVersion = "Xcode 9.3";
			developmentRegion = en;
			hasScannedForEncodings = 0;
			knownRegions = (
				en,
				Base,
			);
			mainGroup = D552C8DD25E409A9000E2196;
			packageReferences = (
				D5FB2E0326C645160036B4E9 /* XCRemoteSwiftPackageReference "firebase-ios-sdk" */,
				D5FB2E1226C645550036B4E9 /* XCRemoteSwiftPackageReference "GoogleSignIn-iOS" */,
				D547FE4326C9883D00049B57 /* XCRemoteSwiftPackageReference "SDWebImageSwiftUI" */,
				D53F4938276A57C8000A9738 /* XCRemoteSwiftPackageReference "ReduxCore" */,
			);
			productRefGroup = D552C8E725E409A9000E2196 /* Products */;
			projectDirPath = "";
			projectRoot = "";
			targets = (
				D552C8E525E409A9000E2196 /* WishBook */,
				D552C8FE25E409AB000E2196 /* WishBookTests */,
				D552C90925E409AB000E2196 /* WishBookUITests */,
			);
		};
/* End PBXProject section */

/* Begin PBXResourcesBuildPhase section */
		D552C8E425E409A9000E2196 /* Resources */ = {
			isa = PBXResourcesBuildPhase;
			buildActionMask = 2147483647;
			files = (
				D552C8F925E409AB000E2196 /* LaunchScreen.storyboard in Resources */,
				D59914C925F53FD9005F2F23 /* Localizable.strings in Resources */,
				D552C95625E40ED1000E2196 /* GoogleService-Info.plist in Resources */,
				D599146025F53C12005F2F23 /* Colors.xcassets in Resources */,
				D552C8F625E409AB000E2196 /* Preview Assets.xcassets in Resources */,
				D552C8F325E409AB000E2196 /* Assets.xcassets in Resources */,
			);
			runOnlyForDeploymentPostprocessing = 0;
		};
		D552C8FD25E409AB000E2196 /* Resources */ = {
			isa = PBXResourcesBuildPhase;
			buildActionMask = 2147483647;
			files = (
			);
			runOnlyForDeploymentPostprocessing = 0;
		};
		D552C90825E409AB000E2196 /* Resources */ = {
			isa = PBXResourcesBuildPhase;
			buildActionMask = 2147483647;
			files = (
			);
			runOnlyForDeploymentPostprocessing = 0;
		};
/* End PBXResourcesBuildPhase section */

/* Begin PBXSourcesBuildPhase section */
		D552C8E225E409A9000E2196 /* Sources */ = {
			isa = PBXSourcesBuildPhase;
			buildActionMask = 2147483647;
			files = (
				D53D0E2F25F429C900E5C2D7 /* MainTabView.swift in Sources */,
				D5CE4F882718518D009B4644 /* StatisticBlockView.swift in Sources */,
				D51802192775DD7D00AFD34C /* Di.swift in Sources */,
				D576CA8C278708940083AB7B /* ChangePasswordView.swift in Sources */,
				D53F494B276A6A4A000A9738 /* AuthAction.swift in Sources */,
				D599145125F53785005F2F23 /* PeopleViewModel.swift in Sources */,
				D599142725F52879005F2F23 /* PeopleView.swift in Sources */,
				D5A182602773BAA40099709C /* PeopleReducer.swift in Sources */,
				D53F495B276B44E0000A9738 /* AppStore.swift in Sources */,
				D536222A276CB90F003035FF /* profileMiddleware.swift in Sources */,
				D5A4B67B276E0B9F00309E03 /* wishesMiddleware.swift in Sources */,
				D55CC78025F6BE7300E5C04F /* WishListModel.swift in Sources */,
				D5168C68278DD3AE00FFC1CB /* CryptoService.swift in Sources */,
				D599146525F53DAD005F2F23 /* Colors.swift in Sources */,
				D5A182642773BCF60099709C /* PeopleService.swift in Sources */,
				D5B7F01726815B0900D578F1 /* MetaCache.swift in Sources */,
				D576CA90278734170083AB7B /* PasswordPromptView.swift in Sources */,
				D5A1825E2773BA600099709C /* PeopleAction.swift in Sources */,
				D5442BA126809C1400BB1F5A /* LinkDataView.swift in Sources */,
				D53D0E2A25F4150B00E5C2D7 /* UserDefaultsStorage.swift in Sources */,
				D573367B2611E47300C11EC0 /* GlobalSearchCell.swift in Sources */,
				D50FE2A6264C35080083197B /* UserPageView.swift in Sources */,
				D552C8EA25E409A9000E2196 /* AppDelegate.swift in Sources */,
				D552C8EC25E409A9000E2196 /* SceneDelegate.swift in Sources */,
				D53D0E1A25F3B74200E5C2D7 /* GoogleAppDelegate.swift in Sources */,
				D53F4956276A6B9D000A9738 /* WishesReducer.swift in Sources */,
				D55CC74F25F54BE300E5C04F /* EditProfileView.swift in Sources */,
				D5362226276CAF7B003035FF /* WishListService.swift in Sources */,
				D53F4959276A6FF0000A9738 /* ScreenFactory.swift in Sources */,
				D55CC74A25F546FC00E5C04F /* ProfileModel.swift in Sources */,
				D53F493C276A686E000A9738 /* AppState.swift in Sources */,
				D53F494D276A6A59000A9738 /* WishesAction.swift in Sources */,
				D5A182622773BBDA0099709C /* peopleMiddleware.swift in Sources */,
				D576CA92278739CA0083AB7B /* WarningText.swift in Sources */,
				D5D33E45277F3503008CE277 /* Environment+Extension.swift in Sources */,
				D55CC79C25F6C6A100E5C04F /* WishDetailsView.swift in Sources */,
				D5A1825C2773BA410099709C /* PeopleState.swift in Sources */,
				D599143125F528DC005F2F23 /* ProfileView.swift in Sources */,
				D53D0E2525F3B96500E5C2D7 /* AppDelegateFactory.swift in Sources */,
				D5C5BBEF277DB9540034E989 /* Globals.swift in Sources */,
				D5D33E47277F35A4008CE277 /* TabItems.swift in Sources */,
				D53F4954276A6B96000A9738 /* ProfileReducer.swift in Sources */,
				D576CA8E278733EC0083AB7B /* CustomStyles.swift in Sources */,
				D5C7C5AC2786E62600A3613B /* WishState.swift in Sources */,
				D53D0E1525F3B64500E5C2D7 /* CompositeAppDelegate.swift in Sources */,
				D5BBC79C277DFE9D0048CBF4 /* SearchTextFieldView.swift in Sources */,
				D5E62F2C2611E96C0094BAF9 /* SearchView.swift in Sources */,
				D53F4947276A69DF000A9738 /* ProfileState.swift in Sources */,
				D552C8EE25E409A9000E2196 /* LoginView.swift in Sources */,
				D599142C25F528C9005F2F23 /* WishListView.swift in Sources */,
				D53F495D276B4AF8000A9738 /* AuthMiddleware.swift in Sources */,
				D53F4940276A688E000A9738 /* AppAction.swift in Sources */,
				D53F4952276A6B8F000A9738 /* AuthReducer.swift in Sources */,
				D5DE3AB42785E9BF00E09106 /* WishCellView.swift in Sources */,
				D53F494F276A6B3B000A9738 /* AppReducer.swift in Sources */,
				D57336802611E4A700C11EC0 /* UIExtensions.swift in Sources */,
				D55CC76F25F6A37100E5C04F /* FirestoreCollection.swift in Sources */,
				D519385B2758B895005BF7B5 /* BlurView.swift in Sources */,
				D5C5869A26C93BA400BFF6A5 /* ImagePicker.swift in Sources */,
				D56B190D2602785700F7031C /* GoogleAuthService.swift in Sources */,
				D53F4949276A6A2C000A9738 /* ProfileAction.swift in Sources */,
				D5168C63278D817400FFC1CB /* ResetPasswordView.swift in Sources */,
				D53F4945276A69C6000A9738 /* WishesState.swift in Sources */,
				D5B7F01C26815BC800D578F1 /* LinkContainerView.swift in Sources */,
				D5C5869E26C97FF400BFF6A5 /* FirebaseStorageService.swift in Sources */,
				D59914CE25F54062005F2F23 /* StringLocalized.swift in Sources */,
				D5362228276CB004003035FF /* ProfileService.swift in Sources */,
				D5E7511626496F6200C2D20A /* TextView.swift in Sources */,
				D58D27BA2718285B00F9A91B /* PeopleFilter.swift in Sources */,
				D5C1E76D25EA604A00B96DE7 /* RootView.swift in Sources */,
				D53F4943276A69BE000A9738 /* AuthState.swift in Sources */,
			);
			runOnlyForDeploymentPostprocessing = 0;
		};
		D552C8FB25E409AB000E2196 /* Sources */ = {
			isa = PBXSourcesBuildPhase;
			buildActionMask = 2147483647;
			files = (
				D552C90425E409AB000E2196 /* WishBookTests.swift in Sources */,
			);
			runOnlyForDeploymentPostprocessing = 0;
		};
		D552C90625E409AB000E2196 /* Sources */ = {
			isa = PBXSourcesBuildPhase;
			buildActionMask = 2147483647;
			files = (
				D552C90F25E409AB000E2196 /* WishBookUITests.swift in Sources */,
			);
			runOnlyForDeploymentPostprocessing = 0;
		};
/* End PBXSourcesBuildPhase section */

/* Begin PBXTargetDependency section */
		D552C90125E409AB000E2196 /* PBXTargetDependency */ = {
			isa = PBXTargetDependency;
			target = D552C8E525E409A9000E2196 /* WishBook */;
			targetProxy = D552C90025E409AB000E2196 /* PBXContainerItemProxy */;
		};
		D552C90C25E409AB000E2196 /* PBXTargetDependency */ = {
			isa = PBXTargetDependency;
			target = D552C8E525E409A9000E2196 /* WishBook */;
			targetProxy = D552C90B25E409AB000E2196 /* PBXContainerItemProxy */;
		};
/* End PBXTargetDependency section */

/* Begin PBXVariantGroup section */
		D552C8F725E409AB000E2196 /* LaunchScreen.storyboard */ = {
			isa = PBXVariantGroup;
			children = (
				D552C8F825E409AB000E2196 /* Base */,
			);
			name = LaunchScreen.storyboard;
			sourceTree = "<group>";
		};
/* End PBXVariantGroup section */

/* Begin XCBuildConfiguration section */
		D552C91125E409AB000E2196 /* Debug */ = {
			isa = XCBuildConfiguration;
			buildSettings = {
				ALWAYS_SEARCH_USER_PATHS = NO;
				CLANG_ANALYZER_NONNULL = YES;
				CLANG_ANALYZER_NUMBER_OBJECT_CONVERSION = YES_AGGRESSIVE;
				CLANG_CXX_LANGUAGE_STANDARD = "gnu++14";
				CLANG_CXX_LIBRARY = "libc++";
				CLANG_ENABLE_MODULES = YES;
				CLANG_ENABLE_OBJC_ARC = YES;
				CLANG_ENABLE_OBJC_WEAK = YES;
				CLANG_WARN_BLOCK_CAPTURE_AUTORELEASING = YES;
				CLANG_WARN_BOOL_CONVERSION = YES;
				CLANG_WARN_COMMA = YES;
				CLANG_WARN_CONSTANT_CONVERSION = YES;
				CLANG_WARN_DEPRECATED_OBJC_IMPLEMENTATIONS = YES;
				CLANG_WARN_DIRECT_OBJC_ISA_USAGE = YES_ERROR;
				CLANG_WARN_DOCUMENTATION_COMMENTS = YES;
				CLANG_WARN_EMPTY_BODY = YES;
				CLANG_WARN_ENUM_CONVERSION = YES;
				CLANG_WARN_INFINITE_RECURSION = YES;
				CLANG_WARN_INT_CONVERSION = YES;
				CLANG_WARN_NON_LITERAL_NULL_CONVERSION = YES;
				CLANG_WARN_OBJC_IMPLICIT_RETAIN_SELF = YES;
				CLANG_WARN_OBJC_LITERAL_CONVERSION = YES;
				CLANG_WARN_OBJC_ROOT_CLASS = YES_ERROR;
				CLANG_WARN_QUOTED_INCLUDE_IN_FRAMEWORK_HEADER = YES;
				CLANG_WARN_RANGE_LOOP_ANALYSIS = YES;
				CLANG_WARN_STRICT_PROTOTYPES = YES;
				CLANG_WARN_SUSPICIOUS_MOVE = YES;
				CLANG_WARN_UNGUARDED_AVAILABILITY = YES_AGGRESSIVE;
				CLANG_WARN_UNREACHABLE_CODE = YES;
				CLANG_WARN__DUPLICATE_METHOD_MATCH = YES;
				COPY_PHASE_STRIP = NO;
				DEBUG_INFORMATION_FORMAT = dwarf;
				ENABLE_STRICT_OBJC_MSGSEND = YES;
				ENABLE_TESTABILITY = YES;
				GCC_C_LANGUAGE_STANDARD = gnu11;
				GCC_DYNAMIC_NO_PIC = NO;
				GCC_NO_COMMON_BLOCKS = YES;
				GCC_OPTIMIZATION_LEVEL = 0;
				GCC_PREPROCESSOR_DEFINITIONS = (
					"DEBUG=1",
					"$(inherited)",
				);
				GCC_WARN_64_TO_32_BIT_CONVERSION = YES;
				GCC_WARN_ABOUT_RETURN_TYPE = YES_ERROR;
				GCC_WARN_UNDECLARED_SELECTOR = YES;
				GCC_WARN_UNINITIALIZED_AUTOS = YES_AGGRESSIVE;
				GCC_WARN_UNUSED_FUNCTION = YES;
				GCC_WARN_UNUSED_VARIABLE = YES;
				IPHONEOS_DEPLOYMENT_TARGET = 14.4;
				MTL_ENABLE_DEBUG_INFO = INCLUDE_SOURCE;
				MTL_FAST_MATH = YES;
				ONLY_ACTIVE_ARCH = YES;
				SDKROOT = iphoneos;
				SWIFT_ACTIVE_COMPILATION_CONDITIONS = DEBUG;
				SWIFT_OPTIMIZATION_LEVEL = "-Onone";
			};
			name = Debug;
		};
		D552C91225E409AB000E2196 /* Release */ = {
			isa = XCBuildConfiguration;
			buildSettings = {
				ALWAYS_SEARCH_USER_PATHS = NO;
				CLANG_ANALYZER_NONNULL = YES;
				CLANG_ANALYZER_NUMBER_OBJECT_CONVERSION = YES_AGGRESSIVE;
				CLANG_CXX_LANGUAGE_STANDARD = "gnu++14";
				CLANG_CXX_LIBRARY = "libc++";
				CLANG_ENABLE_MODULES = YES;
				CLANG_ENABLE_OBJC_ARC = YES;
				CLANG_ENABLE_OBJC_WEAK = YES;
				CLANG_WARN_BLOCK_CAPTURE_AUTORELEASING = YES;
				CLANG_WARN_BOOL_CONVERSION = YES;
				CLANG_WARN_COMMA = YES;
				CLANG_WARN_CONSTANT_CONVERSION = YES;
				CLANG_WARN_DEPRECATED_OBJC_IMPLEMENTATIONS = YES;
				CLANG_WARN_DIRECT_OBJC_ISA_USAGE = YES_ERROR;
				CLANG_WARN_DOCUMENTATION_COMMENTS = YES;
				CLANG_WARN_EMPTY_BODY = YES;
				CLANG_WARN_ENUM_CONVERSION = YES;
				CLANG_WARN_INFINITE_RECURSION = YES;
				CLANG_WARN_INT_CONVERSION = YES;
				CLANG_WARN_NON_LITERAL_NULL_CONVERSION = YES;
				CLANG_WARN_OBJC_IMPLICIT_RETAIN_SELF = YES;
				CLANG_WARN_OBJC_LITERAL_CONVERSION = YES;
				CLANG_WARN_OBJC_ROOT_CLASS = YES_ERROR;
				CLANG_WARN_QUOTED_INCLUDE_IN_FRAMEWORK_HEADER = YES;
				CLANG_WARN_RANGE_LOOP_ANALYSIS = YES;
				CLANG_WARN_STRICT_PROTOTYPES = YES;
				CLANG_WARN_SUSPICIOUS_MOVE = YES;
				CLANG_WARN_UNGUARDED_AVAILABILITY = YES_AGGRESSIVE;
				CLANG_WARN_UNREACHABLE_CODE = YES;
				CLANG_WARN__DUPLICATE_METHOD_MATCH = YES;
				COPY_PHASE_STRIP = NO;
				DEBUG_INFORMATION_FORMAT = "dwarf-with-dsym";
				ENABLE_NS_ASSERTIONS = NO;
				ENABLE_STRICT_OBJC_MSGSEND = YES;
				GCC_C_LANGUAGE_STANDARD = gnu11;
				GCC_NO_COMMON_BLOCKS = YES;
				GCC_WARN_64_TO_32_BIT_CONVERSION = YES;
				GCC_WARN_ABOUT_RETURN_TYPE = YES_ERROR;
				GCC_WARN_UNDECLARED_SELECTOR = YES;
				GCC_WARN_UNINITIALIZED_AUTOS = YES_AGGRESSIVE;
				GCC_WARN_UNUSED_FUNCTION = YES;
				GCC_WARN_UNUSED_VARIABLE = YES;
				IPHONEOS_DEPLOYMENT_TARGET = 14.4;
				MTL_ENABLE_DEBUG_INFO = NO;
				MTL_FAST_MATH = YES;
				SDKROOT = iphoneos;
				SWIFT_COMPILATION_MODE = wholemodule;
				SWIFT_OPTIMIZATION_LEVEL = "-O";
				VALIDATE_PRODUCT = YES;
			};
			name = Release;
		};
		D552C91425E409AB000E2196 /* Debug */ = {
			isa = XCBuildConfiguration;
			buildSettings = {
				ASSETCATALOG_COMPILER_APPICON_NAME = AppIcon;
				ASSETCATALOG_COMPILER_GLOBAL_ACCENT_COLOR_NAME = AccentColor;
				CODE_SIGN_ENTITLEMENTS = WishBook/WishBook.entitlements;
				CODE_SIGN_STYLE = Automatic;
				DEVELOPMENT_ASSET_PATHS = "\"WishBook/Preview Content\"";
				DEVELOPMENT_TEAM = KVLZH7HMMQ;
				ENABLE_PREVIEWS = YES;
				INFOPLIST_FILE = "$(SRCROOT)/WishBook/App/Info.plist";
				IPHONEOS_DEPLOYMENT_TARGET = 14.0;
				LD_RUNPATH_SEARCH_PATHS = (
					"$(inherited)",
					"@executable_path/Frameworks",
				);
				OTHER_SWIFT_FLAGS = "-Xfrontend -warn-long-expression-type-checking=250 -Xfrontend -warn-long-function-bodies=250";
				PRODUCT_BUNDLE_IDENTIFIER = va.slobodianiuk.WishBook;
				PRODUCT_NAME = "$(TARGET_NAME)";
				SWIFT_SUPPRESS_WARNINGS = NO;
				SWIFT_VERSION = 5.0;
				TARGETED_DEVICE_FAMILY = 1;
			};
			name = Debug;
		};
		D552C91525E409AB000E2196 /* Release */ = {
			isa = XCBuildConfiguration;
			buildSettings = {
				ASSETCATALOG_COMPILER_APPICON_NAME = AppIcon;
				ASSETCATALOG_COMPILER_GLOBAL_ACCENT_COLOR_NAME = AccentColor;
				CODE_SIGN_ENTITLEMENTS = WishBook/WishBook.entitlements;
				CODE_SIGN_STYLE = Automatic;
				DEVELOPMENT_ASSET_PATHS = "\"WishBook/Preview Content\"";
				DEVELOPMENT_TEAM = KVLZH7HMMQ;
				ENABLE_PREVIEWS = YES;
				INFOPLIST_FILE = "$(SRCROOT)/WishBook/App/Info.plist";
				IPHONEOS_DEPLOYMENT_TARGET = 14.0;
				LD_RUNPATH_SEARCH_PATHS = (
					"$(inherited)",
					"@executable_path/Frameworks",
				);
				PRODUCT_BUNDLE_IDENTIFIER = va.slobodianiuk.WishBook;
				PRODUCT_NAME = "$(TARGET_NAME)";
				SWIFT_SUPPRESS_WARNINGS = NO;
				SWIFT_VERSION = 5.0;
				TARGETED_DEVICE_FAMILY = 1;
			};
			name = Release;
		};
		D552C91725E409AB000E2196 /* Debug */ = {
			isa = XCBuildConfiguration;
			buildSettings = {
				ALWAYS_EMBED_SWIFT_STANDARD_LIBRARIES = YES;
				BUNDLE_LOADER = "$(TEST_HOST)";
				CODE_SIGN_STYLE = Automatic;
				DEVELOPMENT_TEAM = KVLZH7HMMQ;
				INFOPLIST_FILE = WishBookTests/Info.plist;
				IPHONEOS_DEPLOYMENT_TARGET = 14.4;
				LD_RUNPATH_SEARCH_PATHS = (
					"$(inherited)",
					"@executable_path/Frameworks",
					"@loader_path/Frameworks",
				);
				PRODUCT_BUNDLE_IDENTIFIER = va.slobodianiuk.WishBookTests;
				PRODUCT_NAME = "$(TARGET_NAME)";
				SWIFT_VERSION = 5.0;
				TARGETED_DEVICE_FAMILY = "1,2";
				TEST_HOST = "$(BUILT_PRODUCTS_DIR)/WishBook.app/WishBook";
			};
			name = Debug;
		};
		D552C91825E409AB000E2196 /* Release */ = {
			isa = XCBuildConfiguration;
			buildSettings = {
				ALWAYS_EMBED_SWIFT_STANDARD_LIBRARIES = YES;
				BUNDLE_LOADER = "$(TEST_HOST)";
				CODE_SIGN_STYLE = Automatic;
				DEVELOPMENT_TEAM = KVLZH7HMMQ;
				INFOPLIST_FILE = WishBookTests/Info.plist;
				IPHONEOS_DEPLOYMENT_TARGET = 14.4;
				LD_RUNPATH_SEARCH_PATHS = (
					"$(inherited)",
					"@executable_path/Frameworks",
					"@loader_path/Frameworks",
				);
				PRODUCT_BUNDLE_IDENTIFIER = va.slobodianiuk.WishBookTests;
				PRODUCT_NAME = "$(TARGET_NAME)";
				SWIFT_VERSION = 5.0;
				TARGETED_DEVICE_FAMILY = "1,2";
				TEST_HOST = "$(BUILT_PRODUCTS_DIR)/WishBook.app/WishBook";
			};
			name = Release;
		};
		D552C91A25E409AB000E2196 /* Debug */ = {
			isa = XCBuildConfiguration;
			buildSettings = {
				ALWAYS_EMBED_SWIFT_STANDARD_LIBRARIES = YES;
				CODE_SIGN_STYLE = Automatic;
				DEVELOPMENT_TEAM = KVLZH7HMMQ;
				INFOPLIST_FILE = WishBookUITests/Info.plist;
				LD_RUNPATH_SEARCH_PATHS = (
					"$(inherited)",
					"@executable_path/Frameworks",
					"@loader_path/Frameworks",
				);
				PRODUCT_BUNDLE_IDENTIFIER = va.slobodianiuk.WishBookUITests;
				PRODUCT_NAME = "$(TARGET_NAME)";
				SWIFT_VERSION = 5.0;
				TARGETED_DEVICE_FAMILY = "1,2";
				TEST_TARGET_NAME = WishBook;
			};
			name = Debug;
		};
		D552C91B25E409AB000E2196 /* Release */ = {
			isa = XCBuildConfiguration;
			buildSettings = {
				ALWAYS_EMBED_SWIFT_STANDARD_LIBRARIES = YES;
				CODE_SIGN_STYLE = Automatic;
				DEVELOPMENT_TEAM = KVLZH7HMMQ;
				INFOPLIST_FILE = WishBookUITests/Info.plist;
				LD_RUNPATH_SEARCH_PATHS = (
					"$(inherited)",
					"@executable_path/Frameworks",
					"@loader_path/Frameworks",
				);
				PRODUCT_BUNDLE_IDENTIFIER = va.slobodianiuk.WishBookUITests;
				PRODUCT_NAME = "$(TARGET_NAME)";
				SWIFT_VERSION = 5.0;
				TARGETED_DEVICE_FAMILY = "1,2";
				TEST_TARGET_NAME = WishBook;
			};
			name = Release;
		};
/* End XCBuildConfiguration section */

/* Begin XCConfigurationList section */
		D552C8E125E409A9000E2196 /* Build configuration list for PBXProject "WishBook" */ = {
			isa = XCConfigurationList;
			buildConfigurations = (
				D552C91125E409AB000E2196 /* Debug */,
				D552C91225E409AB000E2196 /* Release */,
			);
			defaultConfigurationIsVisible = 0;
			defaultConfigurationName = Release;
		};
		D552C91325E409AB000E2196 /* Build configuration list for PBXNativeTarget "WishBook" */ = {
			isa = XCConfigurationList;
			buildConfigurations = (
				D552C91425E409AB000E2196 /* Debug */,
				D552C91525E409AB000E2196 /* Release */,
			);
			defaultConfigurationIsVisible = 0;
			defaultConfigurationName = Release;
		};
		D552C91625E409AB000E2196 /* Build configuration list for PBXNativeTarget "WishBookTests" */ = {
			isa = XCConfigurationList;
			buildConfigurations = (
				D552C91725E409AB000E2196 /* Debug */,
				D552C91825E409AB000E2196 /* Release */,
			);
			defaultConfigurationIsVisible = 0;
			defaultConfigurationName = Release;
		};
		D552C91925E409AB000E2196 /* Build configuration list for PBXNativeTarget "WishBookUITests" */ = {
			isa = XCConfigurationList;
			buildConfigurations = (
				D552C91A25E409AB000E2196 /* Debug */,
				D552C91B25E409AB000E2196 /* Release */,
			);
			defaultConfigurationIsVisible = 0;
			defaultConfigurationName = Release;
		};
/* End XCConfigurationList section */

/* Begin XCRemoteSwiftPackageReference section */
		D53F4938276A57C8000A9738 /* XCRemoteSwiftPackageReference "ReduxCore" */ = {
			isa = XCRemoteSwiftPackageReference;
			repositoryURL = "https://github.com/v-slobodianiuk/ReduxCore";
			requirement = {
				kind = upToNextMajorVersion;
				minimumVersion = 1.0.0;
			};
		};
		D547FE4326C9883D00049B57 /* XCRemoteSwiftPackageReference "SDWebImageSwiftUI" */ = {
			isa = XCRemoteSwiftPackageReference;
			repositoryURL = "https://github.com/SDWebImage/SDWebImageSwiftUI";
			requirement = {
				kind = upToNextMajorVersion;
				minimumVersion = 2.0.2;
			};
		};
		D5FB2E0326C645160036B4E9 /* XCRemoteSwiftPackageReference "firebase-ios-sdk" */ = {
			isa = XCRemoteSwiftPackageReference;
			repositoryURL = "https://github.com/firebase/firebase-ios-sdk.git";
			requirement = {
				kind = upToNextMajorVersion;
				minimumVersion = 8.5.0;
			};
		};
		D5FB2E1226C645550036B4E9 /* XCRemoteSwiftPackageReference "GoogleSignIn-iOS" */ = {
			isa = XCRemoteSwiftPackageReference;
			repositoryURL = "https://github.com/google/GoogleSignIn-iOS";
			requirement = {
				kind = upToNextMajorVersion;
				minimumVersion = 6.0.1;
			};
		};
/* End XCRemoteSwiftPackageReference section */

/* Begin XCSwiftPackageProductDependency section */
		D53F4939276A57C8000A9738 /* ReduxCore */ = {
			isa = XCSwiftPackageProductDependency;
			package = D53F4938276A57C8000A9738 /* XCRemoteSwiftPackageReference "ReduxCore" */;
			productName = ReduxCore;
		};
		D547FE4426C9883D00049B57 /* SDWebImageSwiftUI */ = {
			isa = XCSwiftPackageProductDependency;
			package = D547FE4326C9883D00049B57 /* XCRemoteSwiftPackageReference "SDWebImageSwiftUI" */;
			productName = SDWebImageSwiftUI;
		};
		D5FB2E0426C645160036B4E9 /* FirebaseFirestore */ = {
			isa = XCSwiftPackageProductDependency;
			package = D5FB2E0326C645160036B4E9 /* XCRemoteSwiftPackageReference "firebase-ios-sdk" */;
			productName = FirebaseFirestore;
		};
		D5FB2E0626C645160036B4E9 /* FirebaseFirestoreSwift-Beta */ = {
			isa = XCSwiftPackageProductDependency;
			package = D5FB2E0326C645160036B4E9 /* XCRemoteSwiftPackageReference "firebase-ios-sdk" */;
			productName = "FirebaseFirestoreSwift-Beta";
		};
		D5FB2E0826C645160036B4E9 /* FirebaseAnalytics */ = {
			isa = XCSwiftPackageProductDependency;
			package = D5FB2E0326C645160036B4E9 /* XCRemoteSwiftPackageReference "firebase-ios-sdk" */;
			productName = FirebaseAnalytics;
		};
		D5FB2E0A26C645160036B4E9 /* FirebaseStorage */ = {
			isa = XCSwiftPackageProductDependency;
			package = D5FB2E0326C645160036B4E9 /* XCRemoteSwiftPackageReference "firebase-ios-sdk" */;
			productName = FirebaseStorage;
		};
		D5FB2E0C26C645160036B4E9 /* FirebaseCrashlytics */ = {
			isa = XCSwiftPackageProductDependency;
			package = D5FB2E0326C645160036B4E9 /* XCRemoteSwiftPackageReference "firebase-ios-sdk" */;
			productName = FirebaseCrashlytics;
		};
		D5FB2E0E26C645160036B4E9 /* FirebaseAuth */ = {
			isa = XCSwiftPackageProductDependency;
			package = D5FB2E0326C645160036B4E9 /* XCRemoteSwiftPackageReference "firebase-ios-sdk" */;
			productName = FirebaseAuth;
		};
		D5FB2E1026C645160036B4E9 /* FirebaseDynamicLinks */ = {
			isa = XCSwiftPackageProductDependency;
			package = D5FB2E0326C645160036B4E9 /* XCRemoteSwiftPackageReference "firebase-ios-sdk" */;
			productName = FirebaseDynamicLinks;
		};
		D5FB2E1326C645550036B4E9 /* GoogleSignIn */ = {
			isa = XCSwiftPackageProductDependency;
			package = D5FB2E1226C645550036B4E9 /* XCRemoteSwiftPackageReference "GoogleSignIn-iOS" */;
			productName = GoogleSignIn;
		};
/* End XCSwiftPackageProductDependency section */
	};
	rootObject = D552C8DE25E409A9000E2196 /* Project object */;
}
