// !$*UTF8*$!
{
	archiveVersion = 1;
	classes = {
	};
	objectVersion = 50;
	objects = {

/* Begin PBXBuildFile section */
		81DCAE5E129B905667CC03F8 /* Pods_WishBookTests.framework in Frameworks */ = {isa = PBXBuildFile; fileRef = 1BB2CCA7F39E69FB901AA1F7 /* Pods_WishBookTests.framework */; };
		C4E94FD5221A519A7F569E85 /* Pods_WishBook_WishBookUITests.framework in Frameworks */ = {isa = PBXBuildFile; fileRef = 4698BE7F61107C199E340F5F /* Pods_WishBook_WishBookUITests.framework */; };
		D552C8EA25E409A9000E2196 /* AppDelegate.swift in Sources */ = {isa = PBXBuildFile; fileRef = D552C8E925E409A9000E2196 /* AppDelegate.swift */; };
		D552C8EC25E409A9000E2196 /* SceneDelegate.swift in Sources */ = {isa = PBXBuildFile; fileRef = D552C8EB25E409A9000E2196 /* SceneDelegate.swift */; };
		D552C8EE25E409A9000E2196 /* ContentView.swift in Sources */ = {isa = PBXBuildFile; fileRef = D552C8ED25E409A9000E2196 /* ContentView.swift */; };
		D552C8F125E409A9000E2196 /* WishBook.xcdatamodeld in Sources */ = {isa = PBXBuildFile; fileRef = D552C8EF25E409A9000E2196 /* WishBook.xcdatamodeld */; };
		D552C8F325E409AB000E2196 /* Assets.xcassets in Resources */ = {isa = PBXBuildFile; fileRef = D552C8F225E409AB000E2196 /* Assets.xcassets */; };
		D552C8F625E409AB000E2196 /* Preview Assets.xcassets in Resources */ = {isa = PBXBuildFile; fileRef = D552C8F525E409AB000E2196 /* Preview Assets.xcassets */; };
		D552C8F925E409AB000E2196 /* LaunchScreen.storyboard in Resources */ = {isa = PBXBuildFile; fileRef = D552C8F725E409AB000E2196 /* LaunchScreen.storyboard */; };
		D552C90425E409AB000E2196 /* WishBookTests.swift in Sources */ = {isa = PBXBuildFile; fileRef = D552C90325E409AB000E2196 /* WishBookTests.swift */; };
		D552C90F25E409AB000E2196 /* WishBookUITests.swift in Sources */ = {isa = PBXBuildFile; fileRef = D552C90E25E409AB000E2196 /* WishBookUITests.swift */; };
		DCFE730EB2A51F210E55FB5F /* Pods_WishBook.framework in Frameworks */ = {isa = PBXBuildFile; fileRef = 2DAD38865F543A739815B95A /* Pods_WishBook.framework */; };
/* End PBXBuildFile section */

/* Begin PBXContainerItemProxy section */
		D552C90025E409AB000E2196 /* PBXContainerItemProxy */ = {
			isa = PBXContainerItemProxy;
			containerPortal = D552C8DE25E409A9000E2196 /* Project object */;
			proxyType = 1;
			remoteGlobalIDString = D552C8E525E409A9000E2196;
			remoteInfo = WishBook;
		};
		D552C90B25E409AB000E2196 /* PBXContainerItemProxy */ = {
			isa = PBXContainerItemProxy;
			containerPortal = D552C8DE25E409A9000E2196 /* Project object */;
			proxyType = 1;
			remoteGlobalIDString = D552C8E525E409A9000E2196;
			remoteInfo = WishBook;
		};
/* End PBXContainerItemProxy section */

/* Begin PBXFileReference section */
		01FDA41CF790B6BA67C24974 /* Pods-WishBook.debug.xcconfig */ = {isa = PBXFileReference; includeInIndex = 1; lastKnownFileType = text.xcconfig; name = "Pods-WishBook.debug.xcconfig"; path = "Target Support Files/Pods-WishBook/Pods-WishBook.debug.xcconfig"; sourceTree = "<group>"; };
		05A2CE488E6B738B54FC1869 /* Pods-WishBook-WishBookUITests.release.xcconfig */ = {isa = PBXFileReference; includeInIndex = 1; lastKnownFileType = text.xcconfig; name = "Pods-WishBook-WishBookUITests.release.xcconfig"; path = "Target Support Files/Pods-WishBook-WishBookUITests/Pods-WishBook-WishBookUITests.release.xcconfig"; sourceTree = "<group>"; };
		1BB2CCA7F39E69FB901AA1F7 /* Pods_WishBookTests.framework */ = {isa = PBXFileReference; explicitFileType = wrapper.framework; includeInIndex = 0; path = Pods_WishBookTests.framework; sourceTree = BUILT_PRODUCTS_DIR; };
		1E796FD2BF3B3284609EE64F /* Pods-WishBookTests.release.xcconfig */ = {isa = PBXFileReference; includeInIndex = 1; lastKnownFileType = text.xcconfig; name = "Pods-WishBookTests.release.xcconfig"; path = "Target Support Files/Pods-WishBookTests/Pods-WishBookTests.release.xcconfig"; sourceTree = "<group>"; };
		2DAD38865F543A739815B95A /* Pods_WishBook.framework */ = {isa = PBXFileReference; explicitFileType = wrapper.framework; includeInIndex = 0; path = Pods_WishBook.framework; sourceTree = BUILT_PRODUCTS_DIR; };
		4698BE7F61107C199E340F5F /* Pods_WishBook_WishBookUITests.framework */ = {isa = PBXFileReference; explicitFileType = wrapper.framework; includeInIndex = 0; path = Pods_WishBook_WishBookUITests.framework; sourceTree = BUILT_PRODUCTS_DIR; };
		D552C8E625E409A9000E2196 /* WishBook.app */ = {isa = PBXFileReference; explicitFileType = wrapper.application; includeInIndex = 0; path = WishBook.app; sourceTree = BUILT_PRODUCTS_DIR; };
		D552C8E925E409A9000E2196 /* AppDelegate.swift */ = {isa = PBXFileReference; lastKnownFileType = sourcecode.swift; path = AppDelegate.swift; sourceTree = "<group>"; };
		D552C8EB25E409A9000E2196 /* SceneDelegate.swift */ = {isa = PBXFileReference; lastKnownFileType = sourcecode.swift; path = SceneDelegate.swift; sourceTree = "<group>"; };
		D552C8ED25E409A9000E2196 /* ContentView.swift */ = {isa = PBXFileReference; lastKnownFileType = sourcecode.swift; path = ContentView.swift; sourceTree = "<group>"; };
		D552C8F025E409A9000E2196 /* WishBook.xcdatamodel */ = {isa = PBXFileReference; lastKnownFileType = wrapper.xcdatamodel; path = WishBook.xcdatamodel; sourceTree = "<group>"; };
		D552C8F225E409AB000E2196 /* Assets.xcassets */ = {isa = PBXFileReference; lastKnownFileType = folder.assetcatalog; path = Assets.xcassets; sourceTree = "<group>"; };
		D552C8F525E409AB000E2196 /* Preview Assets.xcassets */ = {isa = PBXFileReference; lastKnownFileType = folder.assetcatalog; path = "Preview Assets.xcassets"; sourceTree = "<group>"; };
		D552C8F825E409AB000E2196 /* Base */ = {isa = PBXFileReference; lastKnownFileType = file.storyboard; name = Base; path = Base.lproj/LaunchScreen.storyboard; sourceTree = "<group>"; };
		D552C8FA25E409AB000E2196 /* Info.plist */ = {isa = PBXFileReference; lastKnownFileType = text.plist.xml; path = Info.plist; sourceTree = "<group>"; };
		D552C8FF25E409AB000E2196 /* WishBookTests.xctest */ = {isa = PBXFileReference; explicitFileType = wrapper.cfbundle; includeInIndex = 0; path = WishBookTests.xctest; sourceTree = BUILT_PRODUCTS_DIR; };
		D552C90325E409AB000E2196 /* WishBookTests.swift */ = {isa = PBXFileReference; lastKnownFileType = sourcecode.swift; path = WishBookTests.swift; sourceTree = "<group>"; };
		D552C90525E409AB000E2196 /* Info.plist */ = {isa = PBXFileReference; lastKnownFileType = text.plist.xml; path = Info.plist; sourceTree = "<group>"; };
		D552C90A25E409AB000E2196 /* WishBookUITests.xctest */ = {isa = PBXFileReference; explicitFileType = wrapper.cfbundle; includeInIndex = 0; path = WishBookUITests.xctest; sourceTree = BUILT_PRODUCTS_DIR; };
		D552C90E25E409AB000E2196 /* WishBookUITests.swift */ = {isa = PBXFileReference; lastKnownFileType = sourcecode.swift; path = WishBookUITests.swift; sourceTree = "<group>"; };
		D552C91025E409AB000E2196 /* Info.plist */ = {isa = PBXFileReference; lastKnownFileType = text.plist.xml; path = Info.plist; sourceTree = "<group>"; };
		D5B8F6121E64981C11C87744 /* Pods-WishBook.release.xcconfig */ = {isa = PBXFileReference; includeInIndex = 1; lastKnownFileType = text.xcconfig; name = "Pods-WishBook.release.xcconfig"; path = "Target Support Files/Pods-WishBook/Pods-WishBook.release.xcconfig"; sourceTree = "<group>"; };
		D7B9BB26A10C93618E8FA8E5 /* Pods-WishBookTests.debug.xcconfig */ = {isa = PBXFileReference; includeInIndex = 1; lastKnownFileType = text.xcconfig; name = "Pods-WishBookTests.debug.xcconfig"; path = "Target Support Files/Pods-WishBookTests/Pods-WishBookTests.debug.xcconfig"; sourceTree = "<group>"; };
		EB4353458B8916543E78114C /* Pods-WishBook-WishBookUITests.debug.xcconfig */ = {isa = PBXFileReference; includeInIndex = 1; lastKnownFileType = text.xcconfig; name = "Pods-WishBook-WishBookUITests.debug.xcconfig"; path = "Target Support Files/Pods-WishBook-WishBookUITests/Pods-WishBook-WishBookUITests.debug.xcconfig"; sourceTree = "<group>"; };
/* End PBXFileReference section */

/* Begin PBXFrameworksBuildPhase section */
		D552C8E325E409A9000E2196 /* Frameworks */ = {
			isa = PBXFrameworksBuildPhase;
			buildActionMask = 2147483647;
			files = (
				DCFE730EB2A51F210E55FB5F /* Pods_WishBook.framework in Frameworks */,
			);
			runOnlyForDeploymentPostprocessing = 0;
		};
		D552C8FC25E409AB000E2196 /* Frameworks */ = {
			isa = PBXFrameworksBuildPhase;
			buildActionMask = 2147483647;
			files = (
				81DCAE5E129B905667CC03F8 /* Pods_WishBookTests.framework in Frameworks */,
			);
			runOnlyForDeploymentPostprocessing = 0;
		};
		D552C90725E409AB000E2196 /* Frameworks */ = {
			isa = PBXFrameworksBuildPhase;
			buildActionMask = 2147483647;
			files = (
				C4E94FD5221A519A7F569E85 /* Pods_WishBook_WishBookUITests.framework in Frameworks */,
			);
			runOnlyForDeploymentPostprocessing = 0;
		};
/* End PBXFrameworksBuildPhase section */

/* Begin PBXGroup section */
		0048F2AE86B3A2D54B80A596 /* Pods */ = {
			isa = PBXGroup;
			children = (
				01FDA41CF790B6BA67C24974 /* Pods-WishBook.debug.xcconfig */,
				D5B8F6121E64981C11C87744 /* Pods-WishBook.release.xcconfig */,
				EB4353458B8916543E78114C /* Pods-WishBook-WishBookUITests.debug.xcconfig */,
				05A2CE488E6B738B54FC1869 /* Pods-WishBook-WishBookUITests.release.xcconfig */,
				D7B9BB26A10C93618E8FA8E5 /* Pods-WishBookTests.debug.xcconfig */,
				1E796FD2BF3B3284609EE64F /* Pods-WishBookTests.release.xcconfig */,
			);
			name = Pods;
			path = Pods;
			sourceTree = "<group>";
		};
		4C57EE62CFF462D3E83BCDDC /* Frameworks */ = {
			isa = PBXGroup;
			children = (
				2DAD38865F543A739815B95A /* Pods_WishBook.framework */,
				4698BE7F61107C199E340F5F /* Pods_WishBook_WishBookUITests.framework */,
				1BB2CCA7F39E69FB901AA1F7 /* Pods_WishBookTests.framework */,
			);
			name = Frameworks;
			sourceTree = "<group>";
		};
		D552C8DD25E409A9000E2196 = {
			isa = PBXGroup;
			children = (
				D552C8E825E409A9000E2196 /* WishBook */,
				D552C90225E409AB000E2196 /* WishBookTests */,
				D552C90D25E409AB000E2196 /* WishBookUITests */,
				D552C8E725E409A9000E2196 /* Products */,
				0048F2AE86B3A2D54B80A596 /* Pods */,
				4C57EE62CFF462D3E83BCDDC /* Frameworks */,
			);
			sourceTree = "<group>";
		};
		D552C8E725E409A9000E2196 /* Products */ = {
			isa = PBXGroup;
			children = (
				D552C8E625E409A9000E2196 /* WishBook.app */,
				D552C8FF25E409AB000E2196 /* WishBookTests.xctest */,
				D552C90A25E409AB000E2196 /* WishBookUITests.xctest */,
			);
			name = Products;
			sourceTree = "<group>";
		};
		D552C8E825E409A9000E2196 /* WishBook */ = {
			isa = PBXGroup;
			children = (
				D552C8E925E409A9000E2196 /* AppDelegate.swift */,
				D552C8EB25E409A9000E2196 /* SceneDelegate.swift */,
				D552C8ED25E409A9000E2196 /* ContentView.swift */,
				D552C8F225E409AB000E2196 /* Assets.xcassets */,
				D552C8F725E409AB000E2196 /* LaunchScreen.storyboard */,
				D552C8FA25E409AB000E2196 /* Info.plist */,
				D552C8EF25E409A9000E2196 /* WishBook.xcdatamodeld */,
				D552C8F425E409AB000E2196 /* Preview Content */,
			);
			path = WishBook;
			sourceTree = "<group>";
		};
		D552C8F425E409AB000E2196 /* Preview Content */ = {
			isa = PBXGroup;
			children = (
				D552C8F525E409AB000E2196 /* Preview Assets.xcassets */,
			);
			path = "Preview Content";
			sourceTree = "<group>";
		};
		D552C90225E409AB000E2196 /* WishBookTests */ = {
			isa = PBXGroup;
			children = (
				D552C90325E409AB000E2196 /* WishBookTests.swift */,
				D552C90525E409AB000E2196 /* Info.plist */,
			);
			path = WishBookTests;
			sourceTree = "<group>";
		};
		D552C90D25E409AB000E2196 /* WishBookUITests */ = {
			isa = PBXGroup;
			children = (
				D552C90E25E409AB000E2196 /* WishBookUITests.swift */,
				D552C91025E409AB000E2196 /* Info.plist */,
			);
			path = WishBookUITests;
			sourceTree = "<group>";
		};
/* End PBXGroup section */

/* Begin PBXNativeTarget section */
		D552C8E525E409A9000E2196 /* WishBook */ = {
			isa = PBXNativeTarget;
			buildConfigurationList = D552C91325E409AB000E2196 /* Build configuration list for PBXNativeTarget "WishBook" */;
			buildPhases = (
				B97F3E479E68D75384F6AD08 /* [CP] Check Pods Manifest.lock */,
				D552C8E225E409A9000E2196 /* Sources */,
				D552C8E325E409A9000E2196 /* Frameworks */,
				D552C8E425E409A9000E2196 /* Resources */,
				2C7ED6E1A63912065DFBE062 /* [CP] Embed Pods Frameworks */,
			);
			buildRules = (
			);
			dependencies = (
			);
			name = WishBook;
			productName = WishBook;
			productReference = D552C8E625E409A9000E2196 /* WishBook.app */;
			productType = "com.apple.product-type.application";
		};
		D552C8FE25E409AB000E2196 /* WishBookTests */ = {
			isa = PBXNativeTarget;
			buildConfigurationList = D552C91625E409AB000E2196 /* Build configuration list for PBXNativeTarget "WishBookTests" */;
			buildPhases = (
				06223B8153A751FF818661FB /* [CP] Check Pods Manifest.lock */,
				D552C8FB25E409AB000E2196 /* Sources */,
				D552C8FC25E409AB000E2196 /* Frameworks */,
				D552C8FD25E409AB000E2196 /* Resources */,
			);
			buildRules = (
			);
			dependencies = (
				D552C90125E409AB000E2196 /* PBXTargetDependency */,
			);
			name = WishBookTests;
			productName = WishBookTests;
			productReference = D552C8FF25E409AB000E2196 /* WishBookTests.xctest */;
			productType = "com.apple.product-type.bundle.unit-test";
		};
		D552C90925E409AB000E2196 /* WishBookUITests */ = {
			isa = PBXNativeTarget;
			buildConfigurationList = D552C91925E409AB000E2196 /* Build configuration list for PBXNativeTarget "WishBookUITests" */;
			buildPhases = (
				C13A961AA26046B7D9F8E2A3 /* [CP] Check Pods Manifest.lock */,
				D552C90625E409AB000E2196 /* Sources */,
				D552C90725E409AB000E2196 /* Frameworks */,
				D552C90825E409AB000E2196 /* Resources */,
				EAF6D0B4B0859E3939197D33 /* [CP] Embed Pods Frameworks */,
			);
			buildRules = (
			);
			dependencies = (
				D552C90C25E409AB000E2196 /* PBXTargetDependency */,
			);
			name = WishBookUITests;
			productName = WishBookUITests;
			productReference = D552C90A25E409AB000E2196 /* WishBookUITests.xctest */;
			productType = "com.apple.product-type.bundle.ui-testing";
		};
/* End PBXNativeTarget section */

/* Begin PBXProject section */
		D552C8DE25E409A9000E2196 /* Project object */ = {
			isa = PBXProject;
			attributes = {
				LastSwiftUpdateCheck = 1240;
				LastUpgradeCheck = 1240;
				TargetAttributes = {
					D552C8E525E409A9000E2196 = {
						CreatedOnToolsVersion = 12.4;
					};
					D552C8FE25E409AB000E2196 = {
						CreatedOnToolsVersion = 12.4;
						TestTargetID = D552C8E525E409A9000E2196;
					};
					D552C90925E409AB000E2196 = {
						CreatedOnToolsVersion = 12.4;
						TestTargetID = D552C8E525E409A9000E2196;
					};
				};
			};
			buildConfigurationList = D552C8E125E409A9000E2196 /* Build configuration list for PBXProject "WishBook" */;
			compatibilityVersion = "Xcode 9.3";
			developmentRegion = en;
			hasScannedForEncodings = 0;
			knownRegions = (
				en,
				Base,
			);
			mainGroup = D552C8DD25E409A9000E2196;
			productRefGroup = D552C8E725E409A9000E2196 /* Products */;
			projectDirPath = "";
			projectRoot = "";
			targets = (
				D552C8E525E409A9000E2196 /* WishBook */,
				D552C8FE25E409AB000E2196 /* WishBookTests */,
				D552C90925E409AB000E2196 /* WishBookUITests */,
			);
		};
/* End PBXProject section */

/* Begin PBXResourcesBuildPhase section */
		D552C8E425E409A9000E2196 /* Resources */ = {
			isa = PBXResourcesBuildPhase;
			buildActionMask = 2147483647;
			files = (
				D552C8F925E409AB000E2196 /* LaunchScreen.storyboard in Resources */,
				D552C8F625E409AB000E2196 /* Preview Assets.xcassets in Resources */,
				D552C8F325E409AB000E2196 /* Assets.xcassets in Resources */,
			);
			runOnlyForDeploymentPostprocessing = 0;
		};
		D552C8FD25E409AB000E2196 /* Resources */ = {
			isa = PBXResourcesBuildPhase;
			buildActionMask = 2147483647;
			files = (
			);
			runOnlyForDeploymentPostprocessing = 0;
		};
		D552C90825E409AB000E2196 /* Resources */ = {
			isa = PBXResourcesBuildPhase;
			buildActionMask = 2147483647;
			files = (
			);
			runOnlyForDeploymentPostprocessing = 0;
		};
/* End PBXResourcesBuildPhase section */

/* Begin PBXShellScriptBuildPhase section */
		06223B8153A751FF818661FB /* [CP] Check Pods Manifest.lock */ = {
			isa = PBXShellScriptBuildPhase;
			buildActionMask = 2147483647;
			files = (
			);
			inputFileListPaths = (
			);
			inputPaths = (
				"${PODS_PODFILE_DIR_PATH}/Podfile.lock",
				"${PODS_ROOT}/Manifest.lock",
			);
			name = "[CP] Check Pods Manifest.lock";
			outputFileListPaths = (
			);
			outputPaths = (
				"$(DERIVED_FILE_DIR)/Pods-WishBookTests-checkManifestLockResult.txt",
			);
			runOnlyForDeploymentPostprocessing = 0;
			shellPath = /bin/sh;
			shellScript = "diff \"${PODS_PODFILE_DIR_PATH}/Podfile.lock\" \"${PODS_ROOT}/Manifest.lock\" > /dev/null\nif [ $? != 0 ] ; then\n    # print error to STDERR\n    echo \"error: The sandbox is not in sync with the Podfile.lock. Run 'pod install' or update your CocoaPods installation.\" >&2\n    exit 1\nfi\n# This output is used by Xcode 'outputs' to avoid re-running this script phase.\necho \"SUCCESS\" > \"${SCRIPT_OUTPUT_FILE_0}\"\n";
			showEnvVarsInLog = 0;
		};
		2C7ED6E1A63912065DFBE062 /* [CP] Embed Pods Frameworks */ = {
			isa = PBXShellScriptBuildPhase;
			buildActionMask = 2147483647;
			files = (
			);
			inputFileListPaths = (
				"${PODS_ROOT}/Target Support Files/Pods-WishBook/Pods-WishBook-frameworks-${CONFIGURATION}-input-files.xcfilelist",
			);
			name = "[CP] Embed Pods Frameworks";
			outputFileListPaths = (
				"${PODS_ROOT}/Target Support Files/Pods-WishBook/Pods-WishBook-frameworks-${CONFIGURATION}-output-files.xcfilelist",
			);
			runOnlyForDeploymentPostprocessing = 0;
			shellPath = /bin/sh;
			shellScript = "\"${PODS_ROOT}/Target Support Files/Pods-WishBook/Pods-WishBook-frameworks.sh\"\n";
			showEnvVarsInLog = 0;
		};
		B97F3E479E68D75384F6AD08 /* [CP] Check Pods Manifest.lock */ = {
			isa = PBXShellScriptBuildPhase;
			buildActionMask = 2147483647;
			files = (
			);
			inputFileListPaths = (
			);
			inputPaths = (
				"${PODS_PODFILE_DIR_PATH}/Podfile.lock",
				"${PODS_ROOT}/Manifest.lock",
			);
			name = "[CP] Check Pods Manifest.lock";
			outputFileListPaths = (
			);
			outputPaths = (
				"$(DERIVED_FILE_DIR)/Pods-WishBook-checkManifestLockResult.txt",
			);
			runOnlyForDeploymentPostprocessing = 0;
			shellPath = /bin/sh;
			shellScript = "diff \"${PODS_PODFILE_DIR_PATH}/Podfile.lock\" \"${PODS_ROOT}/Manifest.lock\" > /dev/null\nif [ $? != 0 ] ; then\n    # print error to STDERR\n    echo \"error: The sandbox is not in sync with the Podfile.lock. Run 'pod install' or update your CocoaPods installation.\" >&2\n    exit 1\nfi\n# This output is used by Xcode 'outputs' to avoid re-running this script phase.\necho \"SUCCESS\" > \"${SCRIPT_OUTPUT_FILE_0}\"\n";
			showEnvVarsInLog = 0;
		};
		C13A961AA26046B7D9F8E2A3 /* [CP] Check Pods Manifest.lock */ = {
			isa = PBXShellScriptBuildPhase;
			buildActionMask = 2147483647;
			files = (
			);
			inputFileListPaths = (
			);
			inputPaths = (
				"${PODS_PODFILE_DIR_PATH}/Podfile.lock",
				"${PODS_ROOT}/Manifest.lock",
			);
			name = "[CP] Check Pods Manifest.lock";
			outputFileListPaths = (
			);
			outputPaths = (
				"$(DERIVED_FILE_DIR)/Pods-WishBook-WishBookUITests-checkManifestLockResult.txt",
			);
			runOnlyForDeploymentPostprocessing = 0;
			shellPath = /bin/sh;
			shellScript = "diff \"${PODS_PODFILE_DIR_PATH}/Podfile.lock\" \"${PODS_ROOT}/Manifest.lock\" > /dev/null\nif [ $? != 0 ] ; then\n    # print error to STDERR\n    echo \"error: The sandbox is not in sync with the Podfile.lock. Run 'pod install' or update your CocoaPods installation.\" >&2\n    exit 1\nfi\n# This output is used by Xcode 'outputs' to avoid re-running this script phase.\necho \"SUCCESS\" > \"${SCRIPT_OUTPUT_FILE_0}\"\n";
			showEnvVarsInLog = 0;
		};
		EAF6D0B4B0859E3939197D33 /* [CP] Embed Pods Frameworks */ = {
			isa = PBXShellScriptBuildPhase;
			buildActionMask = 2147483647;
			files = (
			);
			inputFileListPaths = (
				"${PODS_ROOT}/Target Support Files/Pods-WishBook-WishBookUITests/Pods-WishBook-WishBookUITests-frameworks-${CONFIGURATION}-input-files.xcfilelist",
			);
			name = "[CP] Embed Pods Frameworks";
			outputFileListPaths = (
				"${PODS_ROOT}/Target Support Files/Pods-WishBook-WishBookUITests/Pods-WishBook-WishBookUITests-frameworks-${CONFIGURATION}-output-files.xcfilelist",
			);
			runOnlyForDeploymentPostprocessing = 0;
			shellPath = /bin/sh;
			shellScript = "\"${PODS_ROOT}/Target Support Files/Pods-WishBook-WishBookUITests/Pods-WishBook-WishBookUITests-frameworks.sh\"\n";
			showEnvVarsInLog = 0;
		};
/* End PBXShellScriptBuildPhase section */

/* Begin PBXSourcesBuildPhase section */
		D552C8E225E409A9000E2196 /* Sources */ = {
			isa = PBXSourcesBuildPhase;
			buildActionMask = 2147483647;
			files = (
				D552C8EA25E409A9000E2196 /* AppDelegate.swift in Sources */,
				D552C8EC25E409A9000E2196 /* SceneDelegate.swift in Sources */,
				D552C8EE25E409A9000E2196 /* ContentView.swift in Sources */,
				D552C8F125E409A9000E2196 /* WishBook.xcdatamodeld in Sources */,
			);
			runOnlyForDeploymentPostprocessing = 0;
		};
		D552C8FB25E409AB000E2196 /* Sources */ = {
			isa = PBXSourcesBuildPhase;
			buildActionMask = 2147483647;
			files = (
				D552C90425E409AB000E2196 /* WishBookTests.swift in Sources */,
			);
			runOnlyForDeploymentPostprocessing = 0;
		};
		D552C90625E409AB000E2196 /* Sources */ = {
			isa = PBXSourcesBuildPhase;
			buildActionMask = 2147483647;
			files = (
				D552C90F25E409AB000E2196 /* WishBookUITests.swift in Sources */,
			);
			runOnlyForDeploymentPostprocessing = 0;
		};
/* End PBXSourcesBuildPhase section */

/* Begin PBXTargetDependency section */
		D552C90125E409AB000E2196 /* PBXTargetDependency */ = {
			isa = PBXTargetDependency;
			target = D552C8E525E409A9000E2196 /* WishBook */;
			targetProxy = D552C90025E409AB000E2196 /* PBXContainerItemProxy */;
		};
		D552C90C25E409AB000E2196 /* PBXTargetDependency */ = {
			isa = PBXTargetDependency;
			target = D552C8E525E409A9000E2196 /* WishBook */;
			targetProxy = D552C90B25E409AB000E2196 /* PBXContainerItemProxy */;
		};
/* End PBXTargetDependency section */

/* Begin PBXVariantGroup section */
		D552C8F725E409AB000E2196 /* LaunchScreen.storyboard */ = {
			isa = PBXVariantGroup;
			children = (
				D552C8F825E409AB000E2196 /* Base */,
			);
			name = LaunchScreen.storyboard;
			sourceTree = "<group>";
		};
/* End PBXVariantGroup section */

/* Begin XCBuildConfiguration section */
		D552C91125E409AB000E2196 /* Debug */ = {
			isa = XCBuildConfiguration;
			buildSettings = {
				ALWAYS_SEARCH_USER_PATHS = NO;
				CLANG_ANALYZER_NONNULL = YES;
				CLANG_ANALYZER_NUMBER_OBJECT_CONVERSION = YES_AGGRESSIVE;
				CLANG_CXX_LANGUAGE_STANDARD = "gnu++14";
				CLANG_CXX_LIBRARY = "libc++";
				CLANG_ENABLE_MODULES = YES;
				CLANG_ENABLE_OBJC_ARC = YES;
				CLANG_ENABLE_OBJC_WEAK = YES;
				CLANG_WARN_BLOCK_CAPTURE_AUTORELEASING = YES;
				CLANG_WARN_BOOL_CONVERSION = YES;
				CLANG_WARN_COMMA = YES;
				CLANG_WARN_CONSTANT_CONVERSION = YES;
				CLANG_WARN_DEPRECATED_OBJC_IMPLEMENTATIONS = YES;
				CLANG_WARN_DIRECT_OBJC_ISA_USAGE = YES_ERROR;
				CLANG_WARN_DOCUMENTATION_COMMENTS = YES;
				CLANG_WARN_EMPTY_BODY = YES;
				CLANG_WARN_ENUM_CONVERSION = YES;
				CLANG_WARN_INFINITE_RECURSION = YES;
				CLANG_WARN_INT_CONVERSION = YES;
				CLANG_WARN_NON_LITERAL_NULL_CONVERSION = YES;
				CLANG_WARN_OBJC_IMPLICIT_RETAIN_SELF = YES;
				CLANG_WARN_OBJC_LITERAL_CONVERSION = YES;
				CLANG_WARN_OBJC_ROOT_CLASS = YES_ERROR;
				CLANG_WARN_QUOTED_INCLUDE_IN_FRAMEWORK_HEADER = YES;
				CLANG_WARN_RANGE_LOOP_ANALYSIS = YES;
				CLANG_WARN_STRICT_PROTOTYPES = YES;
				CLANG_WARN_SUSPICIOUS_MOVE = YES;
				CLANG_WARN_UNGUARDED_AVAILABILITY = YES_AGGRESSIVE;
				CLANG_WARN_UNREACHABLE_CODE = YES;
				CLANG_WARN__DUPLICATE_METHOD_MATCH = YES;
				COPY_PHASE_STRIP = NO;
				DEBUG_INFORMATION_FORMAT = dwarf;
				ENABLE_STRICT_OBJC_MSGSEND = YES;
				ENABLE_TESTABILITY = YES;
				GCC_C_LANGUAGE_STANDARD = gnu11;
				GCC_DYNAMIC_NO_PIC = NO;
				GCC_NO_COMMON_BLOCKS = YES;
				GCC_OPTIMIZATION_LEVEL = 0;
				GCC_PREPROCESSOR_DEFINITIONS = (
					"DEBUG=1",
					"$(inherited)",
				);
				GCC_WARN_64_TO_32_BIT_CONVERSION = YES;
				GCC_WARN_ABOUT_RETURN_TYPE = YES_ERROR;
				GCC_WARN_UNDECLARED_SELECTOR = YES;
				GCC_WARN_UNINITIALIZED_AUTOS = YES_AGGRESSIVE;
				GCC_WARN_UNUSED_FUNCTION = YES;
				GCC_WARN_UNUSED_VARIABLE = YES;
				IPHONEOS_DEPLOYMENT_TARGET = 14.4;
				MTL_ENABLE_DEBUG_INFO = INCLUDE_SOURCE;
				MTL_FAST_MATH = YES;
				ONLY_ACTIVE_ARCH = YES;
				SDKROOT = iphoneos;
				SWIFT_ACTIVE_COMPILATION_CONDITIONS = DEBUG;
				SWIFT_OPTIMIZATION_LEVEL = "-Onone";
			};
			name = Debug;
		};
		D552C91225E409AB000E2196 /* Release */ = {
			isa = XCBuildConfiguration;
			buildSettings = {
				ALWAYS_SEARCH_USER_PATHS = NO;
				CLANG_ANALYZER_NONNULL = YES;
				CLANG_ANALYZER_NUMBER_OBJECT_CONVERSION = YES_AGGRESSIVE;
				CLANG_CXX_LANGUAGE_STANDARD = "gnu++14";
				CLANG_CXX_LIBRARY = "libc++";
				CLANG_ENABLE_MODULES = YES;
				CLANG_ENABLE_OBJC_ARC = YES;
				CLANG_ENABLE_OBJC_WEAK = YES;
				CLANG_WARN_BLOCK_CAPTURE_AUTORELEASING = YES;
				CLANG_WARN_BOOL_CONVERSION = YES;
				CLANG_WARN_COMMA = YES;
				CLANG_WARN_CONSTANT_CONVERSION = YES;
				CLANG_WARN_DEPRECATED_OBJC_IMPLEMENTATIONS = YES;
				CLANG_WARN_DIRECT_OBJC_ISA_USAGE = YES_ERROR;
				CLANG_WARN_DOCUMENTATION_COMMENTS = YES;
				CLANG_WARN_EMPTY_BODY = YES;
				CLANG_WARN_ENUM_CONVERSION = YES;
				CLANG_WARN_INFINITE_RECURSION = YES;
				CLANG_WARN_INT_CONVERSION = YES;
				CLANG_WARN_NON_LITERAL_NULL_CONVERSION = YES;
				CLANG_WARN_OBJC_IMPLICIT_RETAIN_SELF = YES;
				CLANG_WARN_OBJC_LITERAL_CONVERSION = YES;
				CLANG_WARN_OBJC_ROOT_CLASS = YES_ERROR;
				CLANG_WARN_QUOTED_INCLUDE_IN_FRAMEWORK_HEADER = YES;
				CLANG_WARN_RANGE_LOOP_ANALYSIS = YES;
				CLANG_WARN_STRICT_PROTOTYPES = YES;
				CLANG_WARN_SUSPICIOUS_MOVE = YES;
				CLANG_WARN_UNGUARDED_AVAILABILITY = YES_AGGRESSIVE;
				CLANG_WARN_UNREACHABLE_CODE = YES;
				CLANG_WARN__DUPLICATE_METHOD_MATCH = YES;
				COPY_PHASE_STRIP = NO;
				DEBUG_INFORMATION_FORMAT = "dwarf-with-dsym";
				ENABLE_NS_ASSERTIONS = NO;
				ENABLE_STRICT_OBJC_MSGSEND = YES;
				GCC_C_LANGUAGE_STANDARD = gnu11;
				GCC_NO_COMMON_BLOCKS = YES;
				GCC_WARN_64_TO_32_BIT_CONVERSION = YES;
				GCC_WARN_ABOUT_RETURN_TYPE = YES_ERROR;
				GCC_WARN_UNDECLARED_SELECTOR = YES;
				GCC_WARN_UNINITIALIZED_AUTOS = YES_AGGRESSIVE;
				GCC_WARN_UNUSED_FUNCTION = YES;
				GCC_WARN_UNUSED_VARIABLE = YES;
				IPHONEOS_DEPLOYMENT_TARGET = 14.4;
				MTL_ENABLE_DEBUG_INFO = NO;
				MTL_FAST_MATH = YES;
				SDKROOT = iphoneos;
				SWIFT_COMPILATION_MODE = wholemodule;
				SWIFT_OPTIMIZATION_LEVEL = "-O";
				VALIDATE_PRODUCT = YES;
			};
			name = Release;
		};
		D552C91425E409AB000E2196 /* Debug */ = {
			isa = XCBuildConfiguration;
			baseConfigurationReference = 01FDA41CF790B6BA67C24974 /* Pods-WishBook.debug.xcconfig */;
			buildSettings = {
				ASSETCATALOG_COMPILER_APPICON_NAME = AppIcon;
				ASSETCATALOG_COMPILER_GLOBAL_ACCENT_COLOR_NAME = AccentColor;
				CODE_SIGN_STYLE = Automatic;
				DEVELOPMENT_ASSET_PATHS = "\"WishBook/Preview Content\"";
				DEVELOPMENT_TEAM = KVLZH7HMMQ;
				ENABLE_PREVIEWS = YES;
				INFOPLIST_FILE = WishBook/Info.plist;
				IPHONEOS_DEPLOYMENT_TARGET = 13.0;
				LD_RUNPATH_SEARCH_PATHS = (
					"$(inherited)",
					"@executable_path/Frameworks",
				);
				PRODUCT_BUNDLE_IDENTIFIER = va.slobodianiuk.WishBook;
				PRODUCT_NAME = "$(TARGET_NAME)";
				SWIFT_VERSION = 5.0;
				TARGETED_DEVICE_FAMILY = "1,2";
			};
			name = Debug;
		};
		D552C91525E409AB000E2196 /* Release */ = {
			isa = XCBuildConfiguration;
			baseConfigurationReference = D5B8F6121E64981C11C87744 /* Pods-WishBook.release.xcconfig */;
			buildSettings = {
				ASSETCATALOG_COMPILER_APPICON_NAME = AppIcon;
				ASSETCATALOG_COMPILER_GLOBAL_ACCENT_COLOR_NAME = AccentColor;
				CODE_SIGN_STYLE = Automatic;
				DEVELOPMENT_ASSET_PATHS = "\"WishBook/Preview Content\"";
				DEVELOPMENT_TEAM = KVLZH7HMMQ;
				ENABLE_PREVIEWS = YES;
				INFOPLIST_FILE = WishBook/Info.plist;
				IPHONEOS_DEPLOYMENT_TARGET = 13.0;
				LD_RUNPATH_SEARCH_PATHS = (
					"$(inherited)",
					"@executable_path/Frameworks",
				);
				PRODUCT_BUNDLE_IDENTIFIER = va.slobodianiuk.WishBook;
				PRODUCT_NAME = "$(TARGET_NAME)";
				SWIFT_VERSION = 5.0;
				TARGETED_DEVICE_FAMILY = "1,2";
			};
			name = Release;
		};
		D552C91725E409AB000E2196 /* Debug */ = {
			isa = XCBuildConfiguration;
			baseConfigurationReference = D7B9BB26A10C93618E8FA8E5 /* Pods-WishBookTests.debug.xcconfig */;
			buildSettings = {
				ALWAYS_EMBED_SWIFT_STANDARD_LIBRARIES = YES;
				BUNDLE_LOADER = "$(TEST_HOST)";
				CODE_SIGN_STYLE = Automatic;
				DEVELOPMENT_TEAM = KVLZH7HMMQ;
				INFOPLIST_FILE = WishBookTests/Info.plist;
				IPHONEOS_DEPLOYMENT_TARGET = 14.4;
				LD_RUNPATH_SEARCH_PATHS = (
					"$(inherited)",
					"@executable_path/Frameworks",
					"@loader_path/Frameworks",
				);
				PRODUCT_BUNDLE_IDENTIFIER = va.slobodianiuk.WishBookTests;
				PRODUCT_NAME = "$(TARGET_NAME)";
				SWIFT_VERSION = 5.0;
				TARGETED_DEVICE_FAMILY = "1,2";
				TEST_HOST = "$(BUILT_PRODUCTS_DIR)/WishBook.app/WishBook";
			};
			name = Debug;
		};
		D552C91825E409AB000E2196 /* Release */ = {
			isa = XCBuildConfiguration;
			baseConfigurationReference = 1E796FD2BF3B3284609EE64F /* Pods-WishBookTests.release.xcconfig */;
			buildSettings = {
				ALWAYS_EMBED_SWIFT_STANDARD_LIBRARIES = YES;
				BUNDLE_LOADER = "$(TEST_HOST)";
				CODE_SIGN_STYLE = Automatic;
				DEVELOPMENT_TEAM = KVLZH7HMMQ;
				INFOPLIST_FILE = WishBookTests/Info.plist;
				IPHONEOS_DEPLOYMENT_TARGET = 14.4;
				LD_RUNPATH_SEARCH_PATHS = (
					"$(inherited)",
					"@executable_path/Frameworks",
					"@loader_path/Frameworks",
				);
				PRODUCT_BUNDLE_IDENTIFIER = va.slobodianiuk.WishBookTests;
				PRODUCT_NAME = "$(TARGET_NAME)";
				SWIFT_VERSION = 5.0;
				TARGETED_DEVICE_FAMILY = "1,2";
				TEST_HOST = "$(BUILT_PRODUCTS_DIR)/WishBook.app/WishBook";
			};
			name = Release;
		};
		D552C91A25E409AB000E2196 /* Debug */ = {
			isa = XCBuildConfiguration;
			baseConfigurationReference = EB4353458B8916543E78114C /* Pods-WishBook-WishBookUITests.debug.xcconfig */;
			buildSettings = {
				ALWAYS_EMBED_SWIFT_STANDARD_LIBRARIES = YES;
				CODE_SIGN_STYLE = Automatic;
				DEVELOPMENT_TEAM = KVLZH7HMMQ;
				INFOPLIST_FILE = WishBookUITests/Info.plist;
				LD_RUNPATH_SEARCH_PATHS = (
					"$(inherited)",
					"@executable_path/Frameworks",
					"@loader_path/Frameworks",
				);
				PRODUCT_BUNDLE_IDENTIFIER = va.slobodianiuk.WishBookUITests;
				PRODUCT_NAME = "$(TARGET_NAME)";
				SWIFT_VERSION = 5.0;
				TARGETED_DEVICE_FAMILY = "1,2";
				TEST_TARGET_NAME = WishBook;
			};
			name = Debug;
		};
		D552C91B25E409AB000E2196 /* Release */ = {
			isa = XCBuildConfiguration;
			baseConfigurationReference = 05A2CE488E6B738B54FC1869 /* Pods-WishBook-WishBookUITests.release.xcconfig */;
			buildSettings = {
				ALWAYS_EMBED_SWIFT_STANDARD_LIBRARIES = YES;
				CODE_SIGN_STYLE = Automatic;
				DEVELOPMENT_TEAM = KVLZH7HMMQ;
				INFOPLIST_FILE = WishBookUITests/Info.plist;
				LD_RUNPATH_SEARCH_PATHS = (
					"$(inherited)",
					"@executable_path/Frameworks",
					"@loader_path/Frameworks",
				);
				PRODUCT_BUNDLE_IDENTIFIER = va.slobodianiuk.WishBookUITests;
				PRODUCT_NAME = "$(TARGET_NAME)";
				SWIFT_VERSION = 5.0;
				TARGETED_DEVICE_FAMILY = "1,2";
				TEST_TARGET_NAME = WishBook;
			};
			name = Release;
		};
/* End XCBuildConfiguration section */

/* Begin XCConfigurationList section */
		D552C8E125E409A9000E2196 /* Build configuration list for PBXProject "WishBook" */ = {
			isa = XCConfigurationList;
			buildConfigurations = (
				D552C91125E409AB000E2196 /* Debug */,
				D552C91225E409AB000E2196 /* Release */,
			);
			defaultConfigurationIsVisible = 0;
			defaultConfigurationName = Release;
		};
		D552C91325E409AB000E2196 /* Build configuration list for PBXNativeTarget "WishBook" */ = {
			isa = XCConfigurationList;
			buildConfigurations = (
				D552C91425E409AB000E2196 /* Debug */,
				D552C91525E409AB000E2196 /* Release */,
			);
			defaultConfigurationIsVisible = 0;
			defaultConfigurationName = Release;
		};
		D552C91625E409AB000E2196 /* Build configuration list for PBXNativeTarget "WishBookTests" */ = {
			isa = XCConfigurationList;
			buildConfigurations = (
				D552C91725E409AB000E2196 /* Debug */,
				D552C91825E409AB000E2196 /* Release */,
			);
			defaultConfigurationIsVisible = 0;
			defaultConfigurationName = Release;
		};
		D552C91925E409AB000E2196 /* Build configuration list for PBXNativeTarget "WishBookUITests" */ = {
			isa = XCConfigurationList;
			buildConfigurations = (
				D552C91A25E409AB000E2196 /* Debug */,
				D552C91B25E409AB000E2196 /* Release */,
			);
			defaultConfigurationIsVisible = 0;
			defaultConfigurationName = Release;
		};
/* End XCConfigurationList section */

/* Begin XCVersionGroup section */
		D552C8EF25E409A9000E2196 /* WishBook.xcdatamodeld */ = {
			isa = XCVersionGroup;
			children = (
				D552C8F025E409A9000E2196 /* WishBook.xcdatamodel */,
			);
			currentVersion = D552C8F025E409A9000E2196 /* WishBook.xcdatamodel */;
			path = WishBook.xcdatamodeld;
			sourceTree = "<group>";
			versionGroupType = wrapper.xcdatamodel;
		};
/* End XCVersionGroup section */
	};
	rootObject = D552C8DE25E409A9000E2196 /* Project object */;
}
